
Microsoft Visual Studio Solution File, Format Version 12.00
# Visual Studio 14
VisualStudioVersion = 14.0.25420.1
MinimumVisualStudioVersion = 10.0.40219.1
Project("{F2A71F9B-5D33-465A-A702-920D77279786}") = "Dsu.f3d.FS", "Dsu.f3d.FS.fsproj", "{88019A59-B3BF-477E-A6F6-617C528D5E25}"
EndProject
Project("{FAE04EC0-301F-11D3-BF4B-00C04F79EFBC}") = "Dsu.Common.Utilities.Core", "..\..\common\Dsu.Common.Utilities.Core\Dsu.Common.Utilities.Core.csproj", "{853D287B-5D4B-4167-83A5-EEDBB1EEA448}"
EndProject
Global
	GlobalSection(SolutionConfigurationPlatforms) = preSolution
		Debug|Any CPU = Debug|Any CPU
		Release|Any CPU = Release|Any CPU
	EndGlobalSection
	GlobalSection(ProjectConfigurationPlatforms) = postSolution
		{88019A59-B3BF-477E-A6F6-617C528D5E25}.Debug|Any CPU.ActiveCfg = Debug|Any CPU
		{88019A59-B3BF-477E-A6F6-617C528D5E25}.Debug|Any CPU.Build.0 = Debug|Any CPU
		{88019A59-B3BF-477E-A6F6-617C528D5E25}.Release|Any CPU.ActiveCfg = Release|Any CPU
		{88019A59-B3BF-477E-A6F6-617C528D5E25}.Release|Any CPU.Build.0 = Release|Any CPU
		{853D287B-5D4B-4167-83A5-EEDBB1EEA448}.Debug|Any CPU.ActiveCfg = Debug|Any CPU
		{853D287B-5D4B-4167-83A5-EEDBB1EEA448}.Debug|Any CPU.Build.0 = Debug|Any CPU
		{853D287B-5D4B-4167-83A5-EEDBB1EEA448}.Release|Any CPU.ActiveCfg = Release|Any CPU
		{853D287B-5D4B-4167-83A5-EEDBB1EEA448}.Release|Any CPU.Build.0 = Release|Any CPU
	EndGlobalSection
	GlobalSection(SolutionProperties) = preSolution
		HideSolutionNode = FALSE
	EndGlobalSection
EndGlobal
