
Microsoft Visual Studio Solution File, Format Version 12.00
# Visual Studio Version 16
VisualStudioVersion = 16.0.29215.179
MinimumVisualStudioVersion = 10.0.40219.1
Project("{FAE04EC0-301F-11D3-BF4B-00C04F79EFBC}") = "PLCConvertor", "PLCConvertor\PLCConvertor.csproj", "{0F092608-2CE5-432D-8218-F8684490C3D8}"
EndProject
Project("{FAE04EC0-301F-11D3-BF4B-00C04F79EFBC}") = "Dsu.PLCConvertor.Common", "Dsu.PLCConvertor.Common\Dsu.PLCConvertor.Common.csproj", "{F4513A8D-C7DF-4F1D-9214-D97409879C61}"
EndProject
Project("{F2A71F9B-5D33-465A-A702-920D77279786}") = "ConvertUnitTest", "ConvertUnitTest\ConvertUnitTest.fsproj", "{A788C766-3727-4941-B107-0DDB5BF09796}"
EndProject
Project("{2150E333-8FDC-42A3-9474-1A3956D46DE8}") = "Documents", "Documents", "{91722776-08B2-40C8-AEFF-9E78678B7FD6}"
	ProjectSection(SolutionItems) = preProject
		bin\Config\AddressMappingRule.json = bin\Config\AddressMappingRule.json
		Documents\Bugs.txt = Documents\Bugs.txt
		Documents\DoxygenMainPage.cs = Documents\DoxygenMainPage.cs
		bin\Config\PLCTypes.json = bin\Config\PLCTypes.json
		Documents\ReleaseNote.txt = Documents\ReleaseNote.txt
		bin\Config\TemporaryAddressAllocatorFile.json = bin\Config\TemporaryAddressAllocatorFile.json
		Documents\TestRung.cxp = Documents\TestRung.cxp
		Documents\TestRung.xgwx = Documents\TestRung.xgwx
		Documents\ToDo.txt = Documents\ToDo.txt
		bin\Config\UserDefinedCommandMappingFile.json = bin\Config\UserDefinedCommandMappingFile.json
	EndProjectSection
	ProjectSection(FolderGlobals) = preProject
		F_5_4solutions_4dual_4project_4lsis_4PLCConvertor_4bin_4Config_4UserDefinedCommandMappingFile_1json__JsonSchema = http://json.schemastore.org/appsettings
	EndProjectSection
EndProject
Project("{FAE04EC0-301F-11D3-BF4B-00C04F79EFBC}") = "Dsa.LSIS.DistributionChecker", "Dsu.PLCConvertor.DistributionChecker\Dsa.LSIS.DistributionChecker.csproj", "{E04C915F-A4CC-494F-B454-C62ABADF1B21}"
EndProject
Project("{FAE04EC0-301F-11D3-BF4B-00C04F79EFBC}") = "AddressMapper", "AddressMapper\AddressMapper.csproj", "{2C935FC5-828E-4287-8376-08B945D6D330}"
EndProject
Project("{FAE04EC0-301F-11D3-BF4B-00C04F79EFBC}") = "Dsu.PLCConverter.UI", "Dsu.PLCConverter.UI\Dsu.PLCConverter.UI.csproj", "{6421926C-449E-44F9-9675-C14805A05B1D}"
EndProject
Project("{FAE04EC0-301F-11D3-BF4B-00C04F79EFBC}") = "Dsu.Common.LSIS", "Dsu.Common.LSIS\Dsu.Common.LSIS.csproj", "{39243A80-45FC-4E26-B257-1ECAE0BFA1D5}"
EndProject
Global
	GlobalSection(SolutionConfigurationPlatforms) = preSolution
		Debug|Any CPU = Debug|Any CPU
		Debug|x64 = Debug|x64
		Release|Any CPU = Release|Any CPU
		Release|x64 = Release|x64
	EndGlobalSection
	GlobalSection(ProjectConfigurationPlatforms) = postSolution
		{0F092608-2CE5-432D-8218-F8684490C3D8}.Debug|Any CPU.ActiveCfg = Debug|Any CPU
		{0F092608-2CE5-432D-8218-F8684490C3D8}.Debug|Any CPU.Build.0 = Debug|Any CPU
		{0F092608-2CE5-432D-8218-F8684490C3D8}.Debug|x64.ActiveCfg = Debug|Any CPU
		{0F092608-2CE5-432D-8218-F8684490C3D8}.Debug|x64.Build.0 = Debug|Any CPU
		{0F092608-2CE5-432D-8218-F8684490C3D8}.Release|Any CPU.ActiveCfg = Release|Any CPU
		{0F092608-2CE5-432D-8218-F8684490C3D8}.Release|Any CPU.Build.0 = Release|Any CPU
		{0F092608-2CE5-432D-8218-F8684490C3D8}.Release|x64.ActiveCfg = Release|Any CPU
		{0F092608-2CE5-432D-8218-F8684490C3D8}.Release|x64.Build.0 = Release|Any CPU
		{F4513A8D-C7DF-4F1D-9214-D97409879C61}.Debug|Any CPU.ActiveCfg = Debug|Any CPU
		{F4513A8D-C7DF-4F1D-9214-D97409879C61}.Debug|Any CPU.Build.0 = Debug|Any CPU
		{F4513A8D-C7DF-4F1D-9214-D97409879C61}.Debug|x64.ActiveCfg = Debug|Any CPU
		{F4513A8D-C7DF-4F1D-9214-D97409879C61}.Debug|x64.Build.0 = Debug|Any CPU
		{F4513A8D-C7DF-4F1D-9214-D97409879C61}.Release|Any CPU.ActiveCfg = Release|Any CPU
		{F4513A8D-C7DF-4F1D-9214-D97409879C61}.Release|Any CPU.Build.0 = Release|Any CPU
		{F4513A8D-C7DF-4F1D-9214-D97409879C61}.Release|x64.ActiveCfg = Release|Any CPU
		{F4513A8D-C7DF-4F1D-9214-D97409879C61}.Release|x64.Build.0 = Release|Any CPU
		{A788C766-3727-4941-B107-0DDB5BF09796}.Debug|Any CPU.ActiveCfg = Debug|Any CPU
		{A788C766-3727-4941-B107-0DDB5BF09796}.Debug|Any CPU.Build.0 = Debug|Any CPU
		{A788C766-3727-4941-B107-0DDB5BF09796}.Debug|x64.ActiveCfg = Debug|Any CPU
		{A788C766-3727-4941-B107-0DDB5BF09796}.Debug|x64.Build.0 = Debug|Any CPU
		{A788C766-3727-4941-B107-0DDB5BF09796}.Release|Any CPU.ActiveCfg = Release|Any CPU
		{A788C766-3727-4941-B107-0DDB5BF09796}.Release|Any CPU.Build.0 = Release|Any CPU
		{A788C766-3727-4941-B107-0DDB5BF09796}.Release|x64.ActiveCfg = Release|Any CPU
		{A788C766-3727-4941-B107-0DDB5BF09796}.Release|x64.Build.0 = Release|Any CPU
		{E04C915F-A4CC-494F-B454-C62ABADF1B21}.Debug|Any CPU.ActiveCfg = Debug|Any CPU
		{E04C915F-A4CC-494F-B454-C62ABADF1B21}.Debug|Any CPU.Build.0 = Debug|Any CPU
		{E04C915F-A4CC-494F-B454-C62ABADF1B21}.Debug|x64.ActiveCfg = Debug|Any CPU
		{E04C915F-A4CC-494F-B454-C62ABADF1B21}.Debug|x64.Build.0 = Debug|Any CPU
		{E04C915F-A4CC-494F-B454-C62ABADF1B21}.Release|Any CPU.ActiveCfg = Release|Any CPU
		{E04C915F-A4CC-494F-B454-C62ABADF1B21}.Release|Any CPU.Build.0 = Release|Any CPU
		{E04C915F-A4CC-494F-B454-C62ABADF1B21}.Release|x64.ActiveCfg = Release|Any CPU
		{E04C915F-A4CC-494F-B454-C62ABADF1B21}.Release|x64.Build.0 = Release|Any CPU
		{2C935FC5-828E-4287-8376-08B945D6D330}.Debug|Any CPU.ActiveCfg = Debug|Any CPU
		{2C935FC5-828E-4287-8376-08B945D6D330}.Debug|Any CPU.Build.0 = Debug|Any CPU
		{2C935FC5-828E-4287-8376-08B945D6D330}.Debug|x64.ActiveCfg = Debug|Any CPU
		{2C935FC5-828E-4287-8376-08B945D6D330}.Debug|x64.Build.0 = Debug|Any CPU
		{2C935FC5-828E-4287-8376-08B945D6D330}.Release|Any CPU.ActiveCfg = Release|Any CPU
		{2C935FC5-828E-4287-8376-08B945D6D330}.Release|Any CPU.Build.0 = Release|Any CPU
		{2C935FC5-828E-4287-8376-08B945D6D330}.Release|x64.ActiveCfg = Release|Any CPU
		{2C935FC5-828E-4287-8376-08B945D6D330}.Release|x64.Build.0 = Release|Any CPU
		{6421926C-449E-44F9-9675-C14805A05B1D}.Debug|Any CPU.ActiveCfg = Debug|Any CPU
		{6421926C-449E-44F9-9675-C14805A05B1D}.Debug|Any CPU.Build.0 = Debug|Any CPU
		{6421926C-449E-44F9-9675-C14805A05B1D}.Debug|x64.ActiveCfg = Debug|Any CPU
		{6421926C-449E-44F9-9675-C14805A05B1D}.Debug|x64.Build.0 = Debug|Any CPU
		{6421926C-449E-44F9-9675-C14805A05B1D}.Release|Any CPU.ActiveCfg = Release|Any CPU
		{6421926C-449E-44F9-9675-C14805A05B1D}.Release|Any CPU.Build.0 = Release|Any CPU
		{6421926C-449E-44F9-9675-C14805A05B1D}.Release|x64.ActiveCfg = Release|Any CPU
		{6421926C-449E-44F9-9675-C14805A05B1D}.Release|x64.Build.0 = Release|Any CPU
		{39243A80-45FC-4E26-B257-1ECAE0BFA1D5}.Debug|Any CPU.ActiveCfg = Debug|Any CPU
		{39243A80-45FC-4E26-B257-1ECAE0BFA1D5}.Debug|Any CPU.Build.0 = Debug|Any CPU
		{39243A80-45FC-4E26-B257-1ECAE0BFA1D5}.Debug|x64.ActiveCfg = Debug|Any CPU
		{39243A80-45FC-4E26-B257-1ECAE0BFA1D5}.Debug|x64.Build.0 = Debug|Any CPU
		{39243A80-45FC-4E26-B257-1ECAE0BFA1D5}.Release|Any CPU.ActiveCfg = Release|Any CPU
		{39243A80-45FC-4E26-B257-1ECAE0BFA1D5}.Release|Any CPU.Build.0 = Release|Any CPU
		{39243A80-45FC-4E26-B257-1ECAE0BFA1D5}.Release|x64.ActiveCfg = Release|Any CPU
		{39243A80-45FC-4E26-B257-1ECAE0BFA1D5}.Release|x64.Build.0 = Release|Any CPU
	EndGlobalSection
	GlobalSection(SolutionProperties) = preSolution
		HideSolutionNode = FALSE
	EndGlobalSection
	GlobalSection(ExtensibilityGlobals) = postSolution
		SolutionGuid = {048A2DA3-3366-49DD-A37D-1DC57E428B0C}
	EndGlobalSection
EndGlobal
