
Microsoft Visual Studio Solution File, Format Version 12.00
# Visual Studio 14
VisualStudioVersion = 14.0.25420.1
MinimumVisualStudioVersion = 10.0.40219.1
Project("{FAE04EC0-301F-11D3-BF4B-00C04F79EFBC}") = "CpTesterSs", "CpTesterPlatformRelease\CpTesterSs\CpTesterSs.csproj", "{326A8A95-5429-45B2-B96E-E92332B3441F}"
EndProject
Project("{FAE04EC0-301F-11D3-BF4B-00C04F79EFBC}") = "CpMngNetworkTcpIp", "CpTesterPlatformRelease\MngDev\Comm\CpMngNetworkTcpIp\CpMngNetworkTcpIp.csproj", "{5D81BA02-90C3-4CEA-83E9-E9867A945426}"
EndProject
Project("{FAE04EC0-301F-11D3-BF4B-00C04F79EFBC}") = "CpFunctionDefault", "CpTesterPlatformRelease\CpFunctions\CpFunctionDefault\CpFunctionDefault.csproj", "{739A5790-B479-4E8E-B857-690EC053865D}"
EndProject
Project("{FAE04EC0-301F-11D3-BF4B-00C04F79EFBC}") = "CpTStepDevLib", "CpTesterPlatformRelease\CpTStepDevLib\CpTStepDevLib.csproj", "{92CB2AF3-2755-4789-9140-A8E853CE3AAD}"
EndProject
Project("{F2A71F9B-5D33-465A-A702-920D77279786}") = "Dsu.Driver.Etc.FS", "Dsu.Driver.Etc.FS\Dsu.Driver.Etc.FS.fsproj", "{9828EDE8-200D-468B-95BE-574F32ED22C2}"
EndProject
Project("{F2A71F9B-5D33-465A-A702-920D77279786}") = "Dsu.Driver.Base.FS", "Dsu.Driver.Base.FS\Dsu.Driver.Base.FS.fsproj", "{054DDDBF-2FD8-47B6-A083-537C394BF077}"
EndProject
Project("{F2A71F9B-5D33-465A-A702-920D77279786}") = "Dsu.Common.Utilities.FS", "..\..\..\common\Dsu.Common.Utilities.FS\Dsu.Common.Utilities.FS.fsproj", "{4E5D41D3-C394-4C16-8690-7A6E1A62BCA8}"
EndProject
Project("{FAE04EC0-301F-11D3-BF4B-00C04F79EFBC}") = "Dsu.Driver.PaixWrapper", "Dsu.Driver.PaixWrapper\Dsu.Driver.PaixWrapper.csproj", "{F3FE565B-B00A-49A8-BD21-DF514774FF44}"
EndProject
Project("{FAE04EC0-301F-11D3-BF4B-00C04F79EFBC}") = "Dsu.Common.Utilities.Core", "..\..\..\common\Dsu.Common.Utilities.Core\Dsu.Common.Utilities.Core.csproj", "{853D287B-5D4B-4167-83A5-EEDBB1EEA448}"
EndProject
Project("{FAE04EC0-301F-11D3-BF4B-00C04F79EFBC}") = "CpSample", "CpTesterPlatformRelease\CpSample\CpSample.csproj", "{DE6CFC43-5905-42A6-8CD2-0E0A8BCD0141}"
EndProject
Project("{FAE04EC0-301F-11D3-BF4B-00C04F79EFBC}") = "CpDevPowerSupply_Sorensen", "CpTesterPlatformRelease\Devices\Normal\CpDevPowerSupply_Sorensen\CpDevPowerSupply_Sorensen.csproj", "{D579C055-F365-4348-BC0A-B1CC0DA04F28}"
EndProject
Project("{FAE04EC0-301F-11D3-BF4B-00C04F79EFBC}") = "CpMngMotion", "CpTesterPlatformRelease\MngDev\Normal\CpMngMotion\CpMngMotion.csproj", "{03B1D182-82A2-4D86-93F3-8D21030900DB}"
EndProject
Project("{FAE04EC0-301F-11D3-BF4B-00C04F79EFBC}") = "CpDevMotion_PAIXCtrl", "CpTesterPlatformRelease\Devices\Normal\CpDevMotion_PAIXCtrl\CpDevMotion_PAIXCtrl.csproj", "{113BE1DB-BC88-4556-ACB9-EFC538E86625}"
EndProject
Project("{FAE04EC0-301F-11D3-BF4B-00C04F79EFBC}") = "CpDevDIOControl_PAIXCtrl", "CpTesterPlatformRelease\Devices\Normal\CpDevDIOControl_PAIXCtrl\CpDevDIOControl_PAIXCtrl.csproj", "{D9196542-B95D-4D41-97AB-01BF7AD30B1C}"
EndProject
Project("{FAE04EC0-301F-11D3-BF4B-00C04F79EFBC}") = "CpMngDIOControl", "CpTesterPlatformRelease\MngDev\Normal\CpMngDIO\CpMngDIOControl.csproj", "{8BFCC409-9156-4D2F-AFB2-7E22B7F4C6B7}"
EndProject
Project("{FAE04EC0-301F-11D3-BF4B-00C04F79EFBC}") = "CpMngLCRMeter", "CpTesterPlatformRelease\MngDev\Normal\CpMngLCRMeter\CpMngLCRMeter.csproj", "{C3E5EC26-731A-4058-85D3-7F4744A63EFB}"
EndProject
Project("{FAE04EC0-301F-11D3-BF4B-00C04F79EFBC}") = "CpDevLCR_Hioki", "CpTesterPlatformRelease\Devices\Normal\CpDevLCR_Hioki\CpDevLCR_Hioki.csproj", "{14779589-AFA0-4B38-B719-268F49F22CA8}"
EndProject
Project("{FAE04EC0-301F-11D3-BF4B-00C04F79EFBC}") = "CpMngPowerSupply", "CpTesterPlatformRelease\MngDev\Normal\CpMngPowerSupply\CpMngPowerSupply.csproj", "{8E9A2922-7EA4-4857-9C9E-96B581D05C8E}"
EndProject
Project("{FAE04EC0-301F-11D3-BF4B-00C04F79EFBC}") = "CpMngRS232", "CpTesterPlatformRelease\MngDev\Comm\CpMngRS232\CpMngRS232.csproj", "{442E1F9A-068F-49CD-B54B-6B310B58A89E}"
EndProject
Project("{FAE04EC0-301F-11D3-BF4B-00C04F79EFBC}") = "CpVDevAI_NIDAQ", "CpTesterPlatformRelease\Devices\Normal\CpDevAI_NIDAQ\CpVDevAI_NIDAQ.csproj", "{830162CE-FA85-42B9-ACC3-8CA7D96305DC}"
EndProject
Project("{FAE04EC0-301F-11D3-BF4B-00C04F79EFBC}") = "CpMngAIControl", "CpTesterPlatformRelease\MngDev\Normal\CpMngAIControl\CpMngAIControl.csproj", "{2E9A5FF4-6AD5-4E4D-B715-21DBC3F7F280}"
EndProject
Project("{F2A71F9B-5D33-465A-A702-920D77279786}") = "Dsu.Driver.NiDAQ.FS", "Dsu.Driver.NiDAQ.FS\Dsu.Driver.NiDAQ.FS.fsproj", "{414FAD91-80CE-4258-A0DE-876A75D66DA8}"
EndProject
Project("{FAE04EC0-301F-11D3-BF4B-00C04F79EFBC}") = "CpDevDAQ_NI", "CpTesterPlatformRelease\Devices\Comm\CpDevDAQ_NI\CpDevDAQ_NI.csproj", "{02C56EE9-6FD4-4BDA-953E-947C2B1C5DE3}"
EndProject
Project("{FAE04EC0-301F-11D3-BF4B-00C04F79EFBC}") = "CpMngDAQControl", "CpTesterPlatformRelease\MngDev\Comm\CpMngDAQControl\CpMngDAQControl.csproj", "{5304F8DB-66DD-4CC5-B8B2-B0CB59747EC1}"
EndProject
Project("{FAE04EC0-301F-11D3-BF4B-00C04F79EFBC}") = "CpMngPlc", "CpTesterPlatformRelease\MngDev\Normal\CpMngPlc\CpMngPlc.csproj", "{EACCC5A7-560A-4972-96DB-45895AB2C288}"
EndProject
Project("{FAE04EC0-301F-11D3-BF4B-00C04F79EFBC}") = "CpDevPLC_Mitsubishi", "CpTesterPlatformRelease\Devices\Normal\CpDevPLC_Mitsubishi\CpDevPLC_Mitsubishi.csproj", "{6F1A4F8F-E031-48A7-A29D-D72C68F9D153}"
EndProject
Project("{FAE04EC0-301F-11D3-BF4B-00C04F79EFBC}") = "CpDevLVDT_Sony", "CpTesterPlatformRelease\Devices\Normal\CpDevLVDT_Sony\CpDevLVDT_Sony.csproj", "{AF1C00A4-65B2-4B23-B873-AB2667CEF9CC}"
EndProject
Project("{FAE04EC0-301F-11D3-BF4B-00C04F79EFBC}") = "CpMngLVDT", "CpTesterPlatformRelease\MngDev\Normal\CpMngLVDT\CpMngLVDT.csproj", "{06BA5775-38A1-442B-A17C-7BBF7F47904B}"
EndProject
Project("{2150E333-8FDC-42A3-9474-1A3956D46DE8}") = "DAQ-Explorer", "DAQ-Explorer", "{E18DE27F-D365-476C-8A58-B1389629F4DC}"
EndProject
Project("{FAE04EC0-301F-11D3-BF4B-00C04F79EFBC}") = "Dsa.NiDaq.Explorer", "Dsa.NiDaq.Explorer\Dsa.NiDaq.Explorer.csproj", "{9A21FB45-8C9C-4717-B2AF-8901DBA704A9}"
EndProject
Project("{F2A71F9B-5D33-465A-A702-920D77279786}") = "Dsu.Driver.Math.FS", "Dsu.Driver.Math.FS\Dsu.Driver.Math.FS.fsproj", "{0B975D84-7857-431D-8791-535758D0B051}"
EndProject
Project("{FAE04EC0-301F-11D3-BF4B-00C04F79EFBC}") = "Dsu.Driver.UI", "Dsu.Driver.UI\Dsu.Driver.UI.csproj", "{8F4FF035-86C7-452F-BE2D-ED2B5FFFC35A}"
EndProject
Project("{FAE04EC0-301F-11D3-BF4B-00C04F79EFBC}") = "DriverTestWinform", "DriverTestWinform\DriverTestWinform.csproj", "{1E94DED3-40EF-4C44-AA12-67FCAA1121FD}"
EndProject
Project("{FAE04EC0-301F-11D3-BF4B-00C04F79EFBC}") = "CpSystem", "CpTesterPlatformRelease\CpSystem\CpSystem.csproj", "{5BB28232-269E-4AC5-BB65-573D30FE517C}"
EndProject
Project("{FAE04EC0-301F-11D3-BF4B-00C04F79EFBC}") = "Dsu.Common.Interfaces", "..\..\..\common\Dsu.Common.Interfaces\Dsu.Common.Interfaces.csproj", "{4A9C406E-BEA1-4470-B9D1-09605EAA44F3}"
EndProject
Project("{FAE04EC0-301F-11D3-BF4B-00C04F79EFBC}") = "Dsu.Common.Resources", "..\..\..\common\Dsu.Common.Resources\Dsu.Common.Resources.csproj", "{5B5804CE-0652-4BD8-BCD0-E3C038AC9FEA}"
EndProject
Project("{FAE04EC0-301F-11D3-BF4B-00C04F79EFBC}") = "Dsu.Common.Docking", "..\..\..\common\Dsu.Common.Docking\Dsu.Common.Docking.csproj", "{03E4A28D-708D-4EA0-8A78-BD059A8BDFC6}"
EndProject
Project("{FAE04EC0-301F-11D3-BF4B-00C04F79EFBC}") = "Dsu.Common.Utilities.DX", "..\..\..\common\Dsu.Common.Utilities.DX\Dsu.Common.Utilities.DX.csproj", "{0F4EE0D1-1642-4D97-89EC-3FD475298ECF}"
EndProject
Project("{FAE04EC0-301F-11D3-BF4B-00C04F79EFBC}") = "Dsu.Common.Utilities", "..\..\..\common\Dsu.Common.Utilities\Dsu.Common.Utilities.csproj", "{825711E0-451F-4EDA-9560-A624350DE411}"
EndProject
Project("{FAE04EC0-301F-11D3-BF4B-00C04F79EFBC}") = "Dsu.PLC.Melsec", "..\..\..\common\PLCInterface\Dsu.PLC\Dsu.PLC.Melsec.csproj", "{DCC845F6-BE3B-4553-A4DE-E679FC69CD8E}"
EndProject
Project("{FAE04EC0-301F-11D3-BF4B-00C04F79EFBC}") = "CpMngTriggerIO", "CpTesterPlatformRelease\MngDev\Normal\CpMngTriggerIO\CpMngTriggerIO.csproj", "{97F4653E-DFBE-4CB1-B390-915011B9DE57}"
EndProject
Global
	GlobalSection(SolutionConfigurationPlatforms) = preSolution
		Debug|Any CPU = Debug|Any CPU
		Debug|x64 = Debug|x64
		Debug|x86 = Debug|x86
		PRODUCT|Any CPU = PRODUCT|Any CPU
		PRODUCT|x64 = PRODUCT|x64
		PRODUCT|x86 = PRODUCT|x86
		Release|Any CPU = Release|Any CPU
		Release|x64 = Release|x64
		Release|x86 = Release|x86
	EndGlobalSection
	GlobalSection(ProjectConfigurationPlatforms) = postSolution
		{326A8A95-5429-45B2-B96E-E92332B3441F}.Debug|Any CPU.ActiveCfg = Debug|Any CPU
		{326A8A95-5429-45B2-B96E-E92332B3441F}.Debug|Any CPU.Build.0 = Debug|Any CPU
		{326A8A95-5429-45B2-B96E-E92332B3441F}.Debug|x64.ActiveCfg = Debug|x64
		{326A8A95-5429-45B2-B96E-E92332B3441F}.Debug|x64.Build.0 = Debug|x64
		{326A8A95-5429-45B2-B96E-E92332B3441F}.Debug|x86.ActiveCfg = Debug|Any CPU
		{326A8A95-5429-45B2-B96E-E92332B3441F}.Debug|x86.Build.0 = Debug|Any CPU
		{326A8A95-5429-45B2-B96E-E92332B3441F}.PRODUCT|Any CPU.ActiveCfg = Release|Any CPU
		{326A8A95-5429-45B2-B96E-E92332B3441F}.PRODUCT|Any CPU.Build.0 = Release|Any CPU
		{326A8A95-5429-45B2-B96E-E92332B3441F}.PRODUCT|x64.ActiveCfg = Release|x64
		{326A8A95-5429-45B2-B96E-E92332B3441F}.PRODUCT|x64.Build.0 = Release|x64
		{326A8A95-5429-45B2-B96E-E92332B3441F}.PRODUCT|x86.ActiveCfg = Release|Any CPU
		{326A8A95-5429-45B2-B96E-E92332B3441F}.PRODUCT|x86.Build.0 = Release|Any CPU
		{326A8A95-5429-45B2-B96E-E92332B3441F}.Release|Any CPU.ActiveCfg = Release|Any CPU
		{326A8A95-5429-45B2-B96E-E92332B3441F}.Release|Any CPU.Build.0 = Release|Any CPU
		{326A8A95-5429-45B2-B96E-E92332B3441F}.Release|x64.ActiveCfg = Release|x64
		{326A8A95-5429-45B2-B96E-E92332B3441F}.Release|x64.Build.0 = Release|x64
		{326A8A95-5429-45B2-B96E-E92332B3441F}.Release|x86.ActiveCfg = Release|Any CPU
		{326A8A95-5429-45B2-B96E-E92332B3441F}.Release|x86.Build.0 = Release|Any CPU
		{5D81BA02-90C3-4CEA-83E9-E9867A945426}.Debug|Any CPU.ActiveCfg = Debug|Any CPU
		{5D81BA02-90C3-4CEA-83E9-E9867A945426}.Debug|Any CPU.Build.0 = Debug|Any CPU
		{5D81BA02-90C3-4CEA-83E9-E9867A945426}.Debug|x64.ActiveCfg = Debug|x64
		{5D81BA02-90C3-4CEA-83E9-E9867A945426}.Debug|x64.Build.0 = Debug|x64
		{5D81BA02-90C3-4CEA-83E9-E9867A945426}.Debug|x86.ActiveCfg = Debug|Any CPU
		{5D81BA02-90C3-4CEA-83E9-E9867A945426}.Debug|x86.Build.0 = Debug|Any CPU
		{5D81BA02-90C3-4CEA-83E9-E9867A945426}.PRODUCT|Any CPU.ActiveCfg = Release|Any CPU
		{5D81BA02-90C3-4CEA-83E9-E9867A945426}.PRODUCT|Any CPU.Build.0 = Release|Any CPU
		{5D81BA02-90C3-4CEA-83E9-E9867A945426}.PRODUCT|x64.ActiveCfg = Release|x64
		{5D81BA02-90C3-4CEA-83E9-E9867A945426}.PRODUCT|x64.Build.0 = Release|x64
		{5D81BA02-90C3-4CEA-83E9-E9867A945426}.PRODUCT|x86.ActiveCfg = Release|Any CPU
		{5D81BA02-90C3-4CEA-83E9-E9867A945426}.PRODUCT|x86.Build.0 = Release|Any CPU
		{5D81BA02-90C3-4CEA-83E9-E9867A945426}.Release|Any CPU.ActiveCfg = Release|Any CPU
		{5D81BA02-90C3-4CEA-83E9-E9867A945426}.Release|Any CPU.Build.0 = Release|Any CPU
		{5D81BA02-90C3-4CEA-83E9-E9867A945426}.Release|x64.ActiveCfg = Release|x64
		{5D81BA02-90C3-4CEA-83E9-E9867A945426}.Release|x64.Build.0 = Release|x64
		{5D81BA02-90C3-4CEA-83E9-E9867A945426}.Release|x86.ActiveCfg = Release|Any CPU
		{5D81BA02-90C3-4CEA-83E9-E9867A945426}.Release|x86.Build.0 = Release|Any CPU
		{739A5790-B479-4E8E-B857-690EC053865D}.Debug|Any CPU.ActiveCfg = Debug|Any CPU
		{739A5790-B479-4E8E-B857-690EC053865D}.Debug|Any CPU.Build.0 = Debug|Any CPU
		{739A5790-B479-4E8E-B857-690EC053865D}.Debug|x64.ActiveCfg = Debug|x64
		{739A5790-B479-4E8E-B857-690EC053865D}.Debug|x64.Build.0 = Debug|x64
		{739A5790-B479-4E8E-B857-690EC053865D}.Debug|x86.ActiveCfg = Debug|Any CPU
		{739A5790-B479-4E8E-B857-690EC053865D}.Debug|x86.Build.0 = Debug|Any CPU
		{739A5790-B479-4E8E-B857-690EC053865D}.PRODUCT|Any CPU.ActiveCfg = Release|Any CPU
		{739A5790-B479-4E8E-B857-690EC053865D}.PRODUCT|Any CPU.Build.0 = Release|Any CPU
		{739A5790-B479-4E8E-B857-690EC053865D}.PRODUCT|x64.ActiveCfg = Release|x64
		{739A5790-B479-4E8E-B857-690EC053865D}.PRODUCT|x64.Build.0 = Release|x64
		{739A5790-B479-4E8E-B857-690EC053865D}.PRODUCT|x86.ActiveCfg = Release|Any CPU
		{739A5790-B479-4E8E-B857-690EC053865D}.PRODUCT|x86.Build.0 = Release|Any CPU
		{739A5790-B479-4E8E-B857-690EC053865D}.Release|Any CPU.ActiveCfg = Release|Any CPU
		{739A5790-B479-4E8E-B857-690EC053865D}.Release|Any CPU.Build.0 = Release|Any CPU
		{739A5790-B479-4E8E-B857-690EC053865D}.Release|x64.ActiveCfg = Release|x64
		{739A5790-B479-4E8E-B857-690EC053865D}.Release|x64.Build.0 = Release|x64
		{739A5790-B479-4E8E-B857-690EC053865D}.Release|x86.ActiveCfg = Release|Any CPU
		{739A5790-B479-4E8E-B857-690EC053865D}.Release|x86.Build.0 = Release|Any CPU
		{92CB2AF3-2755-4789-9140-A8E853CE3AAD}.Debug|Any CPU.ActiveCfg = Debug|Any CPU
		{92CB2AF3-2755-4789-9140-A8E853CE3AAD}.Debug|Any CPU.Build.0 = Debug|Any CPU
		{92CB2AF3-2755-4789-9140-A8E853CE3AAD}.Debug|x64.ActiveCfg = Debug|Any CPU
		{92CB2AF3-2755-4789-9140-A8E853CE3AAD}.Debug|x64.Build.0 = Debug|Any CPU
		{92CB2AF3-2755-4789-9140-A8E853CE3AAD}.Debug|x86.ActiveCfg = Debug|Any CPU
		{92CB2AF3-2755-4789-9140-A8E853CE3AAD}.Debug|x86.Build.0 = Debug|Any CPU
		{92CB2AF3-2755-4789-9140-A8E853CE3AAD}.PRODUCT|Any CPU.ActiveCfg = Release|Any CPU
		{92CB2AF3-2755-4789-9140-A8E853CE3AAD}.PRODUCT|Any CPU.Build.0 = Release|Any CPU
		{92CB2AF3-2755-4789-9140-A8E853CE3AAD}.PRODUCT|x64.ActiveCfg = Release|Any CPU
		{92CB2AF3-2755-4789-9140-A8E853CE3AAD}.PRODUCT|x64.Build.0 = Release|Any CPU
		{92CB2AF3-2755-4789-9140-A8E853CE3AAD}.PRODUCT|x86.ActiveCfg = Release|Any CPU
		{92CB2AF3-2755-4789-9140-A8E853CE3AAD}.PRODUCT|x86.Build.0 = Release|Any CPU
		{92CB2AF3-2755-4789-9140-A8E853CE3AAD}.Release|Any CPU.ActiveCfg = Release|Any CPU
		{92CB2AF3-2755-4789-9140-A8E853CE3AAD}.Release|Any CPU.Build.0 = Release|Any CPU
		{92CB2AF3-2755-4789-9140-A8E853CE3AAD}.Release|x64.ActiveCfg = Release|Any CPU
		{92CB2AF3-2755-4789-9140-A8E853CE3AAD}.Release|x64.Build.0 = Release|Any CPU
		{92CB2AF3-2755-4789-9140-A8E853CE3AAD}.Release|x86.ActiveCfg = Release|Any CPU
		{92CB2AF3-2755-4789-9140-A8E853CE3AAD}.Release|x86.Build.0 = Release|Any CPU
		{9828EDE8-200D-468B-95BE-574F32ED22C2}.Debug|Any CPU.ActiveCfg = Debug|Any CPU
		{9828EDE8-200D-468B-95BE-574F32ED22C2}.Debug|Any CPU.Build.0 = Debug|Any CPU
		{9828EDE8-200D-468B-95BE-574F32ED22C2}.Debug|x64.ActiveCfg = Debug|Any CPU
		{9828EDE8-200D-468B-95BE-574F32ED22C2}.Debug|x64.Build.0 = Debug|Any CPU
		{9828EDE8-200D-468B-95BE-574F32ED22C2}.Debug|x86.ActiveCfg = Debug|Any CPU
		{9828EDE8-200D-468B-95BE-574F32ED22C2}.Debug|x86.Build.0 = Debug|Any CPU
		{9828EDE8-200D-468B-95BE-574F32ED22C2}.PRODUCT|Any CPU.ActiveCfg = Release|Any CPU
		{9828EDE8-200D-468B-95BE-574F32ED22C2}.PRODUCT|Any CPU.Build.0 = Release|Any CPU
		{9828EDE8-200D-468B-95BE-574F32ED22C2}.PRODUCT|x64.ActiveCfg = Release|Any CPU
		{9828EDE8-200D-468B-95BE-574F32ED22C2}.PRODUCT|x64.Build.0 = Release|Any CPU
		{9828EDE8-200D-468B-95BE-574F32ED22C2}.PRODUCT|x86.ActiveCfg = Release|Any CPU
		{9828EDE8-200D-468B-95BE-574F32ED22C2}.PRODUCT|x86.Build.0 = Release|Any CPU
		{9828EDE8-200D-468B-95BE-574F32ED22C2}.Release|Any CPU.ActiveCfg = Release|Any CPU
		{9828EDE8-200D-468B-95BE-574F32ED22C2}.Release|Any CPU.Build.0 = Release|Any CPU
		{9828EDE8-200D-468B-95BE-574F32ED22C2}.Release|x64.ActiveCfg = Release|Any CPU
		{9828EDE8-200D-468B-95BE-574F32ED22C2}.Release|x64.Build.0 = Release|Any CPU
		{9828EDE8-200D-468B-95BE-574F32ED22C2}.Release|x86.ActiveCfg = Release|Any CPU
		{9828EDE8-200D-468B-95BE-574F32ED22C2}.Release|x86.Build.0 = Release|Any CPU
		{054DDDBF-2FD8-47B6-A083-537C394BF077}.Debug|Any CPU.ActiveCfg = Debug|Any CPU
		{054DDDBF-2FD8-47B6-A083-537C394BF077}.Debug|Any CPU.Build.0 = Debug|Any CPU
		{054DDDBF-2FD8-47B6-A083-537C394BF077}.Debug|x64.ActiveCfg = Debug|Any CPU
		{054DDDBF-2FD8-47B6-A083-537C394BF077}.Debug|x64.Build.0 = Debug|Any CPU
		{054DDDBF-2FD8-47B6-A083-537C394BF077}.Debug|x86.ActiveCfg = Debug|Any CPU
		{054DDDBF-2FD8-47B6-A083-537C394BF077}.Debug|x86.Build.0 = Debug|Any CPU
		{054DDDBF-2FD8-47B6-A083-537C394BF077}.PRODUCT|Any CPU.ActiveCfg = Release|Any CPU
		{054DDDBF-2FD8-47B6-A083-537C394BF077}.PRODUCT|Any CPU.Build.0 = Release|Any CPU
		{054DDDBF-2FD8-47B6-A083-537C394BF077}.PRODUCT|x64.ActiveCfg = Release|Any CPU
		{054DDDBF-2FD8-47B6-A083-537C394BF077}.PRODUCT|x64.Build.0 = Release|Any CPU
		{054DDDBF-2FD8-47B6-A083-537C394BF077}.PRODUCT|x86.ActiveCfg = Release|Any CPU
		{054DDDBF-2FD8-47B6-A083-537C394BF077}.PRODUCT|x86.Build.0 = Release|Any CPU
		{054DDDBF-2FD8-47B6-A083-537C394BF077}.Release|Any CPU.ActiveCfg = Release|Any CPU
		{054DDDBF-2FD8-47B6-A083-537C394BF077}.Release|Any CPU.Build.0 = Release|Any CPU
		{054DDDBF-2FD8-47B6-A083-537C394BF077}.Release|x64.ActiveCfg = Release|Any CPU
		{054DDDBF-2FD8-47B6-A083-537C394BF077}.Release|x64.Build.0 = Release|Any CPU
		{054DDDBF-2FD8-47B6-A083-537C394BF077}.Release|x86.ActiveCfg = Release|Any CPU
		{054DDDBF-2FD8-47B6-A083-537C394BF077}.Release|x86.Build.0 = Release|Any CPU
		{4E5D41D3-C394-4C16-8690-7A6E1A62BCA8}.Debug|Any CPU.ActiveCfg = Debug|Any CPU
		{4E5D41D3-C394-4C16-8690-7A6E1A62BCA8}.Debug|Any CPU.Build.0 = Debug|Any CPU
		{4E5D41D3-C394-4C16-8690-7A6E1A62BCA8}.Debug|x64.ActiveCfg = Debug|Any CPU
		{4E5D41D3-C394-4C16-8690-7A6E1A62BCA8}.Debug|x64.Build.0 = Debug|Any CPU
		{4E5D41D3-C394-4C16-8690-7A6E1A62BCA8}.Debug|x86.ActiveCfg = Debug|Any CPU
		{4E5D41D3-C394-4C16-8690-7A6E1A62BCA8}.Debug|x86.Build.0 = Debug|Any CPU
		{4E5D41D3-C394-4C16-8690-7A6E1A62BCA8}.PRODUCT|Any CPU.ActiveCfg = Release|Any CPU
		{4E5D41D3-C394-4C16-8690-7A6E1A62BCA8}.PRODUCT|Any CPU.Build.0 = Release|Any CPU
		{4E5D41D3-C394-4C16-8690-7A6E1A62BCA8}.PRODUCT|x64.ActiveCfg = Release|Any CPU
		{4E5D41D3-C394-4C16-8690-7A6E1A62BCA8}.PRODUCT|x64.Build.0 = Release|Any CPU
		{4E5D41D3-C394-4C16-8690-7A6E1A62BCA8}.PRODUCT|x86.ActiveCfg = Release|Any CPU
		{4E5D41D3-C394-4C16-8690-7A6E1A62BCA8}.PRODUCT|x86.Build.0 = Release|Any CPU
		{4E5D41D3-C394-4C16-8690-7A6E1A62BCA8}.Release|Any CPU.ActiveCfg = Release|Any CPU
		{4E5D41D3-C394-4C16-8690-7A6E1A62BCA8}.Release|Any CPU.Build.0 = Release|Any CPU
		{4E5D41D3-C394-4C16-8690-7A6E1A62BCA8}.Release|x64.ActiveCfg = Release|Any CPU
		{4E5D41D3-C394-4C16-8690-7A6E1A62BCA8}.Release|x64.Build.0 = Release|Any CPU
		{4E5D41D3-C394-4C16-8690-7A6E1A62BCA8}.Release|x86.ActiveCfg = Release|Any CPU
		{4E5D41D3-C394-4C16-8690-7A6E1A62BCA8}.Release|x86.Build.0 = Release|Any CPU
		{F3FE565B-B00A-49A8-BD21-DF514774FF44}.Debug|Any CPU.ActiveCfg = Debug|Any CPU
		{F3FE565B-B00A-49A8-BD21-DF514774FF44}.Debug|Any CPU.Build.0 = Debug|Any CPU
		{F3FE565B-B00A-49A8-BD21-DF514774FF44}.Debug|x64.ActiveCfg = Debug|Any CPU
		{F3FE565B-B00A-49A8-BD21-DF514774FF44}.Debug|x64.Build.0 = Debug|Any CPU
		{F3FE565B-B00A-49A8-BD21-DF514774FF44}.Debug|x86.ActiveCfg = Debug|Any CPU
		{F3FE565B-B00A-49A8-BD21-DF514774FF44}.Debug|x86.Build.0 = Debug|Any CPU
		{F3FE565B-B00A-49A8-BD21-DF514774FF44}.PRODUCT|Any CPU.ActiveCfg = Release|Any CPU
		{F3FE565B-B00A-49A8-BD21-DF514774FF44}.PRODUCT|Any CPU.Build.0 = Release|Any CPU
		{F3FE565B-B00A-49A8-BD21-DF514774FF44}.PRODUCT|x64.ActiveCfg = Release|Any CPU
		{F3FE565B-B00A-49A8-BD21-DF514774FF44}.PRODUCT|x64.Build.0 = Release|Any CPU
		{F3FE565B-B00A-49A8-BD21-DF514774FF44}.PRODUCT|x86.ActiveCfg = Release|Any CPU
		{F3FE565B-B00A-49A8-BD21-DF514774FF44}.PRODUCT|x86.Build.0 = Release|Any CPU
		{F3FE565B-B00A-49A8-BD21-DF514774FF44}.Release|Any CPU.ActiveCfg = Release|Any CPU
		{F3FE565B-B00A-49A8-BD21-DF514774FF44}.Release|Any CPU.Build.0 = Release|Any CPU
		{F3FE565B-B00A-49A8-BD21-DF514774FF44}.Release|x64.ActiveCfg = Release|Any CPU
		{F3FE565B-B00A-49A8-BD21-DF514774FF44}.Release|x64.Build.0 = Release|Any CPU
		{F3FE565B-B00A-49A8-BD21-DF514774FF44}.Release|x86.ActiveCfg = Release|Any CPU
		{F3FE565B-B00A-49A8-BD21-DF514774FF44}.Release|x86.Build.0 = Release|Any CPU
		{853D287B-5D4B-4167-83A5-EEDBB1EEA448}.Debug|Any CPU.ActiveCfg = Debug|Any CPU
		{853D287B-5D4B-4167-83A5-EEDBB1EEA448}.Debug|Any CPU.Build.0 = Debug|Any CPU
		{853D287B-5D4B-4167-83A5-EEDBB1EEA448}.Debug|x64.ActiveCfg = Debug|Any CPU
		{853D287B-5D4B-4167-83A5-EEDBB1EEA448}.Debug|x64.Build.0 = Debug|Any CPU
		{853D287B-5D4B-4167-83A5-EEDBB1EEA448}.Debug|x86.ActiveCfg = Debug|Any CPU
		{853D287B-5D4B-4167-83A5-EEDBB1EEA448}.Debug|x86.Build.0 = Debug|Any CPU
		{853D287B-5D4B-4167-83A5-EEDBB1EEA448}.PRODUCT|Any CPU.ActiveCfg = Release|Any CPU
		{853D287B-5D4B-4167-83A5-EEDBB1EEA448}.PRODUCT|Any CPU.Build.0 = Release|Any CPU
		{853D287B-5D4B-4167-83A5-EEDBB1EEA448}.PRODUCT|x64.ActiveCfg = Release|Any CPU
		{853D287B-5D4B-4167-83A5-EEDBB1EEA448}.PRODUCT|x64.Build.0 = Release|Any CPU
		{853D287B-5D4B-4167-83A5-EEDBB1EEA448}.PRODUCT|x86.ActiveCfg = Release|Any CPU
		{853D287B-5D4B-4167-83A5-EEDBB1EEA448}.PRODUCT|x86.Build.0 = Release|Any CPU
		{853D287B-5D4B-4167-83A5-EEDBB1EEA448}.Release|Any CPU.ActiveCfg = Release|Any CPU
		{853D287B-5D4B-4167-83A5-EEDBB1EEA448}.Release|Any CPU.Build.0 = Release|Any CPU
		{853D287B-5D4B-4167-83A5-EEDBB1EEA448}.Release|x64.ActiveCfg = Release|Any CPU
		{853D287B-5D4B-4167-83A5-EEDBB1EEA448}.Release|x64.Build.0 = Release|Any CPU
		{853D287B-5D4B-4167-83A5-EEDBB1EEA448}.Release|x86.ActiveCfg = Release|Any CPU
		{853D287B-5D4B-4167-83A5-EEDBB1EEA448}.Release|x86.Build.0 = Release|Any CPU
		{DE6CFC43-5905-42A6-8CD2-0E0A8BCD0141}.Debug|Any CPU.ActiveCfg = Debug|Any CPU
		{DE6CFC43-5905-42A6-8CD2-0E0A8BCD0141}.Debug|Any CPU.Build.0 = Debug|Any CPU
		{DE6CFC43-5905-42A6-8CD2-0E0A8BCD0141}.Debug|x64.ActiveCfg = Debug|Any CPU
		{DE6CFC43-5905-42A6-8CD2-0E0A8BCD0141}.Debug|x64.Build.0 = Debug|Any CPU
		{DE6CFC43-5905-42A6-8CD2-0E0A8BCD0141}.Debug|x86.ActiveCfg = Debug|Any CPU
		{DE6CFC43-5905-42A6-8CD2-0E0A8BCD0141}.Debug|x86.Build.0 = Debug|Any CPU
		{DE6CFC43-5905-42A6-8CD2-0E0A8BCD0141}.PRODUCT|Any CPU.ActiveCfg = Release|Any CPU
		{DE6CFC43-5905-42A6-8CD2-0E0A8BCD0141}.PRODUCT|Any CPU.Build.0 = Release|Any CPU
		{DE6CFC43-5905-42A6-8CD2-0E0A8BCD0141}.PRODUCT|x64.ActiveCfg = Release|Any CPU
		{DE6CFC43-5905-42A6-8CD2-0E0A8BCD0141}.PRODUCT|x64.Build.0 = Release|Any CPU
		{DE6CFC43-5905-42A6-8CD2-0E0A8BCD0141}.PRODUCT|x86.ActiveCfg = Release|Any CPU
		{DE6CFC43-5905-42A6-8CD2-0E0A8BCD0141}.PRODUCT|x86.Build.0 = Release|Any CPU
		{DE6CFC43-5905-42A6-8CD2-0E0A8BCD0141}.Release|Any CPU.ActiveCfg = Release|Any CPU
		{DE6CFC43-5905-42A6-8CD2-0E0A8BCD0141}.Release|Any CPU.Build.0 = Release|Any CPU
		{DE6CFC43-5905-42A6-8CD2-0E0A8BCD0141}.Release|x64.ActiveCfg = Release|Any CPU
		{DE6CFC43-5905-42A6-8CD2-0E0A8BCD0141}.Release|x64.Build.0 = Release|Any CPU
		{DE6CFC43-5905-42A6-8CD2-0E0A8BCD0141}.Release|x86.ActiveCfg = Release|Any CPU
		{DE6CFC43-5905-42A6-8CD2-0E0A8BCD0141}.Release|x86.Build.0 = Release|Any CPU
		{D579C055-F365-4348-BC0A-B1CC0DA04F28}.Debug|Any CPU.ActiveCfg = Debug|Any CPU
		{D579C055-F365-4348-BC0A-B1CC0DA04F28}.Debug|Any CPU.Build.0 = Debug|Any CPU
		{D579C055-F365-4348-BC0A-B1CC0DA04F28}.Debug|x64.ActiveCfg = Debug|Any CPU
		{D579C055-F365-4348-BC0A-B1CC0DA04F28}.Debug|x64.Build.0 = Debug|Any CPU
		{D579C055-F365-4348-BC0A-B1CC0DA04F28}.Debug|x86.ActiveCfg = Debug|Any CPU
		{D579C055-F365-4348-BC0A-B1CC0DA04F28}.Debug|x86.Build.0 = Debug|Any CPU
		{D579C055-F365-4348-BC0A-B1CC0DA04F28}.PRODUCT|Any CPU.ActiveCfg = Release|Any CPU
		{D579C055-F365-4348-BC0A-B1CC0DA04F28}.PRODUCT|Any CPU.Build.0 = Release|Any CPU
		{D579C055-F365-4348-BC0A-B1CC0DA04F28}.PRODUCT|x64.ActiveCfg = Release|Any CPU
		{D579C055-F365-4348-BC0A-B1CC0DA04F28}.PRODUCT|x64.Build.0 = Release|Any CPU
		{D579C055-F365-4348-BC0A-B1CC0DA04F28}.PRODUCT|x86.ActiveCfg = Release|Any CPU
		{D579C055-F365-4348-BC0A-B1CC0DA04F28}.PRODUCT|x86.Build.0 = Release|Any CPU
		{D579C055-F365-4348-BC0A-B1CC0DA04F28}.Release|Any CPU.ActiveCfg = Release|Any CPU
		{D579C055-F365-4348-BC0A-B1CC0DA04F28}.Release|Any CPU.Build.0 = Release|Any CPU
		{D579C055-F365-4348-BC0A-B1CC0DA04F28}.Release|x64.ActiveCfg = Release|Any CPU
		{D579C055-F365-4348-BC0A-B1CC0DA04F28}.Release|x64.Build.0 = Release|Any CPU
		{D579C055-F365-4348-BC0A-B1CC0DA04F28}.Release|x86.ActiveCfg = Release|Any CPU
		{D579C055-F365-4348-BC0A-B1CC0DA04F28}.Release|x86.Build.0 = Release|Any CPU
		{03B1D182-82A2-4D86-93F3-8D21030900DB}.Debug|Any CPU.ActiveCfg = Debug|Any CPU
		{03B1D182-82A2-4D86-93F3-8D21030900DB}.Debug|Any CPU.Build.0 = Debug|Any CPU
		{03B1D182-82A2-4D86-93F3-8D21030900DB}.Debug|x64.ActiveCfg = Debug|Any CPU
		{03B1D182-82A2-4D86-93F3-8D21030900DB}.Debug|x64.Build.0 = Debug|Any CPU
		{03B1D182-82A2-4D86-93F3-8D21030900DB}.Debug|x86.ActiveCfg = Debug|Any CPU
		{03B1D182-82A2-4D86-93F3-8D21030900DB}.Debug|x86.Build.0 = Debug|Any CPU
		{03B1D182-82A2-4D86-93F3-8D21030900DB}.PRODUCT|Any CPU.ActiveCfg = Release|Any CPU
		{03B1D182-82A2-4D86-93F3-8D21030900DB}.PRODUCT|Any CPU.Build.0 = Release|Any CPU
		{03B1D182-82A2-4D86-93F3-8D21030900DB}.PRODUCT|x64.ActiveCfg = Release|Any CPU
		{03B1D182-82A2-4D86-93F3-8D21030900DB}.PRODUCT|x64.Build.0 = Release|Any CPU
		{03B1D182-82A2-4D86-93F3-8D21030900DB}.PRODUCT|x86.ActiveCfg = Release|Any CPU
		{03B1D182-82A2-4D86-93F3-8D21030900DB}.PRODUCT|x86.Build.0 = Release|Any CPU
		{03B1D182-82A2-4D86-93F3-8D21030900DB}.Release|Any CPU.ActiveCfg = Release|Any CPU
		{03B1D182-82A2-4D86-93F3-8D21030900DB}.Release|Any CPU.Build.0 = Release|Any CPU
		{03B1D182-82A2-4D86-93F3-8D21030900DB}.Release|x64.ActiveCfg = Release|Any CPU
		{03B1D182-82A2-4D86-93F3-8D21030900DB}.Release|x64.Build.0 = Release|Any CPU
		{03B1D182-82A2-4D86-93F3-8D21030900DB}.Release|x86.ActiveCfg = Release|Any CPU
		{03B1D182-82A2-4D86-93F3-8D21030900DB}.Release|x86.Build.0 = Release|Any CPU
		{113BE1DB-BC88-4556-ACB9-EFC538E86625}.Debug|Any CPU.ActiveCfg = Debug|Any CPU
		{113BE1DB-BC88-4556-ACB9-EFC538E86625}.Debug|Any CPU.Build.0 = Debug|Any CPU
		{113BE1DB-BC88-4556-ACB9-EFC538E86625}.Debug|x64.ActiveCfg = Debug|Any CPU
		{113BE1DB-BC88-4556-ACB9-EFC538E86625}.Debug|x64.Build.0 = Debug|Any CPU
		{113BE1DB-BC88-4556-ACB9-EFC538E86625}.Debug|x86.ActiveCfg = Debug|Any CPU
		{113BE1DB-BC88-4556-ACB9-EFC538E86625}.Debug|x86.Build.0 = Debug|Any CPU
		{113BE1DB-BC88-4556-ACB9-EFC538E86625}.PRODUCT|Any CPU.ActiveCfg = Release|Any CPU
		{113BE1DB-BC88-4556-ACB9-EFC538E86625}.PRODUCT|Any CPU.Build.0 = Release|Any CPU
		{113BE1DB-BC88-4556-ACB9-EFC538E86625}.PRODUCT|x64.ActiveCfg = Release|Any CPU
		{113BE1DB-BC88-4556-ACB9-EFC538E86625}.PRODUCT|x64.Build.0 = Release|Any CPU
		{113BE1DB-BC88-4556-ACB9-EFC538E86625}.PRODUCT|x86.ActiveCfg = Release|Any CPU
		{113BE1DB-BC88-4556-ACB9-EFC538E86625}.PRODUCT|x86.Build.0 = Release|Any CPU
		{113BE1DB-BC88-4556-ACB9-EFC538E86625}.Release|Any CPU.ActiveCfg = Release|Any CPU
		{113BE1DB-BC88-4556-ACB9-EFC538E86625}.Release|Any CPU.Build.0 = Release|Any CPU
		{113BE1DB-BC88-4556-ACB9-EFC538E86625}.Release|x64.ActiveCfg = Release|Any CPU
		{113BE1DB-BC88-4556-ACB9-EFC538E86625}.Release|x64.Build.0 = Release|Any CPU
		{113BE1DB-BC88-4556-ACB9-EFC538E86625}.Release|x86.ActiveCfg = Release|Any CPU
		{113BE1DB-BC88-4556-ACB9-EFC538E86625}.Release|x86.Build.0 = Release|Any CPU
		{D9196542-B95D-4D41-97AB-01BF7AD30B1C}.Debug|Any CPU.ActiveCfg = Debug|Any CPU
		{D9196542-B95D-4D41-97AB-01BF7AD30B1C}.Debug|Any CPU.Build.0 = Debug|Any CPU
		{D9196542-B95D-4D41-97AB-01BF7AD30B1C}.Debug|x64.ActiveCfg = Debug|Any CPU
		{D9196542-B95D-4D41-97AB-01BF7AD30B1C}.Debug|x64.Build.0 = Debug|Any CPU
		{D9196542-B95D-4D41-97AB-01BF7AD30B1C}.Debug|x86.ActiveCfg = Debug|Any CPU
		{D9196542-B95D-4D41-97AB-01BF7AD30B1C}.Debug|x86.Build.0 = Debug|Any CPU
		{D9196542-B95D-4D41-97AB-01BF7AD30B1C}.PRODUCT|Any CPU.ActiveCfg = Release|Any CPU
		{D9196542-B95D-4D41-97AB-01BF7AD30B1C}.PRODUCT|Any CPU.Build.0 = Release|Any CPU
		{D9196542-B95D-4D41-97AB-01BF7AD30B1C}.PRODUCT|x64.ActiveCfg = Release|Any CPU
		{D9196542-B95D-4D41-97AB-01BF7AD30B1C}.PRODUCT|x64.Build.0 = Release|Any CPU
		{D9196542-B95D-4D41-97AB-01BF7AD30B1C}.PRODUCT|x86.ActiveCfg = Release|Any CPU
		{D9196542-B95D-4D41-97AB-01BF7AD30B1C}.PRODUCT|x86.Build.0 = Release|Any CPU
		{D9196542-B95D-4D41-97AB-01BF7AD30B1C}.Release|Any CPU.ActiveCfg = Release|Any CPU
		{D9196542-B95D-4D41-97AB-01BF7AD30B1C}.Release|Any CPU.Build.0 = Release|Any CPU
		{D9196542-B95D-4D41-97AB-01BF7AD30B1C}.Release|x64.ActiveCfg = Release|Any CPU
		{D9196542-B95D-4D41-97AB-01BF7AD30B1C}.Release|x64.Build.0 = Release|Any CPU
		{D9196542-B95D-4D41-97AB-01BF7AD30B1C}.Release|x86.ActiveCfg = Release|Any CPU
		{D9196542-B95D-4D41-97AB-01BF7AD30B1C}.Release|x86.Build.0 = Release|Any CPU
		{8BFCC409-9156-4D2F-AFB2-7E22B7F4C6B7}.Debug|Any CPU.ActiveCfg = Debug|Any CPU
		{8BFCC409-9156-4D2F-AFB2-7E22B7F4C6B7}.Debug|Any CPU.Build.0 = Debug|Any CPU
		{8BFCC409-9156-4D2F-AFB2-7E22B7F4C6B7}.Debug|x64.ActiveCfg = Debug|Any CPU
		{8BFCC409-9156-4D2F-AFB2-7E22B7F4C6B7}.Debug|x64.Build.0 = Debug|Any CPU
		{8BFCC409-9156-4D2F-AFB2-7E22B7F4C6B7}.Debug|x86.ActiveCfg = Debug|Any CPU
		{8BFCC409-9156-4D2F-AFB2-7E22B7F4C6B7}.Debug|x86.Build.0 = Debug|Any CPU
		{8BFCC409-9156-4D2F-AFB2-7E22B7F4C6B7}.PRODUCT|Any CPU.ActiveCfg = Release|Any CPU
		{8BFCC409-9156-4D2F-AFB2-7E22B7F4C6B7}.PRODUCT|Any CPU.Build.0 = Release|Any CPU
		{8BFCC409-9156-4D2F-AFB2-7E22B7F4C6B7}.PRODUCT|x64.ActiveCfg = Release|Any CPU
		{8BFCC409-9156-4D2F-AFB2-7E22B7F4C6B7}.PRODUCT|x64.Build.0 = Release|Any CPU
		{8BFCC409-9156-4D2F-AFB2-7E22B7F4C6B7}.PRODUCT|x86.ActiveCfg = Release|Any CPU
		{8BFCC409-9156-4D2F-AFB2-7E22B7F4C6B7}.PRODUCT|x86.Build.0 = Release|Any CPU
		{8BFCC409-9156-4D2F-AFB2-7E22B7F4C6B7}.Release|Any CPU.ActiveCfg = Release|Any CPU
		{8BFCC409-9156-4D2F-AFB2-7E22B7F4C6B7}.Release|Any CPU.Build.0 = Release|Any CPU
		{8BFCC409-9156-4D2F-AFB2-7E22B7F4C6B7}.Release|x64.ActiveCfg = Release|Any CPU
		{8BFCC409-9156-4D2F-AFB2-7E22B7F4C6B7}.Release|x64.Build.0 = Release|Any CPU
		{8BFCC409-9156-4D2F-AFB2-7E22B7F4C6B7}.Release|x86.ActiveCfg = Release|Any CPU
		{8BFCC409-9156-4D2F-AFB2-7E22B7F4C6B7}.Release|x86.Build.0 = Release|Any CPU
		{C3E5EC26-731A-4058-85D3-7F4744A63EFB}.Debug|Any CPU.ActiveCfg = Debug|Any CPU
		{C3E5EC26-731A-4058-85D3-7F4744A63EFB}.Debug|Any CPU.Build.0 = Debug|Any CPU
		{C3E5EC26-731A-4058-85D3-7F4744A63EFB}.Debug|x64.ActiveCfg = Debug|Any CPU
		{C3E5EC26-731A-4058-85D3-7F4744A63EFB}.Debug|x64.Build.0 = Debug|Any CPU
		{C3E5EC26-731A-4058-85D3-7F4744A63EFB}.Debug|x86.ActiveCfg = Debug|Any CPU
		{C3E5EC26-731A-4058-85D3-7F4744A63EFB}.Debug|x86.Build.0 = Debug|Any CPU
		{C3E5EC26-731A-4058-85D3-7F4744A63EFB}.PRODUCT|Any CPU.ActiveCfg = Release|Any CPU
		{C3E5EC26-731A-4058-85D3-7F4744A63EFB}.PRODUCT|Any CPU.Build.0 = Release|Any CPU
		{C3E5EC26-731A-4058-85D3-7F4744A63EFB}.PRODUCT|x64.ActiveCfg = Release|Any CPU
		{C3E5EC26-731A-4058-85D3-7F4744A63EFB}.PRODUCT|x64.Build.0 = Release|Any CPU
		{C3E5EC26-731A-4058-85D3-7F4744A63EFB}.PRODUCT|x86.ActiveCfg = Release|Any CPU
		{C3E5EC26-731A-4058-85D3-7F4744A63EFB}.PRODUCT|x86.Build.0 = Release|Any CPU
		{C3E5EC26-731A-4058-85D3-7F4744A63EFB}.Release|Any CPU.ActiveCfg = Release|Any CPU
		{C3E5EC26-731A-4058-85D3-7F4744A63EFB}.Release|Any CPU.Build.0 = Release|Any CPU
		{C3E5EC26-731A-4058-85D3-7F4744A63EFB}.Release|x64.ActiveCfg = Release|Any CPU
		{C3E5EC26-731A-4058-85D3-7F4744A63EFB}.Release|x64.Build.0 = Release|Any CPU
		{C3E5EC26-731A-4058-85D3-7F4744A63EFB}.Release|x86.ActiveCfg = Release|Any CPU
		{C3E5EC26-731A-4058-85D3-7F4744A63EFB}.Release|x86.Build.0 = Release|Any CPU
		{14779589-AFA0-4B38-B719-268F49F22CA8}.Debug|Any CPU.ActiveCfg = Debug|Any CPU
		{14779589-AFA0-4B38-B719-268F49F22CA8}.Debug|Any CPU.Build.0 = Debug|Any CPU
		{14779589-AFA0-4B38-B719-268F49F22CA8}.Debug|x64.ActiveCfg = Debug|Any CPU
		{14779589-AFA0-4B38-B719-268F49F22CA8}.Debug|x64.Build.0 = Debug|Any CPU
		{14779589-AFA0-4B38-B719-268F49F22CA8}.Debug|x86.ActiveCfg = Debug|Any CPU
		{14779589-AFA0-4B38-B719-268F49F22CA8}.Debug|x86.Build.0 = Debug|Any CPU
		{14779589-AFA0-4B38-B719-268F49F22CA8}.PRODUCT|Any CPU.ActiveCfg = Release|Any CPU
		{14779589-AFA0-4B38-B719-268F49F22CA8}.PRODUCT|Any CPU.Build.0 = Release|Any CPU
		{14779589-AFA0-4B38-B719-268F49F22CA8}.PRODUCT|x64.ActiveCfg = Release|Any CPU
		{14779589-AFA0-4B38-B719-268F49F22CA8}.PRODUCT|x64.Build.0 = Release|Any CPU
		{14779589-AFA0-4B38-B719-268F49F22CA8}.PRODUCT|x86.ActiveCfg = Release|Any CPU
		{14779589-AFA0-4B38-B719-268F49F22CA8}.PRODUCT|x86.Build.0 = Release|Any CPU
		{14779589-AFA0-4B38-B719-268F49F22CA8}.Release|Any CPU.ActiveCfg = Release|Any CPU
		{14779589-AFA0-4B38-B719-268F49F22CA8}.Release|Any CPU.Build.0 = Release|Any CPU
		{14779589-AFA0-4B38-B719-268F49F22CA8}.Release|x64.ActiveCfg = Release|Any CPU
		{14779589-AFA0-4B38-B719-268F49F22CA8}.Release|x64.Build.0 = Release|Any CPU
		{14779589-AFA0-4B38-B719-268F49F22CA8}.Release|x86.ActiveCfg = Release|Any CPU
		{14779589-AFA0-4B38-B719-268F49F22CA8}.Release|x86.Build.0 = Release|Any CPU
		{8E9A2922-7EA4-4857-9C9E-96B581D05C8E}.Debug|Any CPU.ActiveCfg = Debug|Any CPU
		{8E9A2922-7EA4-4857-9C9E-96B581D05C8E}.Debug|Any CPU.Build.0 = Debug|Any CPU
		{8E9A2922-7EA4-4857-9C9E-96B581D05C8E}.Debug|x64.ActiveCfg = Debug|x64
		{8E9A2922-7EA4-4857-9C9E-96B581D05C8E}.Debug|x64.Build.0 = Debug|x64
		{8E9A2922-7EA4-4857-9C9E-96B581D05C8E}.Debug|x86.ActiveCfg = Debug|Any CPU
		{8E9A2922-7EA4-4857-9C9E-96B581D05C8E}.Debug|x86.Build.0 = Debug|Any CPU
		{8E9A2922-7EA4-4857-9C9E-96B581D05C8E}.PRODUCT|Any CPU.ActiveCfg = Release|Any CPU
		{8E9A2922-7EA4-4857-9C9E-96B581D05C8E}.PRODUCT|Any CPU.Build.0 = Release|Any CPU
		{8E9A2922-7EA4-4857-9C9E-96B581D05C8E}.PRODUCT|x64.ActiveCfg = Release|x64
		{8E9A2922-7EA4-4857-9C9E-96B581D05C8E}.PRODUCT|x64.Build.0 = Release|x64
		{8E9A2922-7EA4-4857-9C9E-96B581D05C8E}.PRODUCT|x86.ActiveCfg = Release|Any CPU
		{8E9A2922-7EA4-4857-9C9E-96B581D05C8E}.PRODUCT|x86.Build.0 = Release|Any CPU
		{8E9A2922-7EA4-4857-9C9E-96B581D05C8E}.Release|Any CPU.ActiveCfg = Release|Any CPU
		{8E9A2922-7EA4-4857-9C9E-96B581D05C8E}.Release|Any CPU.Build.0 = Release|Any CPU
		{8E9A2922-7EA4-4857-9C9E-96B581D05C8E}.Release|x64.ActiveCfg = Release|x64
		{8E9A2922-7EA4-4857-9C9E-96B581D05C8E}.Release|x64.Build.0 = Release|x64
		{8E9A2922-7EA4-4857-9C9E-96B581D05C8E}.Release|x86.ActiveCfg = Release|Any CPU
		{8E9A2922-7EA4-4857-9C9E-96B581D05C8E}.Release|x86.Build.0 = Release|Any CPU
		{442E1F9A-068F-49CD-B54B-6B310B58A89E}.Debug|Any CPU.ActiveCfg = Debug|Any CPU
		{442E1F9A-068F-49CD-B54B-6B310B58A89E}.Debug|Any CPU.Build.0 = Debug|Any CPU
		{442E1F9A-068F-49CD-B54B-6B310B58A89E}.Debug|x64.ActiveCfg = Debug|Any CPU
		{442E1F9A-068F-49CD-B54B-6B310B58A89E}.Debug|x64.Build.0 = Debug|Any CPU
		{442E1F9A-068F-49CD-B54B-6B310B58A89E}.Debug|x86.ActiveCfg = Debug|Any CPU
		{442E1F9A-068F-49CD-B54B-6B310B58A89E}.Debug|x86.Build.0 = Debug|Any CPU
		{442E1F9A-068F-49CD-B54B-6B310B58A89E}.PRODUCT|Any CPU.ActiveCfg = Release|Any CPU
		{442E1F9A-068F-49CD-B54B-6B310B58A89E}.PRODUCT|Any CPU.Build.0 = Release|Any CPU
		{442E1F9A-068F-49CD-B54B-6B310B58A89E}.PRODUCT|x64.ActiveCfg = Release|Any CPU
		{442E1F9A-068F-49CD-B54B-6B310B58A89E}.PRODUCT|x64.Build.0 = Release|Any CPU
		{442E1F9A-068F-49CD-B54B-6B310B58A89E}.PRODUCT|x86.ActiveCfg = Release|Any CPU
		{442E1F9A-068F-49CD-B54B-6B310B58A89E}.PRODUCT|x86.Build.0 = Release|Any CPU
		{442E1F9A-068F-49CD-B54B-6B310B58A89E}.Release|Any CPU.ActiveCfg = Release|Any CPU
		{442E1F9A-068F-49CD-B54B-6B310B58A89E}.Release|Any CPU.Build.0 = Release|Any CPU
		{442E1F9A-068F-49CD-B54B-6B310B58A89E}.Release|x64.ActiveCfg = Release|Any CPU
		{442E1F9A-068F-49CD-B54B-6B310B58A89E}.Release|x64.Build.0 = Release|Any CPU
		{442E1F9A-068F-49CD-B54B-6B310B58A89E}.Release|x86.ActiveCfg = Release|Any CPU
		{442E1F9A-068F-49CD-B54B-6B310B58A89E}.Release|x86.Build.0 = Release|Any CPU
		{830162CE-FA85-42B9-ACC3-8CA7D96305DC}.Debug|Any CPU.ActiveCfg = Debug|Any CPU
		{830162CE-FA85-42B9-ACC3-8CA7D96305DC}.Debug|Any CPU.Build.0 = Debug|Any CPU
		{830162CE-FA85-42B9-ACC3-8CA7D96305DC}.Debug|x64.ActiveCfg = Debug|Any CPU
		{830162CE-FA85-42B9-ACC3-8CA7D96305DC}.Debug|x64.Build.0 = Debug|Any CPU
		{830162CE-FA85-42B9-ACC3-8CA7D96305DC}.Debug|x86.ActiveCfg = Debug|Any CPU
		{830162CE-FA85-42B9-ACC3-8CA7D96305DC}.Debug|x86.Build.0 = Debug|Any CPU
		{830162CE-FA85-42B9-ACC3-8CA7D96305DC}.PRODUCT|Any CPU.ActiveCfg = Release|Any CPU
		{830162CE-FA85-42B9-ACC3-8CA7D96305DC}.PRODUCT|Any CPU.Build.0 = Release|Any CPU
		{830162CE-FA85-42B9-ACC3-8CA7D96305DC}.PRODUCT|x64.ActiveCfg = Release|Any CPU
		{830162CE-FA85-42B9-ACC3-8CA7D96305DC}.PRODUCT|x64.Build.0 = Release|Any CPU
		{830162CE-FA85-42B9-ACC3-8CA7D96305DC}.PRODUCT|x86.ActiveCfg = Release|Any CPU
		{830162CE-FA85-42B9-ACC3-8CA7D96305DC}.PRODUCT|x86.Build.0 = Release|Any CPU
		{830162CE-FA85-42B9-ACC3-8CA7D96305DC}.Release|Any CPU.ActiveCfg = Release|Any CPU
		{830162CE-FA85-42B9-ACC3-8CA7D96305DC}.Release|Any CPU.Build.0 = Release|Any CPU
		{830162CE-FA85-42B9-ACC3-8CA7D96305DC}.Release|x64.ActiveCfg = Release|Any CPU
		{830162CE-FA85-42B9-ACC3-8CA7D96305DC}.Release|x64.Build.0 = Release|Any CPU
		{830162CE-FA85-42B9-ACC3-8CA7D96305DC}.Release|x86.ActiveCfg = Release|Any CPU
		{830162CE-FA85-42B9-ACC3-8CA7D96305DC}.Release|x86.Build.0 = Release|Any CPU
		{2E9A5FF4-6AD5-4E4D-B715-21DBC3F7F280}.Debug|Any CPU.ActiveCfg = Debug|Any CPU
		{2E9A5FF4-6AD5-4E4D-B715-21DBC3F7F280}.Debug|Any CPU.Build.0 = Debug|Any CPU
		{2E9A5FF4-6AD5-4E4D-B715-21DBC3F7F280}.Debug|x64.ActiveCfg = Debug|Any CPU
		{2E9A5FF4-6AD5-4E4D-B715-21DBC3F7F280}.Debug|x64.Build.0 = Debug|Any CPU
		{2E9A5FF4-6AD5-4E4D-B715-21DBC3F7F280}.Debug|x86.ActiveCfg = Debug|Any CPU
		{2E9A5FF4-6AD5-4E4D-B715-21DBC3F7F280}.Debug|x86.Build.0 = Debug|Any CPU
		{2E9A5FF4-6AD5-4E4D-B715-21DBC3F7F280}.PRODUCT|Any CPU.ActiveCfg = Release|Any CPU
		{2E9A5FF4-6AD5-4E4D-B715-21DBC3F7F280}.PRODUCT|Any CPU.Build.0 = Release|Any CPU
		{2E9A5FF4-6AD5-4E4D-B715-21DBC3F7F280}.PRODUCT|x64.ActiveCfg = Release|Any CPU
		{2E9A5FF4-6AD5-4E4D-B715-21DBC3F7F280}.PRODUCT|x64.Build.0 = Release|Any CPU
		{2E9A5FF4-6AD5-4E4D-B715-21DBC3F7F280}.PRODUCT|x86.ActiveCfg = Release|Any CPU
		{2E9A5FF4-6AD5-4E4D-B715-21DBC3F7F280}.PRODUCT|x86.Build.0 = Release|Any CPU
		{2E9A5FF4-6AD5-4E4D-B715-21DBC3F7F280}.Release|Any CPU.ActiveCfg = Release|Any CPU
		{2E9A5FF4-6AD5-4E4D-B715-21DBC3F7F280}.Release|Any CPU.Build.0 = Release|Any CPU
		{2E9A5FF4-6AD5-4E4D-B715-21DBC3F7F280}.Release|x64.ActiveCfg = Release|Any CPU
		{2E9A5FF4-6AD5-4E4D-B715-21DBC3F7F280}.Release|x64.Build.0 = Release|Any CPU
		{2E9A5FF4-6AD5-4E4D-B715-21DBC3F7F280}.Release|x86.ActiveCfg = Release|Any CPU
		{2E9A5FF4-6AD5-4E4D-B715-21DBC3F7F280}.Release|x86.Build.0 = Release|Any CPU
		{414FAD91-80CE-4258-A0DE-876A75D66DA8}.Debug|Any CPU.ActiveCfg = Debug|Any CPU
		{414FAD91-80CE-4258-A0DE-876A75D66DA8}.Debug|Any CPU.Build.0 = Debug|Any CPU
		{414FAD91-80CE-4258-A0DE-876A75D66DA8}.Debug|x64.ActiveCfg = Debug|Any CPU
		{414FAD91-80CE-4258-A0DE-876A75D66DA8}.Debug|x64.Build.0 = Debug|Any CPU
		{414FAD91-80CE-4258-A0DE-876A75D66DA8}.Debug|x86.ActiveCfg = Debug|Any CPU
		{414FAD91-80CE-4258-A0DE-876A75D66DA8}.Debug|x86.Build.0 = Debug|Any CPU
		{414FAD91-80CE-4258-A0DE-876A75D66DA8}.PRODUCT|Any CPU.ActiveCfg = Release|Any CPU
		{414FAD91-80CE-4258-A0DE-876A75D66DA8}.PRODUCT|Any CPU.Build.0 = Release|Any CPU
		{414FAD91-80CE-4258-A0DE-876A75D66DA8}.PRODUCT|x64.ActiveCfg = Release|Any CPU
		{414FAD91-80CE-4258-A0DE-876A75D66DA8}.PRODUCT|x64.Build.0 = Release|Any CPU
		{414FAD91-80CE-4258-A0DE-876A75D66DA8}.PRODUCT|x86.ActiveCfg = Release|Any CPU
		{414FAD91-80CE-4258-A0DE-876A75D66DA8}.PRODUCT|x86.Build.0 = Release|Any CPU
		{414FAD91-80CE-4258-A0DE-876A75D66DA8}.Release|Any CPU.ActiveCfg = Release|Any CPU
		{414FAD91-80CE-4258-A0DE-876A75D66DA8}.Release|Any CPU.Build.0 = Release|Any CPU
		{414FAD91-80CE-4258-A0DE-876A75D66DA8}.Release|x64.ActiveCfg = Release|Any CPU
		{414FAD91-80CE-4258-A0DE-876A75D66DA8}.Release|x64.Build.0 = Release|Any CPU
		{414FAD91-80CE-4258-A0DE-876A75D66DA8}.Release|x86.ActiveCfg = Release|Any CPU
		{414FAD91-80CE-4258-A0DE-876A75D66DA8}.Release|x86.Build.0 = Release|Any CPU
		{02C56EE9-6FD4-4BDA-953E-947C2B1C5DE3}.Debug|Any CPU.ActiveCfg = Debug|Any CPU
		{02C56EE9-6FD4-4BDA-953E-947C2B1C5DE3}.Debug|Any CPU.Build.0 = Debug|Any CPU
		{02C56EE9-6FD4-4BDA-953E-947C2B1C5DE3}.Debug|x64.ActiveCfg = Debug|Any CPU
		{02C56EE9-6FD4-4BDA-953E-947C2B1C5DE3}.Debug|x64.Build.0 = Debug|Any CPU
		{02C56EE9-6FD4-4BDA-953E-947C2B1C5DE3}.Debug|x86.ActiveCfg = Debug|Any CPU
		{02C56EE9-6FD4-4BDA-953E-947C2B1C5DE3}.Debug|x86.Build.0 = Debug|Any CPU
		{02C56EE9-6FD4-4BDA-953E-947C2B1C5DE3}.PRODUCT|Any CPU.ActiveCfg = Release|Any CPU
		{02C56EE9-6FD4-4BDA-953E-947C2B1C5DE3}.PRODUCT|Any CPU.Build.0 = Release|Any CPU
		{02C56EE9-6FD4-4BDA-953E-947C2B1C5DE3}.PRODUCT|x64.ActiveCfg = Release|Any CPU
		{02C56EE9-6FD4-4BDA-953E-947C2B1C5DE3}.PRODUCT|x64.Build.0 = Release|Any CPU
		{02C56EE9-6FD4-4BDA-953E-947C2B1C5DE3}.PRODUCT|x86.ActiveCfg = Release|Any CPU
		{02C56EE9-6FD4-4BDA-953E-947C2B1C5DE3}.PRODUCT|x86.Build.0 = Release|Any CPU
		{02C56EE9-6FD4-4BDA-953E-947C2B1C5DE3}.Release|Any CPU.ActiveCfg = Release|Any CPU
		{02C56EE9-6FD4-4BDA-953E-947C2B1C5DE3}.Release|Any CPU.Build.0 = Release|Any CPU
		{02C56EE9-6FD4-4BDA-953E-947C2B1C5DE3}.Release|x64.ActiveCfg = Release|Any CPU
		{02C56EE9-6FD4-4BDA-953E-947C2B1C5DE3}.Release|x64.Build.0 = Release|Any CPU
		{02C56EE9-6FD4-4BDA-953E-947C2B1C5DE3}.Release|x86.ActiveCfg = Release|Any CPU
		{02C56EE9-6FD4-4BDA-953E-947C2B1C5DE3}.Release|x86.Build.0 = Release|Any CPU
		{5304F8DB-66DD-4CC5-B8B2-B0CB59747EC1}.Debug|Any CPU.ActiveCfg = Debug|Any CPU
		{5304F8DB-66DD-4CC5-B8B2-B0CB59747EC1}.Debug|Any CPU.Build.0 = Debug|Any CPU
		{5304F8DB-66DD-4CC5-B8B2-B0CB59747EC1}.Debug|x64.ActiveCfg = Debug|Any CPU
		{5304F8DB-66DD-4CC5-B8B2-B0CB59747EC1}.Debug|x64.Build.0 = Debug|Any CPU
		{5304F8DB-66DD-4CC5-B8B2-B0CB59747EC1}.Debug|x86.ActiveCfg = Debug|Any CPU
		{5304F8DB-66DD-4CC5-B8B2-B0CB59747EC1}.Debug|x86.Build.0 = Debug|Any CPU
		{5304F8DB-66DD-4CC5-B8B2-B0CB59747EC1}.PRODUCT|Any CPU.ActiveCfg = Release|Any CPU
		{5304F8DB-66DD-4CC5-B8B2-B0CB59747EC1}.PRODUCT|Any CPU.Build.0 = Release|Any CPU
		{5304F8DB-66DD-4CC5-B8B2-B0CB59747EC1}.PRODUCT|x64.ActiveCfg = Release|Any CPU
		{5304F8DB-66DD-4CC5-B8B2-B0CB59747EC1}.PRODUCT|x64.Build.0 = Release|Any CPU
		{5304F8DB-66DD-4CC5-B8B2-B0CB59747EC1}.PRODUCT|x86.ActiveCfg = Release|Any CPU
		{5304F8DB-66DD-4CC5-B8B2-B0CB59747EC1}.PRODUCT|x86.Build.0 = Release|Any CPU
		{5304F8DB-66DD-4CC5-B8B2-B0CB59747EC1}.Release|Any CPU.ActiveCfg = Release|Any CPU
		{5304F8DB-66DD-4CC5-B8B2-B0CB59747EC1}.Release|Any CPU.Build.0 = Release|Any CPU
		{5304F8DB-66DD-4CC5-B8B2-B0CB59747EC1}.Release|x64.ActiveCfg = Release|Any CPU
		{5304F8DB-66DD-4CC5-B8B2-B0CB59747EC1}.Release|x64.Build.0 = Release|Any CPU
		{5304F8DB-66DD-4CC5-B8B2-B0CB59747EC1}.Release|x86.ActiveCfg = Release|Any CPU
		{5304F8DB-66DD-4CC5-B8B2-B0CB59747EC1}.Release|x86.Build.0 = Release|Any CPU
		{EACCC5A7-560A-4972-96DB-45895AB2C288}.Debug|Any CPU.ActiveCfg = Debug|Any CPU
		{EACCC5A7-560A-4972-96DB-45895AB2C288}.Debug|Any CPU.Build.0 = Debug|Any CPU
		{EACCC5A7-560A-4972-96DB-45895AB2C288}.Debug|x64.ActiveCfg = Debug|x64
		{EACCC5A7-560A-4972-96DB-45895AB2C288}.Debug|x64.Build.0 = Debug|x64
		{EACCC5A7-560A-4972-96DB-45895AB2C288}.Debug|x86.ActiveCfg = Debug|Any CPU
		{EACCC5A7-560A-4972-96DB-45895AB2C288}.Debug|x86.Build.0 = Debug|Any CPU
		{EACCC5A7-560A-4972-96DB-45895AB2C288}.PRODUCT|Any CPU.ActiveCfg = Release|Any CPU
		{EACCC5A7-560A-4972-96DB-45895AB2C288}.PRODUCT|Any CPU.Build.0 = Release|Any CPU
		{EACCC5A7-560A-4972-96DB-45895AB2C288}.PRODUCT|x64.ActiveCfg = Release|x64
		{EACCC5A7-560A-4972-96DB-45895AB2C288}.PRODUCT|x64.Build.0 = Release|x64
		{EACCC5A7-560A-4972-96DB-45895AB2C288}.PRODUCT|x86.ActiveCfg = Release|Any CPU
		{EACCC5A7-560A-4972-96DB-45895AB2C288}.PRODUCT|x86.Build.0 = Release|Any CPU
		{EACCC5A7-560A-4972-96DB-45895AB2C288}.Release|Any CPU.ActiveCfg = Release|Any CPU
		{EACCC5A7-560A-4972-96DB-45895AB2C288}.Release|Any CPU.Build.0 = Release|Any CPU
		{EACCC5A7-560A-4972-96DB-45895AB2C288}.Release|x64.ActiveCfg = Release|x64
		{EACCC5A7-560A-4972-96DB-45895AB2C288}.Release|x64.Build.0 = Release|x64
		{EACCC5A7-560A-4972-96DB-45895AB2C288}.Release|x86.ActiveCfg = Release|Any CPU
		{EACCC5A7-560A-4972-96DB-45895AB2C288}.Release|x86.Build.0 = Release|Any CPU
		{6F1A4F8F-E031-48A7-A29D-D72C68F9D153}.Debug|Any CPU.ActiveCfg = Debug|Any CPU
		{6F1A4F8F-E031-48A7-A29D-D72C68F9D153}.Debug|Any CPU.Build.0 = Debug|Any CPU
		{6F1A4F8F-E031-48A7-A29D-D72C68F9D153}.Debug|x64.ActiveCfg = Debug|Any CPU
		{6F1A4F8F-E031-48A7-A29D-D72C68F9D153}.Debug|x64.Build.0 = Debug|Any CPU
		{6F1A4F8F-E031-48A7-A29D-D72C68F9D153}.Debug|x86.ActiveCfg = Debug|Any CPU
		{6F1A4F8F-E031-48A7-A29D-D72C68F9D153}.Debug|x86.Build.0 = Debug|Any CPU
		{6F1A4F8F-E031-48A7-A29D-D72C68F9D153}.PRODUCT|Any CPU.ActiveCfg = Release|Any CPU
		{6F1A4F8F-E031-48A7-A29D-D72C68F9D153}.PRODUCT|Any CPU.Build.0 = Release|Any CPU
		{6F1A4F8F-E031-48A7-A29D-D72C68F9D153}.PRODUCT|x64.ActiveCfg = Release|Any CPU
		{6F1A4F8F-E031-48A7-A29D-D72C68F9D153}.PRODUCT|x64.Build.0 = Release|Any CPU
		{6F1A4F8F-E031-48A7-A29D-D72C68F9D153}.PRODUCT|x86.ActiveCfg = Release|Any CPU
		{6F1A4F8F-E031-48A7-A29D-D72C68F9D153}.PRODUCT|x86.Build.0 = Release|Any CPU
		{6F1A4F8F-E031-48A7-A29D-D72C68F9D153}.Release|Any CPU.ActiveCfg = Release|Any CPU
		{6F1A4F8F-E031-48A7-A29D-D72C68F9D153}.Release|Any CPU.Build.0 = Release|Any CPU
		{6F1A4F8F-E031-48A7-A29D-D72C68F9D153}.Release|x64.ActiveCfg = Release|Any CPU
		{6F1A4F8F-E031-48A7-A29D-D72C68F9D153}.Release|x64.Build.0 = Release|Any CPU
		{6F1A4F8F-E031-48A7-A29D-D72C68F9D153}.Release|x86.ActiveCfg = Release|Any CPU
		{6F1A4F8F-E031-48A7-A29D-D72C68F9D153}.Release|x86.Build.0 = Release|Any CPU
		{AF1C00A4-65B2-4B23-B873-AB2667CEF9CC}.Debug|Any CPU.ActiveCfg = Debug|Any CPU
		{AF1C00A4-65B2-4B23-B873-AB2667CEF9CC}.Debug|Any CPU.Build.0 = Debug|Any CPU
		{AF1C00A4-65B2-4B23-B873-AB2667CEF9CC}.Debug|x64.ActiveCfg = Debug|Any CPU
		{AF1C00A4-65B2-4B23-B873-AB2667CEF9CC}.Debug|x64.Build.0 = Debug|Any CPU
		{AF1C00A4-65B2-4B23-B873-AB2667CEF9CC}.Debug|x86.ActiveCfg = Debug|Any CPU
		{AF1C00A4-65B2-4B23-B873-AB2667CEF9CC}.Debug|x86.Build.0 = Debug|Any CPU
		{AF1C00A4-65B2-4B23-B873-AB2667CEF9CC}.PRODUCT|Any CPU.ActiveCfg = Release|Any CPU
		{AF1C00A4-65B2-4B23-B873-AB2667CEF9CC}.PRODUCT|Any CPU.Build.0 = Release|Any CPU
		{AF1C00A4-65B2-4B23-B873-AB2667CEF9CC}.PRODUCT|x64.ActiveCfg = Release|Any CPU
		{AF1C00A4-65B2-4B23-B873-AB2667CEF9CC}.PRODUCT|x64.Build.0 = Release|Any CPU
		{AF1C00A4-65B2-4B23-B873-AB2667CEF9CC}.PRODUCT|x86.ActiveCfg = Release|Any CPU
		{AF1C00A4-65B2-4B23-B873-AB2667CEF9CC}.PRODUCT|x86.Build.0 = Release|Any CPU
		{AF1C00A4-65B2-4B23-B873-AB2667CEF9CC}.Release|Any CPU.ActiveCfg = Release|Any CPU
		{AF1C00A4-65B2-4B23-B873-AB2667CEF9CC}.Release|Any CPU.Build.0 = Release|Any CPU
		{AF1C00A4-65B2-4B23-B873-AB2667CEF9CC}.Release|x64.ActiveCfg = Release|Any CPU
		{AF1C00A4-65B2-4B23-B873-AB2667CEF9CC}.Release|x64.Build.0 = Release|Any CPU
		{AF1C00A4-65B2-4B23-B873-AB2667CEF9CC}.Release|x86.ActiveCfg = Release|Any CPU
		{AF1C00A4-65B2-4B23-B873-AB2667CEF9CC}.Release|x86.Build.0 = Release|Any CPU
		{06BA5775-38A1-442B-A17C-7BBF7F47904B}.Debug|Any CPU.ActiveCfg = Debug|Any CPU
		{06BA5775-38A1-442B-A17C-7BBF7F47904B}.Debug|Any CPU.Build.0 = Debug|Any CPU
		{06BA5775-38A1-442B-A17C-7BBF7F47904B}.Debug|x64.ActiveCfg = Debug|x64
		{06BA5775-38A1-442B-A17C-7BBF7F47904B}.Debug|x64.Build.0 = Debug|x64
		{06BA5775-38A1-442B-A17C-7BBF7F47904B}.Debug|x86.ActiveCfg = Debug|Any CPU
		{06BA5775-38A1-442B-A17C-7BBF7F47904B}.Debug|x86.Build.0 = Debug|Any CPU
		{06BA5775-38A1-442B-A17C-7BBF7F47904B}.PRODUCT|Any CPU.ActiveCfg = Release|Any CPU
		{06BA5775-38A1-442B-A17C-7BBF7F47904B}.PRODUCT|Any CPU.Build.0 = Release|Any CPU
		{06BA5775-38A1-442B-A17C-7BBF7F47904B}.PRODUCT|x64.ActiveCfg = Release|x64
		{06BA5775-38A1-442B-A17C-7BBF7F47904B}.PRODUCT|x64.Build.0 = Release|x64
		{06BA5775-38A1-442B-A17C-7BBF7F47904B}.PRODUCT|x86.ActiveCfg = Release|Any CPU
		{06BA5775-38A1-442B-A17C-7BBF7F47904B}.PRODUCT|x86.Build.0 = Release|Any CPU
		{06BA5775-38A1-442B-A17C-7BBF7F47904B}.Release|Any CPU.ActiveCfg = Release|Any CPU
		{06BA5775-38A1-442B-A17C-7BBF7F47904B}.Release|Any CPU.Build.0 = Release|Any CPU
		{06BA5775-38A1-442B-A17C-7BBF7F47904B}.Release|x64.ActiveCfg = Release|x64
		{06BA5775-38A1-442B-A17C-7BBF7F47904B}.Release|x64.Build.0 = Release|x64
		{06BA5775-38A1-442B-A17C-7BBF7F47904B}.Release|x86.ActiveCfg = Release|Any CPU
		{06BA5775-38A1-442B-A17C-7BBF7F47904B}.Release|x86.Build.0 = Release|Any CPU
		{9A21FB45-8C9C-4717-B2AF-8901DBA704A9}.Debug|Any CPU.ActiveCfg = Debug|Any CPU
		{9A21FB45-8C9C-4717-B2AF-8901DBA704A9}.Debug|Any CPU.Build.0 = Debug|Any CPU
		{9A21FB45-8C9C-4717-B2AF-8901DBA704A9}.Debug|x64.ActiveCfg = Debug|Any CPU
		{9A21FB45-8C9C-4717-B2AF-8901DBA704A9}.Debug|x64.Build.0 = Debug|Any CPU
		{9A21FB45-8C9C-4717-B2AF-8901DBA704A9}.Debug|x86.ActiveCfg = Debug|Any CPU
		{9A21FB45-8C9C-4717-B2AF-8901DBA704A9}.Debug|x86.Build.0 = Debug|Any CPU
		{9A21FB45-8C9C-4717-B2AF-8901DBA704A9}.PRODUCT|Any CPU.ActiveCfg = Release|Any CPU
		{9A21FB45-8C9C-4717-B2AF-8901DBA704A9}.PRODUCT|Any CPU.Build.0 = Release|Any CPU
		{9A21FB45-8C9C-4717-B2AF-8901DBA704A9}.PRODUCT|x64.ActiveCfg = Release|Any CPU
		{9A21FB45-8C9C-4717-B2AF-8901DBA704A9}.PRODUCT|x64.Build.0 = Release|Any CPU
		{9A21FB45-8C9C-4717-B2AF-8901DBA704A9}.PRODUCT|x86.ActiveCfg = Release|Any CPU
		{9A21FB45-8C9C-4717-B2AF-8901DBA704A9}.PRODUCT|x86.Build.0 = Release|Any CPU
		{9A21FB45-8C9C-4717-B2AF-8901DBA704A9}.Release|Any CPU.ActiveCfg = Release|Any CPU
		{9A21FB45-8C9C-4717-B2AF-8901DBA704A9}.Release|Any CPU.Build.0 = Release|Any CPU
		{9A21FB45-8C9C-4717-B2AF-8901DBA704A9}.Release|x64.ActiveCfg = Release|Any CPU
		{9A21FB45-8C9C-4717-B2AF-8901DBA704A9}.Release|x64.Build.0 = Release|Any CPU
		{9A21FB45-8C9C-4717-B2AF-8901DBA704A9}.Release|x86.ActiveCfg = Release|Any CPU
		{9A21FB45-8C9C-4717-B2AF-8901DBA704A9}.Release|x86.Build.0 = Release|Any CPU
		{0B975D84-7857-431D-8791-535758D0B051}.Debug|Any CPU.ActiveCfg = Debug|Any CPU
		{0B975D84-7857-431D-8791-535758D0B051}.Debug|Any CPU.Build.0 = Debug|Any CPU
		{0B975D84-7857-431D-8791-535758D0B051}.Debug|x64.ActiveCfg = Debug|Any CPU
		{0B975D84-7857-431D-8791-535758D0B051}.Debug|x64.Build.0 = Debug|Any CPU
		{0B975D84-7857-431D-8791-535758D0B051}.Debug|x86.ActiveCfg = Debug|Any CPU
		{0B975D84-7857-431D-8791-535758D0B051}.Debug|x86.Build.0 = Debug|Any CPU
		{0B975D84-7857-431D-8791-535758D0B051}.PRODUCT|Any CPU.ActiveCfg = Release|Any CPU
		{0B975D84-7857-431D-8791-535758D0B051}.PRODUCT|Any CPU.Build.0 = Release|Any CPU
		{0B975D84-7857-431D-8791-535758D0B051}.PRODUCT|x64.ActiveCfg = Release|Any CPU
		{0B975D84-7857-431D-8791-535758D0B051}.PRODUCT|x64.Build.0 = Release|Any CPU
		{0B975D84-7857-431D-8791-535758D0B051}.PRODUCT|x86.ActiveCfg = Release|Any CPU
		{0B975D84-7857-431D-8791-535758D0B051}.PRODUCT|x86.Build.0 = Release|Any CPU
		{0B975D84-7857-431D-8791-535758D0B051}.Release|Any CPU.ActiveCfg = Release|Any CPU
		{0B975D84-7857-431D-8791-535758D0B051}.Release|Any CPU.Build.0 = Release|Any CPU
		{0B975D84-7857-431D-8791-535758D0B051}.Release|x64.ActiveCfg = Release|Any CPU
		{0B975D84-7857-431D-8791-535758D0B051}.Release|x64.Build.0 = Release|Any CPU
		{0B975D84-7857-431D-8791-535758D0B051}.Release|x86.ActiveCfg = Release|Any CPU
		{0B975D84-7857-431D-8791-535758D0B051}.Release|x86.Build.0 = Release|Any CPU
		{8F4FF035-86C7-452F-BE2D-ED2B5FFFC35A}.Debug|Any CPU.ActiveCfg = Debug|Any CPU
		{8F4FF035-86C7-452F-BE2D-ED2B5FFFC35A}.Debug|Any CPU.Build.0 = Debug|Any CPU
		{8F4FF035-86C7-452F-BE2D-ED2B5FFFC35A}.Debug|x64.ActiveCfg = Debug|Any CPU
		{8F4FF035-86C7-452F-BE2D-ED2B5FFFC35A}.Debug|x64.Build.0 = Debug|Any CPU
		{8F4FF035-86C7-452F-BE2D-ED2B5FFFC35A}.Debug|x86.ActiveCfg = Debug|Any CPU
		{8F4FF035-86C7-452F-BE2D-ED2B5FFFC35A}.Debug|x86.Build.0 = Debug|Any CPU
		{8F4FF035-86C7-452F-BE2D-ED2B5FFFC35A}.PRODUCT|Any CPU.ActiveCfg = Release|Any CPU
		{8F4FF035-86C7-452F-BE2D-ED2B5FFFC35A}.PRODUCT|Any CPU.Build.0 = Release|Any CPU
		{8F4FF035-86C7-452F-BE2D-ED2B5FFFC35A}.PRODUCT|x64.ActiveCfg = Release|Any CPU
		{8F4FF035-86C7-452F-BE2D-ED2B5FFFC35A}.PRODUCT|x64.Build.0 = Release|Any CPU
		{8F4FF035-86C7-452F-BE2D-ED2B5FFFC35A}.PRODUCT|x86.ActiveCfg = Release|Any CPU
		{8F4FF035-86C7-452F-BE2D-ED2B5FFFC35A}.PRODUCT|x86.Build.0 = Release|Any CPU
		{8F4FF035-86C7-452F-BE2D-ED2B5FFFC35A}.Release|Any CPU.ActiveCfg = Release|Any CPU
		{8F4FF035-86C7-452F-BE2D-ED2B5FFFC35A}.Release|Any CPU.Build.0 = Release|Any CPU
		{8F4FF035-86C7-452F-BE2D-ED2B5FFFC35A}.Release|x64.ActiveCfg = Release|Any CPU
		{8F4FF035-86C7-452F-BE2D-ED2B5FFFC35A}.Release|x64.Build.0 = Release|Any CPU
		{8F4FF035-86C7-452F-BE2D-ED2B5FFFC35A}.Release|x86.ActiveCfg = Release|Any CPU
		{8F4FF035-86C7-452F-BE2D-ED2B5FFFC35A}.Release|x86.Build.0 = Release|Any CPU
		{1E94DED3-40EF-4C44-AA12-67FCAA1121FD}.Debug|Any CPU.ActiveCfg = Debug|Any CPU
		{1E94DED3-40EF-4C44-AA12-67FCAA1121FD}.Debug|Any CPU.Build.0 = Debug|Any CPU
		{1E94DED3-40EF-4C44-AA12-67FCAA1121FD}.Debug|x64.ActiveCfg = Debug|Any CPU
		{1E94DED3-40EF-4C44-AA12-67FCAA1121FD}.Debug|x64.Build.0 = Debug|Any CPU
		{1E94DED3-40EF-4C44-AA12-67FCAA1121FD}.Debug|x86.ActiveCfg = Debug|Any CPU
		{1E94DED3-40EF-4C44-AA12-67FCAA1121FD}.Debug|x86.Build.0 = Debug|Any CPU
		{1E94DED3-40EF-4C44-AA12-67FCAA1121FD}.PRODUCT|Any CPU.ActiveCfg = Release|Any CPU
		{1E94DED3-40EF-4C44-AA12-67FCAA1121FD}.PRODUCT|Any CPU.Build.0 = Release|Any CPU
		{1E94DED3-40EF-4C44-AA12-67FCAA1121FD}.PRODUCT|x64.ActiveCfg = Release|Any CPU
		{1E94DED3-40EF-4C44-AA12-67FCAA1121FD}.PRODUCT|x64.Build.0 = Release|Any CPU
		{1E94DED3-40EF-4C44-AA12-67FCAA1121FD}.PRODUCT|x86.ActiveCfg = Release|Any CPU
		{1E94DED3-40EF-4C44-AA12-67FCAA1121FD}.PRODUCT|x86.Build.0 = Release|Any CPU
		{1E94DED3-40EF-4C44-AA12-67FCAA1121FD}.Release|Any CPU.ActiveCfg = Release|Any CPU
		{1E94DED3-40EF-4C44-AA12-67FCAA1121FD}.Release|Any CPU.Build.0 = Release|Any CPU
		{1E94DED3-40EF-4C44-AA12-67FCAA1121FD}.Release|x64.ActiveCfg = Release|Any CPU
		{1E94DED3-40EF-4C44-AA12-67FCAA1121FD}.Release|x64.Build.0 = Release|Any CPU
		{1E94DED3-40EF-4C44-AA12-67FCAA1121FD}.Release|x86.ActiveCfg = Release|Any CPU
		{1E94DED3-40EF-4C44-AA12-67FCAA1121FD}.Release|x86.Build.0 = Release|Any CPU
		{5BB28232-269E-4AC5-BB65-573D30FE517C}.Debug|Any CPU.ActiveCfg = Debug|Any CPU
		{5BB28232-269E-4AC5-BB65-573D30FE517C}.Debug|Any CPU.Build.0 = Debug|Any CPU
		{5BB28232-269E-4AC5-BB65-573D30FE517C}.Debug|x64.ActiveCfg = Debug|Any CPU
		{5BB28232-269E-4AC5-BB65-573D30FE517C}.Debug|x64.Build.0 = Debug|Any CPU
		{5BB28232-269E-4AC5-BB65-573D30FE517C}.Debug|x86.ActiveCfg = Debug|Any CPU
		{5BB28232-269E-4AC5-BB65-573D30FE517C}.Debug|x86.Build.0 = Debug|Any CPU
		{5BB28232-269E-4AC5-BB65-573D30FE517C}.PRODUCT|Any CPU.ActiveCfg = Release|Any CPU
		{5BB28232-269E-4AC5-BB65-573D30FE517C}.PRODUCT|Any CPU.Build.0 = Release|Any CPU
		{5BB28232-269E-4AC5-BB65-573D30FE517C}.PRODUCT|x64.ActiveCfg = Release|Any CPU
		{5BB28232-269E-4AC5-BB65-573D30FE517C}.PRODUCT|x64.Build.0 = Release|Any CPU
		{5BB28232-269E-4AC5-BB65-573D30FE517C}.PRODUCT|x86.ActiveCfg = Release|Any CPU
		{5BB28232-269E-4AC5-BB65-573D30FE517C}.PRODUCT|x86.Build.0 = Release|Any CPU
		{5BB28232-269E-4AC5-BB65-573D30FE517C}.Release|Any CPU.ActiveCfg = Release|Any CPU
		{5BB28232-269E-4AC5-BB65-573D30FE517C}.Release|Any CPU.Build.0 = Release|Any CPU
		{5BB28232-269E-4AC5-BB65-573D30FE517C}.Release|x64.ActiveCfg = Release|Any CPU
		{5BB28232-269E-4AC5-BB65-573D30FE517C}.Release|x64.Build.0 = Release|Any CPU
		{5BB28232-269E-4AC5-BB65-573D30FE517C}.Release|x86.ActiveCfg = Release|Any CPU
		{5BB28232-269E-4AC5-BB65-573D30FE517C}.Release|x86.Build.0 = Release|Any CPU
		{4A9C406E-BEA1-4470-B9D1-09605EAA44F3}.Debug|Any CPU.ActiveCfg = Debug|Any CPU
		{4A9C406E-BEA1-4470-B9D1-09605EAA44F3}.Debug|Any CPU.Build.0 = Debug|Any CPU
		{4A9C406E-BEA1-4470-B9D1-09605EAA44F3}.Debug|x64.ActiveCfg = Debug|Any CPU
		{4A9C406E-BEA1-4470-B9D1-09605EAA44F3}.Debug|x64.Build.0 = Debug|Any CPU
		{4A9C406E-BEA1-4470-B9D1-09605EAA44F3}.Debug|x86.ActiveCfg = Debug|Any CPU
		{4A9C406E-BEA1-4470-B9D1-09605EAA44F3}.Debug|x86.Build.0 = Debug|Any CPU
		{4A9C406E-BEA1-4470-B9D1-09605EAA44F3}.PRODUCT|Any CPU.ActiveCfg = PRODUCT|Any CPU
		{4A9C406E-BEA1-4470-B9D1-09605EAA44F3}.PRODUCT|Any CPU.Build.0 = PRODUCT|Any CPU
		{4A9C406E-BEA1-4470-B9D1-09605EAA44F3}.PRODUCT|x64.ActiveCfg = PRODUCT|Any CPU
		{4A9C406E-BEA1-4470-B9D1-09605EAA44F3}.PRODUCT|x64.Build.0 = PRODUCT|Any CPU
		{4A9C406E-BEA1-4470-B9D1-09605EAA44F3}.PRODUCT|x86.ActiveCfg = PRODUCT|Any CPU
		{4A9C406E-BEA1-4470-B9D1-09605EAA44F3}.PRODUCT|x86.Build.0 = PRODUCT|Any CPU
		{4A9C406E-BEA1-4470-B9D1-09605EAA44F3}.Release|Any CPU.ActiveCfg = Release|Any CPU
		{4A9C406E-BEA1-4470-B9D1-09605EAA44F3}.Release|Any CPU.Build.0 = Release|Any CPU
		{4A9C406E-BEA1-4470-B9D1-09605EAA44F3}.Release|x64.ActiveCfg = Release|Any CPU
		{4A9C406E-BEA1-4470-B9D1-09605EAA44F3}.Release|x64.Build.0 = Release|Any CPU
		{4A9C406E-BEA1-4470-B9D1-09605EAA44F3}.Release|x86.ActiveCfg = Release|Any CPU
		{4A9C406E-BEA1-4470-B9D1-09605EAA44F3}.Release|x86.Build.0 = Release|Any CPU
		{5B5804CE-0652-4BD8-BCD0-E3C038AC9FEA}.Debug|Any CPU.ActiveCfg = Debug|Any CPU
		{5B5804CE-0652-4BD8-BCD0-E3C038AC9FEA}.Debug|Any CPU.Build.0 = Debug|Any CPU
		{5B5804CE-0652-4BD8-BCD0-E3C038AC9FEA}.Debug|x64.ActiveCfg = Debug|Any CPU
		{5B5804CE-0652-4BD8-BCD0-E3C038AC9FEA}.Debug|x64.Build.0 = Debug|Any CPU
		{5B5804CE-0652-4BD8-BCD0-E3C038AC9FEA}.Debug|x86.ActiveCfg = Debug|Any CPU
		{5B5804CE-0652-4BD8-BCD0-E3C038AC9FEA}.Debug|x86.Build.0 = Debug|Any CPU
		{5B5804CE-0652-4BD8-BCD0-E3C038AC9FEA}.PRODUCT|Any CPU.ActiveCfg = PRODUCT|Any CPU
		{5B5804CE-0652-4BD8-BCD0-E3C038AC9FEA}.PRODUCT|Any CPU.Build.0 = PRODUCT|Any CPU
		{5B5804CE-0652-4BD8-BCD0-E3C038AC9FEA}.PRODUCT|x64.ActiveCfg = PRODUCT|Any CPU
		{5B5804CE-0652-4BD8-BCD0-E3C038AC9FEA}.PRODUCT|x64.Build.0 = PRODUCT|Any CPU
		{5B5804CE-0652-4BD8-BCD0-E3C038AC9FEA}.PRODUCT|x86.ActiveCfg = PRODUCT|Any CPU
		{5B5804CE-0652-4BD8-BCD0-E3C038AC9FEA}.PRODUCT|x86.Build.0 = PRODUCT|Any CPU
		{5B5804CE-0652-4BD8-BCD0-E3C038AC9FEA}.Release|Any CPU.ActiveCfg = Release|Any CPU
		{5B5804CE-0652-4BD8-BCD0-E3C038AC9FEA}.Release|Any CPU.Build.0 = Release|Any CPU
		{5B5804CE-0652-4BD8-BCD0-E3C038AC9FEA}.Release|x64.ActiveCfg = Release|Any CPU
		{5B5804CE-0652-4BD8-BCD0-E3C038AC9FEA}.Release|x64.Build.0 = Release|Any CPU
		{5B5804CE-0652-4BD8-BCD0-E3C038AC9FEA}.Release|x86.ActiveCfg = Release|Any CPU
		{5B5804CE-0652-4BD8-BCD0-E3C038AC9FEA}.Release|x86.Build.0 = Release|Any CPU
		{03E4A28D-708D-4EA0-8A78-BD059A8BDFC6}.Debug|Any CPU.ActiveCfg = Debug|Any CPU
		{03E4A28D-708D-4EA0-8A78-BD059A8BDFC6}.Debug|Any CPU.Build.0 = Debug|Any CPU
		{03E4A28D-708D-4EA0-8A78-BD059A8BDFC6}.Debug|x64.ActiveCfg = Debug|Any CPU
		{03E4A28D-708D-4EA0-8A78-BD059A8BDFC6}.Debug|x64.Build.0 = Debug|Any CPU
		{03E4A28D-708D-4EA0-8A78-BD059A8BDFC6}.Debug|x86.ActiveCfg = Debug|Any CPU
		{03E4A28D-708D-4EA0-8A78-BD059A8BDFC6}.Debug|x86.Build.0 = Debug|Any CPU
		{03E4A28D-708D-4EA0-8A78-BD059A8BDFC6}.PRODUCT|Any CPU.ActiveCfg = Release|Any CPU
		{03E4A28D-708D-4EA0-8A78-BD059A8BDFC6}.PRODUCT|Any CPU.Build.0 = Release|Any CPU
		{03E4A28D-708D-4EA0-8A78-BD059A8BDFC6}.PRODUCT|x64.ActiveCfg = Release|Any CPU
		{03E4A28D-708D-4EA0-8A78-BD059A8BDFC6}.PRODUCT|x64.Build.0 = Release|Any CPU
		{03E4A28D-708D-4EA0-8A78-BD059A8BDFC6}.PRODUCT|x86.ActiveCfg = Release|Any CPU
		{03E4A28D-708D-4EA0-8A78-BD059A8BDFC6}.PRODUCT|x86.Build.0 = Release|Any CPU
		{03E4A28D-708D-4EA0-8A78-BD059A8BDFC6}.Release|Any CPU.ActiveCfg = Release|Any CPU
		{03E4A28D-708D-4EA0-8A78-BD059A8BDFC6}.Release|Any CPU.Build.0 = Release|Any CPU
		{03E4A28D-708D-4EA0-8A78-BD059A8BDFC6}.Release|x64.ActiveCfg = Release|Any CPU
		{03E4A28D-708D-4EA0-8A78-BD059A8BDFC6}.Release|x64.Build.0 = Release|Any CPU
		{03E4A28D-708D-4EA0-8A78-BD059A8BDFC6}.Release|x86.ActiveCfg = Release|Any CPU
		{03E4A28D-708D-4EA0-8A78-BD059A8BDFC6}.Release|x86.Build.0 = Release|Any CPU
		{0F4EE0D1-1642-4D97-89EC-3FD475298ECF}.Debug|Any CPU.ActiveCfg = Debug|Any CPU
		{0F4EE0D1-1642-4D97-89EC-3FD475298ECF}.Debug|Any CPU.Build.0 = Debug|Any CPU
		{0F4EE0D1-1642-4D97-89EC-3FD475298ECF}.Debug|x64.ActiveCfg = Debug|Any CPU
		{0F4EE0D1-1642-4D97-89EC-3FD475298ECF}.Debug|x64.Build.0 = Debug|Any CPU
		{0F4EE0D1-1642-4D97-89EC-3FD475298ECF}.Debug|x86.ActiveCfg = Debug|Any CPU
		{0F4EE0D1-1642-4D97-89EC-3FD475298ECF}.Debug|x86.Build.0 = Debug|Any CPU
		{0F4EE0D1-1642-4D97-89EC-3FD475298ECF}.PRODUCT|Any CPU.ActiveCfg = PRODUCT|Any CPU
		{0F4EE0D1-1642-4D97-89EC-3FD475298ECF}.PRODUCT|Any CPU.Build.0 = PRODUCT|Any CPU
		{0F4EE0D1-1642-4D97-89EC-3FD475298ECF}.PRODUCT|x64.ActiveCfg = PRODUCT|Any CPU
		{0F4EE0D1-1642-4D97-89EC-3FD475298ECF}.PRODUCT|x64.Build.0 = PRODUCT|Any CPU
		{0F4EE0D1-1642-4D97-89EC-3FD475298ECF}.PRODUCT|x86.ActiveCfg = PRODUCT|Any CPU
		{0F4EE0D1-1642-4D97-89EC-3FD475298ECF}.PRODUCT|x86.Build.0 = PRODUCT|Any CPU
		{0F4EE0D1-1642-4D97-89EC-3FD475298ECF}.Release|Any CPU.ActiveCfg = Release|Any CPU
		{0F4EE0D1-1642-4D97-89EC-3FD475298ECF}.Release|Any CPU.Build.0 = Release|Any CPU
		{0F4EE0D1-1642-4D97-89EC-3FD475298ECF}.Release|x64.ActiveCfg = Release|Any CPU
		{0F4EE0D1-1642-4D97-89EC-3FD475298ECF}.Release|x64.Build.0 = Release|Any CPU
		{0F4EE0D1-1642-4D97-89EC-3FD475298ECF}.Release|x86.ActiveCfg = Release|Any CPU
		{0F4EE0D1-1642-4D97-89EC-3FD475298ECF}.Release|x86.Build.0 = Release|Any CPU
		{825711E0-451F-4EDA-9560-A624350DE411}.Debug|Any CPU.ActiveCfg = Debug|Any CPU
		{825711E0-451F-4EDA-9560-A624350DE411}.Debug|Any CPU.Build.0 = Debug|Any CPU
		{825711E0-451F-4EDA-9560-A624350DE411}.Debug|x64.ActiveCfg = Debug|Any CPU
		{825711E0-451F-4EDA-9560-A624350DE411}.Debug|x64.Build.0 = Debug|Any CPU
		{825711E0-451F-4EDA-9560-A624350DE411}.Debug|x86.ActiveCfg = Debug|Any CPU
		{825711E0-451F-4EDA-9560-A624350DE411}.Debug|x86.Build.0 = Debug|Any CPU
		{825711E0-451F-4EDA-9560-A624350DE411}.PRODUCT|Any CPU.ActiveCfg = PRODUCT|Any CPU
		{825711E0-451F-4EDA-9560-A624350DE411}.PRODUCT|Any CPU.Build.0 = PRODUCT|Any CPU
		{825711E0-451F-4EDA-9560-A624350DE411}.PRODUCT|x64.ActiveCfg = PRODUCT|Any CPU
		{825711E0-451F-4EDA-9560-A624350DE411}.PRODUCT|x64.Build.0 = PRODUCT|Any CPU
		{825711E0-451F-4EDA-9560-A624350DE411}.PRODUCT|x86.ActiveCfg = PRODUCT|Any CPU
		{825711E0-451F-4EDA-9560-A624350DE411}.PRODUCT|x86.Build.0 = PRODUCT|Any CPU
		{825711E0-451F-4EDA-9560-A624350DE411}.Release|Any CPU.ActiveCfg = Release|Any CPU
		{825711E0-451F-4EDA-9560-A624350DE411}.Release|Any CPU.Build.0 = Release|Any CPU
		{825711E0-451F-4EDA-9560-A624350DE411}.Release|x64.ActiveCfg = Release|Any CPU
		{825711E0-451F-4EDA-9560-A624350DE411}.Release|x64.Build.0 = Release|Any CPU
		{825711E0-451F-4EDA-9560-A624350DE411}.Release|x86.ActiveCfg = Release|Any CPU
		{825711E0-451F-4EDA-9560-A624350DE411}.Release|x86.Build.0 = Release|Any CPU
		{DCC845F6-BE3B-4553-A4DE-E679FC69CD8E}.Debug|Any CPU.ActiveCfg = Debug|Any CPU
		{DCC845F6-BE3B-4553-A4DE-E679FC69CD8E}.Debug|Any CPU.Build.0 = Debug|Any CPU
		{DCC845F6-BE3B-4553-A4DE-E679FC69CD8E}.Debug|x64.ActiveCfg = Debug|Any CPU
		{DCC845F6-BE3B-4553-A4DE-E679FC69CD8E}.Debug|x64.Build.0 = Debug|Any CPU
		{DCC845F6-BE3B-4553-A4DE-E679FC69CD8E}.Debug|x86.ActiveCfg = Debug|Any CPU
		{DCC845F6-BE3B-4553-A4DE-E679FC69CD8E}.Debug|x86.Build.0 = Debug|Any CPU
		{DCC845F6-BE3B-4553-A4DE-E679FC69CD8E}.PRODUCT|Any CPU.ActiveCfg = Release|Any CPU
		{DCC845F6-BE3B-4553-A4DE-E679FC69CD8E}.PRODUCT|Any CPU.Build.0 = Release|Any CPU
		{DCC845F6-BE3B-4553-A4DE-E679FC69CD8E}.PRODUCT|x64.ActiveCfg = Release|Any CPU
		{DCC845F6-BE3B-4553-A4DE-E679FC69CD8E}.PRODUCT|x64.Build.0 = Release|Any CPU
		{DCC845F6-BE3B-4553-A4DE-E679FC69CD8E}.PRODUCT|x86.ActiveCfg = Release|Any CPU
		{DCC845F6-BE3B-4553-A4DE-E679FC69CD8E}.PRODUCT|x86.Build.0 = Release|Any CPU
		{DCC845F6-BE3B-4553-A4DE-E679FC69CD8E}.Release|Any CPU.ActiveCfg = Release|Any CPU
		{DCC845F6-BE3B-4553-A4DE-E679FC69CD8E}.Release|Any CPU.Build.0 = Release|Any CPU
		{DCC845F6-BE3B-4553-A4DE-E679FC69CD8E}.Release|x64.ActiveCfg = Release|Any CPU
		{DCC845F6-BE3B-4553-A4DE-E679FC69CD8E}.Release|x64.Build.0 = Release|Any CPU
		{DCC845F6-BE3B-4553-A4DE-E679FC69CD8E}.Release|x86.ActiveCfg = Release|Any CPU
		{DCC845F6-BE3B-4553-A4DE-E679FC69CD8E}.Release|x86.Build.0 = Release|Any CPU
		{97F4653E-DFBE-4CB1-B390-915011B9DE57}.Debug|Any CPU.ActiveCfg = Debug|Any CPU
		{97F4653E-DFBE-4CB1-B390-915011B9DE57}.Debug|Any CPU.Build.0 = Debug|Any CPU
		{97F4653E-DFBE-4CB1-B390-915011B9DE57}.Debug|x64.ActiveCfg = Debug|Any CPU
		{97F4653E-DFBE-4CB1-B390-915011B9DE57}.Debug|x64.Build.0 = Debug|Any CPU
		{97F4653E-DFBE-4CB1-B390-915011B9DE57}.Debug|x86.ActiveCfg = Debug|Any CPU
		{97F4653E-DFBE-4CB1-B390-915011B9DE57}.Debug|x86.Build.0 = Debug|Any CPU
		{97F4653E-DFBE-4CB1-B390-915011B9DE57}.PRODUCT|Any CPU.ActiveCfg = Release|Any CPU
		{97F4653E-DFBE-4CB1-B390-915011B9DE57}.PRODUCT|Any CPU.Build.0 = Release|Any CPU
		{97F4653E-DFBE-4CB1-B390-915011B9DE57}.PRODUCT|x64.ActiveCfg = Release|Any CPU
		{97F4653E-DFBE-4CB1-B390-915011B9DE57}.PRODUCT|x64.Build.0 = Release|Any CPU
		{97F4653E-DFBE-4CB1-B390-915011B9DE57}.PRODUCT|x86.ActiveCfg = Release|Any CPU
		{97F4653E-DFBE-4CB1-B390-915011B9DE57}.PRODUCT|x86.Build.0 = Release|Any CPU
		{97F4653E-DFBE-4CB1-B390-915011B9DE57}.Release|Any CPU.ActiveCfg = Release|Any CPU
		{97F4653E-DFBE-4CB1-B390-915011B9DE57}.Release|Any CPU.Build.0 = Release|Any CPU
		{97F4653E-DFBE-4CB1-B390-915011B9DE57}.Release|x64.ActiveCfg = Release|Any CPU
		{97F4653E-DFBE-4CB1-B390-915011B9DE57}.Release|x64.Build.0 = Release|Any CPU
		{97F4653E-DFBE-4CB1-B390-915011B9DE57}.Release|x86.ActiveCfg = Release|Any CPU
		{97F4653E-DFBE-4CB1-B390-915011B9DE57}.Release|x86.Build.0 = Release|Any CPU
	EndGlobalSection
	GlobalSection(SolutionProperties) = preSolution
		HideSolutionNode = FALSE
	EndGlobalSection
EndGlobal
