
Microsoft Visual Studio Solution File, Format Version 12.00
# Visual Studio 14
VisualStudioVersion = 14.0.25420.1
MinimumVisualStudioVersion = 10.0.40219.1
Project("{FAE04EC0-301F-11D3-BF4B-00C04F79EFBC}") = "CpTesterSs", "CpTesterPlatformRelease\CpTesterSs\CpTesterSs.csproj", "{326A8A95-5429-45B2-B96E-E92332B3441F}"
EndProject
Project("{2150E333-8FDC-42A3-9474-1A3956D46DE8}") = "Devices", "Devices", "{38731EF8-6E48-4823-A3B2-CAC835FCFF28}"
EndProject
Project("{2150E333-8FDC-42A3-9474-1A3956D46DE8}") = "MngDev", "MngDev", "{3FFDC1E3-09BE-4456-BD70-5F38A81ED484}"
EndProject
Project("{2150E333-8FDC-42A3-9474-1A3956D46DE8}") = "Comm", "Comm", "{9C490CB7-DBA1-4F9C-8E7A-80B0451FE484}"
EndProject
Project("{2150E333-8FDC-42A3-9474-1A3956D46DE8}") = "Comm", "Comm", "{93A45A82-13FF-4539-87AE-D18CCE7F217F}"
EndProject
Project("{FAE04EC0-301F-11D3-BF4B-00C04F79EFBC}") = "CpMngNetworkTcpIp", "CpTesterPlatformRelease\MngDev\Comm\CpMngNetworkTcpIp\CpMngNetworkTcpIp.csproj", "{5D81BA02-90C3-4CEA-83E9-E9867A945426}"
EndProject
Project("{2150E333-8FDC-42A3-9474-1A3956D46DE8}") = "CpFunctions", "CpFunctions", "{32164094-8AAC-4094-87E7-9E82B5AB7FD0}"
EndProject
Project("{FAE04EC0-301F-11D3-BF4B-00C04F79EFBC}") = "CpFunctionDefault", "CpTesterPlatformRelease\CpFunctions\CpFunctionDefault\CpFunctionDefault.csproj", "{739A5790-B479-4E8E-B857-690EC053865D}"
EndProject
Project("{FAE04EC0-301F-11D3-BF4B-00C04F79EFBC}") = "CpTStepDevLib", "CpTesterPlatformRelease\CpTStepDevLib\CpTStepDevLib.csproj", "{92CB2AF3-2755-4789-9140-A8E853CE3AAD}"
EndProject
Project("{2150E333-8FDC-42A3-9474-1A3956D46DE8}") = "DeviceDrivers", "DeviceDrivers", "{40868B28-982A-456D-ABAD-1EDD81C9CBCC}"
EndProject
Project("{F2A71F9B-5D33-465A-A702-920D77279786}") = "Dsu.Driver.Etc.FS", "Dsu.Driver.Etc.FS\Dsu.Driver.Etc.FS.fsproj", "{9828EDE8-200D-468B-95BE-574F32ED22C2}"
EndProject
Project("{F2A71F9B-5D33-465A-A702-920D77279786}") = "Dsu.Driver.Base.FS", "Dsu.Driver.Base.FS\Dsu.Driver.Base.FS.fsproj", "{054DDDBF-2FD8-47B6-A083-537C394BF077}"
EndProject
Project("{2150E333-8FDC-42A3-9474-1A3956D46DE8}") = "BaseProjects", "BaseProjects", "{6E86B1CA-DB35-4094-BF24-25DCFDC71A53}"
EndProject
Project("{F2A71F9B-5D33-465A-A702-920D77279786}") = "Dsu.Common.Utilities.FS", "..\..\..\common\Dsu.Common.Utilities.FS\Dsu.Common.Utilities.FS.fsproj", "{4E5D41D3-C394-4C16-8690-7A6E1A62BCA8}"
EndProject
Project("{FAE04EC0-301F-11D3-BF4B-00C04F79EFBC}") = "Dsu.Driver.PaixWrapper", "Dsu.Driver.PaixWrapper\Dsu.Driver.PaixWrapper.csproj", "{F3FE565B-B00A-49A8-BD21-DF514774FF44}"
EndProject
Project("{2150E333-8FDC-42A3-9474-1A3956D46DE8}") = "TestProjects", "TestProjects", "{2A432E55-5C11-4DA9-B8FB-CA0EE0898129}"
EndProject
Project("{FAE04EC0-301F-11D3-BF4B-00C04F79EFBC}") = "Dsu.Common.Utilities.Core", "..\..\..\common\Dsu.Common.Utilities.Core\Dsu.Common.Utilities.Core.csproj", "{853D287B-5D4B-4167-83A5-EEDBB1EEA448}"
EndProject
Project("{FAE04EC0-301F-11D3-BF4B-00C04F79EFBC}") = "CpSample", "CpTesterPlatformRelease\CpSample\CpSample.csproj", "{DE6CFC43-5905-42A6-8CD2-0E0A8BCD0141}"
EndProject
Project("{FAE04EC0-301F-11D3-BF4B-00C04F79EFBC}") = "CpMngRS232", "CpTesterPlatformRelease\MngDev\Comm\CpMngRS232\CpMngRS232.csproj", "{442E1F9A-068F-49CD-B54B-6B310B58A89E}"
EndProject
Project("{F2A71F9B-5D33-465A-A702-920D77279786}") = "Dsu.Driver.NiDAQ.FS", "Dsu.Driver.NiDAQ.FS\Dsu.Driver.NiDAQ.FS.fsproj", "{414FAD91-80CE-4258-A0DE-876A75D66DA8}"
EndProject
Project("{FAE04EC0-301F-11D3-BF4B-00C04F79EFBC}") = "CpDevDAQ_NI", "CpTesterPlatformRelease\Devices\Comm\CpDevDAQ_NI\CpDevDAQ_NI.csproj", "{02C56EE9-6FD4-4BDA-953E-947C2B1C5DE3}"
EndProject
Project("{FAE04EC0-301F-11D3-BF4B-00C04F79EFBC}") = "CpMngDAQControl", "CpTesterPlatformRelease\MngDev\Comm\CpMngDAQControl\CpMngDAQControl.csproj", "{5304F8DB-66DD-4CC5-B8B2-B0CB59747EC1}"
EndProject
Project("{FAE04EC0-301F-11D3-BF4B-00C04F79EFBC}") = "Dsa.NiDaq.Explorer", "Dsa.NiDaq.Explorer\Dsa.NiDaq.Explorer.csproj", "{9A21FB45-8C9C-4717-B2AF-8901DBA704A9}"
EndProject
Project("{F2A71F9B-5D33-465A-A702-920D77279786}") = "Dsu.Driver.Math.FS", "Dsu.Driver.Math.FS\Dsu.Driver.Math.FS.fsproj", "{0B975D84-7857-431D-8791-535758D0B051}"
EndProject
Project("{FAE04EC0-301F-11D3-BF4B-00C04F79EFBC}") = "Dsu.Driver.UI", "Dsu.Driver.UI\Dsu.Driver.UI.csproj", "{8F4FF035-86C7-452F-BE2D-ED2B5FFFC35A}"
EndProject
Project("{FAE04EC0-301F-11D3-BF4B-00C04F79EFBC}") = "DriverTestWinform", "DriverTestWinform\DriverTestWinform.csproj", "{1E94DED3-40EF-4C44-AA12-67FCAA1121FD}"
EndProject
Project("{FAE04EC0-301F-11D3-BF4B-00C04F79EFBC}") = "CpSystem", "CpTesterPlatformRelease\CpSystem\CpSystem.csproj", "{5BB28232-269E-4AC5-BB65-573D30FE517C}"
EndProject
Project("{FAE04EC0-301F-11D3-BF4B-00C04F79EFBC}") = "Dsu.PLC.Melsec", "..\..\..\common\PLCInterface\Dsu.PLC\Dsu.PLC.Melsec.csproj", "{DCC845F6-BE3B-4553-A4DE-E679FC69CD8E}"
EndProject
Project("{FAE04EC0-301F-11D3-BF4B-00C04F79EFBC}") = "Dsu.Common.Utilities", "..\..\..\common\Dsu.Common.Utilities\Dsu.Common.Utilities.csproj", "{825711E0-451F-4EDA-9560-A624350DE411}"
EndProject
Project("{FAE04EC0-301F-11D3-BF4B-00C04F79EFBC}") = "Dsu.Common.Utilities.DX", "..\..\..\common\Dsu.Common.Utilities.DX\Dsu.Common.Utilities.DX.csproj", "{0F4EE0D1-1642-4D97-89EC-3FD475298ECF}"
EndProject
Project("{FAE04EC0-301F-11D3-BF4B-00C04F79EFBC}") = "Dsa.PaixStopper", "Dsa.PaixStopper\Dsa.PaixStopper.csproj", "{8BFAC410-9B24-4658-869A-49346756F6D1}"
EndProject
Project("{FAE04EC0-301F-11D3-BF4B-00C04F79EFBC}") = "Dsu.Common.Resources", "..\..\..\common\Dsu.Common.Resources\Dsu.Common.Resources.csproj", "{5B5804CE-0652-4BD8-BCD0-E3C038AC9FEA}"
EndProject
Project("{FAE04EC0-301F-11D3-BF4B-00C04F79EFBC}") = "Dsu.Common.Docking", "..\..\..\common\Dsu.Common.Docking\Dsu.Common.Docking.csproj", "{03E4A28D-708D-4EA0-8A78-BD059A8BDFC6}"
EndProject
Project("{FAE04EC0-301F-11D3-BF4B-00C04F79EFBC}") = "Dsu.Common.Interfaces", "..\..\..\common\Dsu.Common.Interfaces\Dsu.Common.Interfaces.csproj", "{4A9C406E-BEA1-4470-B9D1-09605EAA44F3}"
EndProject
Project("{FAE04EC0-301F-11D3-BF4B-00C04F79EFBC}") = "CpTrendViewChart", "CpTesterPlatformRelease\CpTrendViewChart\CpTrendViewChart.csproj", "{5FDFAF20-DF91-4660-9F64-010FCA3D35EB}"
EndProject
Project("{FAE04EC0-301F-11D3-BF4B-00C04F79EFBC}") = "Dsu.Driver.Util", "Dsu.Driver.Util\Dsu.Driver.Util.csproj", "{73ADFEFB-0162-4C29-A679-9A8897F707B5}"
EndProject
Project("{FAE04EC0-301F-11D3-BF4B-00C04F79EFBC}") = "CpResultViewTable", "CpTesterPlatformRelease\CpResultViewTable\CpResultViewTable.csproj", "{8DE8C38D-7953-4DAD-84C0-03A33C56178D}"
EndProject
Project("{FAE04EC0-301F-11D3-BF4B-00C04F79EFBC}") = "Dsu.Driver.Base", "Dsu.Driver.Base\Dsu.Driver.Base.csproj", "{DEDF4176-E7D3-45D4-832D-A09E0BAEDD1C}"
EndProject
Project("{FAE04EC0-301F-11D3-BF4B-00C04F79EFBC}") = "CpBase", "CpTesterPlatformRelease\CpFunctions\CpBase\CpBase.csproj", "{F511FD68-6B01-4DA9-9920-C28B130A85FA}"
EndProject
Project("{FAE04EC0-301F-11D3-BF4B-00C04F79EFBC}") = "CpDeviceDsBase", "CpTesterPlatformRelease\Devices\CpDeviceDsBase\CpDeviceDsBase.csproj", "{F080AFD7-0A2F-4724-A652-7938DA84E87A}"
EndProject
Project("{F2A71F9B-5D33-465A-A702-920D77279786}") = "Dsu.Common.Utilities.ComputationExpressions.FS", "..\..\..\common\Dsu.Common.Utilities.ComputationExpressions.FS\Dsu.Common.Utilities.ComputationExpressions.FS.fsproj", "{7BC7F4BB-0245-4BB2-A38F-E22D0C718CA5}"
EndProject
Global
	GlobalSection(SolutionConfigurationPlatforms) = preSolution
		Debug|Any CPU = Debug|Any CPU
		Debug|x64 = Debug|x64
		Debug|x86 = Debug|x86
		PRODUCT|Any CPU = PRODUCT|Any CPU
		PRODUCT|x64 = PRODUCT|x64
		PRODUCT|x86 = PRODUCT|x86
		Release|Any CPU = Release|Any CPU
		Release|x64 = Release|x64
		Release|x86 = Release|x86
	EndGlobalSection
	GlobalSection(ProjectConfigurationPlatforms) = postSolution
		{326A8A95-5429-45B2-B96E-E92332B3441F}.Debug|Any CPU.ActiveCfg = Debug|Any CPU
		{326A8A95-5429-45B2-B96E-E92332B3441F}.Debug|Any CPU.Build.0 = Debug|Any CPU
		{326A8A95-5429-45B2-B96E-E92332B3441F}.Debug|x64.ActiveCfg = Debug|Any CPU
		{326A8A95-5429-45B2-B96E-E92332B3441F}.Debug|x64.Build.0 = Debug|Any CPU
		{326A8A95-5429-45B2-B96E-E92332B3441F}.Debug|x86.ActiveCfg = Debug|Any CPU
		{326A8A95-5429-45B2-B96E-E92332B3441F}.Debug|x86.Build.0 = Debug|Any CPU
		{326A8A95-5429-45B2-B96E-E92332B3441F}.PRODUCT|Any CPU.ActiveCfg = Release|Any CPU
		{326A8A95-5429-45B2-B96E-E92332B3441F}.PRODUCT|Any CPU.Build.0 = Release|Any CPU
		{326A8A95-5429-45B2-B96E-E92332B3441F}.PRODUCT|x64.ActiveCfg = Release|x64
		{326A8A95-5429-45B2-B96E-E92332B3441F}.PRODUCT|x64.Build.0 = Release|x64
		{326A8A95-5429-45B2-B96E-E92332B3441F}.PRODUCT|x86.ActiveCfg = Release|Any CPU
		{326A8A95-5429-45B2-B96E-E92332B3441F}.PRODUCT|x86.Build.0 = Release|Any CPU
		{326A8A95-5429-45B2-B96E-E92332B3441F}.Release|Any CPU.ActiveCfg = Release|Any CPU
		{326A8A95-5429-45B2-B96E-E92332B3441F}.Release|Any CPU.Build.0 = Release|Any CPU
		{326A8A95-5429-45B2-B96E-E92332B3441F}.Release|x64.ActiveCfg = Release|Any CPU
		{326A8A95-5429-45B2-B96E-E92332B3441F}.Release|x64.Build.0 = Release|Any CPU
		{326A8A95-5429-45B2-B96E-E92332B3441F}.Release|x86.ActiveCfg = Release|Any CPU
		{326A8A95-5429-45B2-B96E-E92332B3441F}.Release|x86.Build.0 = Release|Any CPU
		{5D81BA02-90C3-4CEA-83E9-E9867A945426}.Debug|Any CPU.ActiveCfg = Debug|Any CPU
		{5D81BA02-90C3-4CEA-83E9-E9867A945426}.Debug|Any CPU.Build.0 = Debug|Any CPU
		{5D81BA02-90C3-4CEA-83E9-E9867A945426}.Debug|x64.ActiveCfg = Debug|x64
		{5D81BA02-90C3-4CEA-83E9-E9867A945426}.Debug|x64.Build.0 = Debug|x64
		{5D81BA02-90C3-4CEA-83E9-E9867A945426}.Debug|x86.ActiveCfg = Debug|Any CPU
		{5D81BA02-90C3-4CEA-83E9-E9867A945426}.Debug|x86.Build.0 = Debug|Any CPU
		{5D81BA02-90C3-4CEA-83E9-E9867A945426}.PRODUCT|Any CPU.ActiveCfg = Release|Any CPU
		{5D81BA02-90C3-4CEA-83E9-E9867A945426}.PRODUCT|Any CPU.Build.0 = Release|Any CPU
		{5D81BA02-90C3-4CEA-83E9-E9867A945426}.PRODUCT|x64.ActiveCfg = Release|x64
		{5D81BA02-90C3-4CEA-83E9-E9867A945426}.PRODUCT|x64.Build.0 = Release|x64
		{5D81BA02-90C3-4CEA-83E9-E9867A945426}.PRODUCT|x86.ActiveCfg = Release|Any CPU
		{5D81BA02-90C3-4CEA-83E9-E9867A945426}.PRODUCT|x86.Build.0 = Release|Any CPU
		{5D81BA02-90C3-4CEA-83E9-E9867A945426}.Release|Any CPU.ActiveCfg = Release|Any CPU
		{5D81BA02-90C3-4CEA-83E9-E9867A945426}.Release|Any CPU.Build.0 = Release|Any CPU
		{5D81BA02-90C3-4CEA-83E9-E9867A945426}.Release|x64.ActiveCfg = Release|x64
		{5D81BA02-90C3-4CEA-83E9-E9867A945426}.Release|x64.Build.0 = Release|x64
		{5D81BA02-90C3-4CEA-83E9-E9867A945426}.Release|x86.ActiveCfg = Release|Any CPU
		{5D81BA02-90C3-4CEA-83E9-E9867A945426}.Release|x86.Build.0 = Release|Any CPU
		{739A5790-B479-4E8E-B857-690EC053865D}.Debug|Any CPU.ActiveCfg = Debug|Any CPU
		{739A5790-B479-4E8E-B857-690EC053865D}.Debug|Any CPU.Build.0 = Debug|Any CPU
		{739A5790-B479-4E8E-B857-690EC053865D}.Debug|x64.ActiveCfg = Debug|x64
		{739A5790-B479-4E8E-B857-690EC053865D}.Debug|x64.Build.0 = Debug|x64
		{739A5790-B479-4E8E-B857-690EC053865D}.Debug|x86.ActiveCfg = Debug|Any CPU
		{739A5790-B479-4E8E-B857-690EC053865D}.Debug|x86.Build.0 = Debug|Any CPU
		{739A5790-B479-4E8E-B857-690EC053865D}.PRODUCT|Any CPU.ActiveCfg = Release|Any CPU
		{739A5790-B479-4E8E-B857-690EC053865D}.PRODUCT|Any CPU.Build.0 = Release|Any CPU
		{739A5790-B479-4E8E-B857-690EC053865D}.PRODUCT|x64.ActiveCfg = Release|x64
		{739A5790-B479-4E8E-B857-690EC053865D}.PRODUCT|x64.Build.0 = Release|x64
		{739A5790-B479-4E8E-B857-690EC053865D}.PRODUCT|x86.ActiveCfg = Release|Any CPU
		{739A5790-B479-4E8E-B857-690EC053865D}.PRODUCT|x86.Build.0 = Release|Any CPU
		{739A5790-B479-4E8E-B857-690EC053865D}.Release|Any CPU.ActiveCfg = Release|Any CPU
		{739A5790-B479-4E8E-B857-690EC053865D}.Release|Any CPU.Build.0 = Release|Any CPU
		{739A5790-B479-4E8E-B857-690EC053865D}.Release|x64.ActiveCfg = Release|x64
		{739A5790-B479-4E8E-B857-690EC053865D}.Release|x64.Build.0 = Release|x64
		{739A5790-B479-4E8E-B857-690EC053865D}.Release|x86.ActiveCfg = Release|Any CPU
		{739A5790-B479-4E8E-B857-690EC053865D}.Release|x86.Build.0 = Release|Any CPU
		{92CB2AF3-2755-4789-9140-A8E853CE3AAD}.Debug|Any CPU.ActiveCfg = Debug|Any CPU
		{92CB2AF3-2755-4789-9140-A8E853CE3AAD}.Debug|Any CPU.Build.0 = Debug|Any CPU
		{92CB2AF3-2755-4789-9140-A8E853CE3AAD}.Debug|x64.ActiveCfg = Debug|Any CPU
		{92CB2AF3-2755-4789-9140-A8E853CE3AAD}.Debug|x64.Build.0 = Debug|Any CPU
		{92CB2AF3-2755-4789-9140-A8E853CE3AAD}.Debug|x86.ActiveCfg = Debug|Any CPU
		{92CB2AF3-2755-4789-9140-A8E853CE3AAD}.Debug|x86.Build.0 = Debug|Any CPU
		{92CB2AF3-2755-4789-9140-A8E853CE3AAD}.PRODUCT|Any CPU.ActiveCfg = Release|Any CPU
		{92CB2AF3-2755-4789-9140-A8E853CE3AAD}.PRODUCT|Any CPU.Build.0 = Release|Any CPU
		{92CB2AF3-2755-4789-9140-A8E853CE3AAD}.PRODUCT|x64.ActiveCfg = Release|Any CPU
		{92CB2AF3-2755-4789-9140-A8E853CE3AAD}.PRODUCT|x64.Build.0 = Release|Any CPU
		{92CB2AF3-2755-4789-9140-A8E853CE3AAD}.PRODUCT|x86.ActiveCfg = Release|Any CPU
		{92CB2AF3-2755-4789-9140-A8E853CE3AAD}.PRODUCT|x86.Build.0 = Release|Any CPU
		{92CB2AF3-2755-4789-9140-A8E853CE3AAD}.Release|Any CPU.ActiveCfg = Release|Any CPU
		{92CB2AF3-2755-4789-9140-A8E853CE3AAD}.Release|Any CPU.Build.0 = Release|Any CPU
		{92CB2AF3-2755-4789-9140-A8E853CE3AAD}.Release|x64.ActiveCfg = Release|Any CPU
		{92CB2AF3-2755-4789-9140-A8E853CE3AAD}.Release|x64.Build.0 = Release|Any CPU
		{92CB2AF3-2755-4789-9140-A8E853CE3AAD}.Release|x86.ActiveCfg = Release|Any CPU
		{92CB2AF3-2755-4789-9140-A8E853CE3AAD}.Release|x86.Build.0 = Release|Any CPU
		{9828EDE8-200D-468B-95BE-574F32ED22C2}.Debug|Any CPU.ActiveCfg = Debug|Any CPU
		{9828EDE8-200D-468B-95BE-574F32ED22C2}.Debug|Any CPU.Build.0 = Debug|Any CPU
		{9828EDE8-200D-468B-95BE-574F32ED22C2}.Debug|x64.ActiveCfg = Debug|Any CPU
		{9828EDE8-200D-468B-95BE-574F32ED22C2}.Debug|x64.Build.0 = Debug|Any CPU
		{9828EDE8-200D-468B-95BE-574F32ED22C2}.Debug|x86.ActiveCfg = Debug|Any CPU
		{9828EDE8-200D-468B-95BE-574F32ED22C2}.Debug|x86.Build.0 = Debug|Any CPU
		{9828EDE8-200D-468B-95BE-574F32ED22C2}.PRODUCT|Any CPU.ActiveCfg = Release|Any CPU
		{9828EDE8-200D-468B-95BE-574F32ED22C2}.PRODUCT|Any CPU.Build.0 = Release|Any CPU
		{9828EDE8-200D-468B-95BE-574F32ED22C2}.PRODUCT|x64.ActiveCfg = Release|Any CPU
		{9828EDE8-200D-468B-95BE-574F32ED22C2}.PRODUCT|x64.Build.0 = Release|Any CPU
		{9828EDE8-200D-468B-95BE-574F32ED22C2}.PRODUCT|x86.ActiveCfg = Release|Any CPU
		{9828EDE8-200D-468B-95BE-574F32ED22C2}.PRODUCT|x86.Build.0 = Release|Any CPU
		{9828EDE8-200D-468B-95BE-574F32ED22C2}.Release|Any CPU.ActiveCfg = Release|Any CPU
		{9828EDE8-200D-468B-95BE-574F32ED22C2}.Release|Any CPU.Build.0 = Release|Any CPU
		{9828EDE8-200D-468B-95BE-574F32ED22C2}.Release|x64.ActiveCfg = Release|Any CPU
		{9828EDE8-200D-468B-95BE-574F32ED22C2}.Release|x64.Build.0 = Release|Any CPU
		{9828EDE8-200D-468B-95BE-574F32ED22C2}.Release|x86.ActiveCfg = Release|Any CPU
		{9828EDE8-200D-468B-95BE-574F32ED22C2}.Release|x86.Build.0 = Release|Any CPU
		{054DDDBF-2FD8-47B6-A083-537C394BF077}.Debug|Any CPU.ActiveCfg = Debug|Any CPU
		{054DDDBF-2FD8-47B6-A083-537C394BF077}.Debug|Any CPU.Build.0 = Debug|Any CPU
		{054DDDBF-2FD8-47B6-A083-537C394BF077}.Debug|x64.ActiveCfg = Debug|Any CPU
		{054DDDBF-2FD8-47B6-A083-537C394BF077}.Debug|x64.Build.0 = Debug|Any CPU
		{054DDDBF-2FD8-47B6-A083-537C394BF077}.Debug|x86.ActiveCfg = Debug|Any CPU
		{054DDDBF-2FD8-47B6-A083-537C394BF077}.Debug|x86.Build.0 = Debug|Any CPU
		{054DDDBF-2FD8-47B6-A083-537C394BF077}.PRODUCT|Any CPU.ActiveCfg = Release|Any CPU
		{054DDDBF-2FD8-47B6-A083-537C394BF077}.PRODUCT|Any CPU.Build.0 = Release|Any CPU
		{054DDDBF-2FD8-47B6-A083-537C394BF077}.PRODUCT|x64.ActiveCfg = Release|Any CPU
		{054DDDBF-2FD8-47B6-A083-537C394BF077}.PRODUCT|x64.Build.0 = Release|Any CPU
		{054DDDBF-2FD8-47B6-A083-537C394BF077}.PRODUCT|x86.ActiveCfg = Release|Any CPU
		{054DDDBF-2FD8-47B6-A083-537C394BF077}.PRODUCT|x86.Build.0 = Release|Any CPU
		{054DDDBF-2FD8-47B6-A083-537C394BF077}.Release|Any CPU.ActiveCfg = Release|Any CPU
		{054DDDBF-2FD8-47B6-A083-537C394BF077}.Release|Any CPU.Build.0 = Release|Any CPU
		{054DDDBF-2FD8-47B6-A083-537C394BF077}.Release|x64.ActiveCfg = Release|Any CPU
		{054DDDBF-2FD8-47B6-A083-537C394BF077}.Release|x64.Build.0 = Release|Any CPU
		{054DDDBF-2FD8-47B6-A083-537C394BF077}.Release|x86.ActiveCfg = Release|Any CPU
		{054DDDBF-2FD8-47B6-A083-537C394BF077}.Release|x86.Build.0 = Release|Any CPU
		{4E5D41D3-C394-4C16-8690-7A6E1A62BCA8}.Debug|Any CPU.ActiveCfg = Debug|Any CPU
		{4E5D41D3-C394-4C16-8690-7A6E1A62BCA8}.Debug|Any CPU.Build.0 = Debug|Any CPU
		{4E5D41D3-C394-4C16-8690-7A6E1A62BCA8}.Debug|x64.ActiveCfg = Debug|Any CPU
		{4E5D41D3-C394-4C16-8690-7A6E1A62BCA8}.Debug|x64.Build.0 = Debug|Any CPU
		{4E5D41D3-C394-4C16-8690-7A6E1A62BCA8}.Debug|x86.ActiveCfg = Debug|Any CPU
		{4E5D41D3-C394-4C16-8690-7A6E1A62BCA8}.Debug|x86.Build.0 = Debug|Any CPU
		{4E5D41D3-C394-4C16-8690-7A6E1A62BCA8}.PRODUCT|Any CPU.ActiveCfg = Release|Any CPU
		{4E5D41D3-C394-4C16-8690-7A6E1A62BCA8}.PRODUCT|Any CPU.Build.0 = Release|Any CPU
		{4E5D41D3-C394-4C16-8690-7A6E1A62BCA8}.PRODUCT|x64.ActiveCfg = Release|Any CPU
		{4E5D41D3-C394-4C16-8690-7A6E1A62BCA8}.PRODUCT|x64.Build.0 = Release|Any CPU
		{4E5D41D3-C394-4C16-8690-7A6E1A62BCA8}.PRODUCT|x86.ActiveCfg = Release|Any CPU
		{4E5D41D3-C394-4C16-8690-7A6E1A62BCA8}.PRODUCT|x86.Build.0 = Release|Any CPU
		{4E5D41D3-C394-4C16-8690-7A6E1A62BCA8}.Release|Any CPU.ActiveCfg = Release|Any CPU
		{4E5D41D3-C394-4C16-8690-7A6E1A62BCA8}.Release|Any CPU.Build.0 = Release|Any CPU
		{4E5D41D3-C394-4C16-8690-7A6E1A62BCA8}.Release|x64.ActiveCfg = Release|Any CPU
		{4E5D41D3-C394-4C16-8690-7A6E1A62BCA8}.Release|x64.Build.0 = Release|Any CPU
		{4E5D41D3-C394-4C16-8690-7A6E1A62BCA8}.Release|x86.ActiveCfg = Release|Any CPU
		{4E5D41D3-C394-4C16-8690-7A6E1A62BCA8}.Release|x86.Build.0 = Release|Any CPU
		{F3FE565B-B00A-49A8-BD21-DF514774FF44}.Debug|Any CPU.ActiveCfg = Debug|Any CPU
		{F3FE565B-B00A-49A8-BD21-DF514774FF44}.Debug|Any CPU.Build.0 = Debug|Any CPU
		{F3FE565B-B00A-49A8-BD21-DF514774FF44}.Debug|x64.ActiveCfg = Debug|Any CPU
		{F3FE565B-B00A-49A8-BD21-DF514774FF44}.Debug|x64.Build.0 = Debug|Any CPU
		{F3FE565B-B00A-49A8-BD21-DF514774FF44}.Debug|x86.ActiveCfg = Debug|Any CPU
		{F3FE565B-B00A-49A8-BD21-DF514774FF44}.Debug|x86.Build.0 = Debug|Any CPU
		{F3FE565B-B00A-49A8-BD21-DF514774FF44}.PRODUCT|Any CPU.ActiveCfg = Release|Any CPU
		{F3FE565B-B00A-49A8-BD21-DF514774FF44}.PRODUCT|Any CPU.Build.0 = Release|Any CPU
		{F3FE565B-B00A-49A8-BD21-DF514774FF44}.PRODUCT|x64.ActiveCfg = Release|Any CPU
		{F3FE565B-B00A-49A8-BD21-DF514774FF44}.PRODUCT|x64.Build.0 = Release|Any CPU
		{F3FE565B-B00A-49A8-BD21-DF514774FF44}.PRODUCT|x86.ActiveCfg = Release|Any CPU
		{F3FE565B-B00A-49A8-BD21-DF514774FF44}.PRODUCT|x86.Build.0 = Release|Any CPU
		{F3FE565B-B00A-49A8-BD21-DF514774FF44}.Release|Any CPU.ActiveCfg = Release|Any CPU
		{F3FE565B-B00A-49A8-BD21-DF514774FF44}.Release|Any CPU.Build.0 = Release|Any CPU
		{F3FE565B-B00A-49A8-BD21-DF514774FF44}.Release|x64.ActiveCfg = Release|Any CPU
		{F3FE565B-B00A-49A8-BD21-DF514774FF44}.Release|x64.Build.0 = Release|Any CPU
		{F3FE565B-B00A-49A8-BD21-DF514774FF44}.Release|x86.ActiveCfg = Release|Any CPU
		{F3FE565B-B00A-49A8-BD21-DF514774FF44}.Release|x86.Build.0 = Release|Any CPU
		{853D287B-5D4B-4167-83A5-EEDBB1EEA448}.Debug|Any CPU.ActiveCfg = Debug|Any CPU
		{853D287B-5D4B-4167-83A5-EEDBB1EEA448}.Debug|Any CPU.Build.0 = Debug|Any CPU
		{853D287B-5D4B-4167-83A5-EEDBB1EEA448}.Debug|x64.ActiveCfg = Debug|Any CPU
		{853D287B-5D4B-4167-83A5-EEDBB1EEA448}.Debug|x64.Build.0 = Debug|Any CPU
		{853D287B-5D4B-4167-83A5-EEDBB1EEA448}.Debug|x86.ActiveCfg = Debug|Any CPU
		{853D287B-5D4B-4167-83A5-EEDBB1EEA448}.Debug|x86.Build.0 = Debug|Any CPU
		{853D287B-5D4B-4167-83A5-EEDBB1EEA448}.PRODUCT|Any CPU.ActiveCfg = Release|Any CPU
		{853D287B-5D4B-4167-83A5-EEDBB1EEA448}.PRODUCT|Any CPU.Build.0 = Release|Any CPU
		{853D287B-5D4B-4167-83A5-EEDBB1EEA448}.PRODUCT|x64.ActiveCfg = Release|Any CPU
		{853D287B-5D4B-4167-83A5-EEDBB1EEA448}.PRODUCT|x64.Build.0 = Release|Any CPU
		{853D287B-5D4B-4167-83A5-EEDBB1EEA448}.PRODUCT|x86.ActiveCfg = Release|Any CPU
		{853D287B-5D4B-4167-83A5-EEDBB1EEA448}.PRODUCT|x86.Build.0 = Release|Any CPU
		{853D287B-5D4B-4167-83A5-EEDBB1EEA448}.Release|Any CPU.ActiveCfg = Release|Any CPU
		{853D287B-5D4B-4167-83A5-EEDBB1EEA448}.Release|Any CPU.Build.0 = Release|Any CPU
		{853D287B-5D4B-4167-83A5-EEDBB1EEA448}.Release|x64.ActiveCfg = Release|Any CPU
		{853D287B-5D4B-4167-83A5-EEDBB1EEA448}.Release|x64.Build.0 = Release|Any CPU
		{853D287B-5D4B-4167-83A5-EEDBB1EEA448}.Release|x86.ActiveCfg = Release|Any CPU
		{853D287B-5D4B-4167-83A5-EEDBB1EEA448}.Release|x86.Build.0 = Release|Any CPU
		{DE6CFC43-5905-42A6-8CD2-0E0A8BCD0141}.Debug|Any CPU.ActiveCfg = Debug|Any CPU
		{DE6CFC43-5905-42A6-8CD2-0E0A8BCD0141}.Debug|x64.ActiveCfg = Debug|Any CPU
		{DE6CFC43-5905-42A6-8CD2-0E0A8BCD0141}.Debug|x64.Build.0 = Debug|Any CPU
		{DE6CFC43-5905-42A6-8CD2-0E0A8BCD0141}.Debug|x86.ActiveCfg = Debug|Any CPU
		{DE6CFC43-5905-42A6-8CD2-0E0A8BCD0141}.Debug|x86.Build.0 = Debug|Any CPU
		{DE6CFC43-5905-42A6-8CD2-0E0A8BCD0141}.PRODUCT|Any CPU.ActiveCfg = Release|Any CPU
		{DE6CFC43-5905-42A6-8CD2-0E0A8BCD0141}.PRODUCT|Any CPU.Build.0 = Release|Any CPU
		{DE6CFC43-5905-42A6-8CD2-0E0A8BCD0141}.PRODUCT|x64.ActiveCfg = Release|Any CPU
		{DE6CFC43-5905-42A6-8CD2-0E0A8BCD0141}.PRODUCT|x64.Build.0 = Release|Any CPU
		{DE6CFC43-5905-42A6-8CD2-0E0A8BCD0141}.PRODUCT|x86.ActiveCfg = Release|Any CPU
		{DE6CFC43-5905-42A6-8CD2-0E0A8BCD0141}.PRODUCT|x86.Build.0 = Release|Any CPU
		{DE6CFC43-5905-42A6-8CD2-0E0A8BCD0141}.Release|Any CPU.ActiveCfg = Release|Any CPU
		{DE6CFC43-5905-42A6-8CD2-0E0A8BCD0141}.Release|x64.ActiveCfg = Release|Any CPU
		{DE6CFC43-5905-42A6-8CD2-0E0A8BCD0141}.Release|x64.Build.0 = Release|Any CPU
		{DE6CFC43-5905-42A6-8CD2-0E0A8BCD0141}.Release|x86.ActiveCfg = Release|Any CPU
		{DE6CFC43-5905-42A6-8CD2-0E0A8BCD0141}.Release|x86.Build.0 = Release|Any CPU
		{442E1F9A-068F-49CD-B54B-6B310B58A89E}.Debug|Any CPU.ActiveCfg = Debug|Any CPU
		{442E1F9A-068F-49CD-B54B-6B310B58A89E}.Debug|Any CPU.Build.0 = Debug|Any CPU
		{442E1F9A-068F-49CD-B54B-6B310B58A89E}.Debug|x64.ActiveCfg = Debug|Any CPU
		{442E1F9A-068F-49CD-B54B-6B310B58A89E}.Debug|x64.Build.0 = Debug|Any CPU
		{442E1F9A-068F-49CD-B54B-6B310B58A89E}.Debug|x86.ActiveCfg = Debug|Any CPU
		{442E1F9A-068F-49CD-B54B-6B310B58A89E}.Debug|x86.Build.0 = Debug|Any CPU
		{442E1F9A-068F-49CD-B54B-6B310B58A89E}.PRODUCT|Any CPU.ActiveCfg = Release|Any CPU
		{442E1F9A-068F-49CD-B54B-6B310B58A89E}.PRODUCT|Any CPU.Build.0 = Release|Any CPU
		{442E1F9A-068F-49CD-B54B-6B310B58A89E}.PRODUCT|x64.ActiveCfg = Release|Any CPU
		{442E1F9A-068F-49CD-B54B-6B310B58A89E}.PRODUCT|x64.Build.0 = Release|Any CPU
		{442E1F9A-068F-49CD-B54B-6B310B58A89E}.PRODUCT|x86.ActiveCfg = Release|Any CPU
		{442E1F9A-068F-49CD-B54B-6B310B58A89E}.PRODUCT|x86.Build.0 = Release|Any CPU
		{442E1F9A-068F-49CD-B54B-6B310B58A89E}.Release|Any CPU.ActiveCfg = Release|Any CPU
		{442E1F9A-068F-49CD-B54B-6B310B58A89E}.Release|Any CPU.Build.0 = Release|Any CPU
		{442E1F9A-068F-49CD-B54B-6B310B58A89E}.Release|x64.ActiveCfg = Release|Any CPU
		{442E1F9A-068F-49CD-B54B-6B310B58A89E}.Release|x64.Build.0 = Release|Any CPU
		{442E1F9A-068F-49CD-B54B-6B310B58A89E}.Release|x86.ActiveCfg = Release|Any CPU
		{442E1F9A-068F-49CD-B54B-6B310B58A89E}.Release|x86.Build.0 = Release|Any CPU
		{414FAD91-80CE-4258-A0DE-876A75D66DA8}.Debug|Any CPU.ActiveCfg = Debug|Any CPU
		{414FAD91-80CE-4258-A0DE-876A75D66DA8}.Debug|Any CPU.Build.0 = Debug|Any CPU
		{414FAD91-80CE-4258-A0DE-876A75D66DA8}.Debug|x64.ActiveCfg = Debug|Any CPU
		{414FAD91-80CE-4258-A0DE-876A75D66DA8}.Debug|x64.Build.0 = Debug|Any CPU
		{414FAD91-80CE-4258-A0DE-876A75D66DA8}.Debug|x86.ActiveCfg = Debug|Any CPU
		{414FAD91-80CE-4258-A0DE-876A75D66DA8}.Debug|x86.Build.0 = Debug|Any CPU
		{414FAD91-80CE-4258-A0DE-876A75D66DA8}.PRODUCT|Any CPU.ActiveCfg = Release|Any CPU
		{414FAD91-80CE-4258-A0DE-876A75D66DA8}.PRODUCT|Any CPU.Build.0 = Release|Any CPU
		{414FAD91-80CE-4258-A0DE-876A75D66DA8}.PRODUCT|x64.ActiveCfg = Release|Any CPU
		{414FAD91-80CE-4258-A0DE-876A75D66DA8}.PRODUCT|x64.Build.0 = Release|Any CPU
		{414FAD91-80CE-4258-A0DE-876A75D66DA8}.PRODUCT|x86.ActiveCfg = Release|Any CPU
		{414FAD91-80CE-4258-A0DE-876A75D66DA8}.PRODUCT|x86.Build.0 = Release|Any CPU
		{414FAD91-80CE-4258-A0DE-876A75D66DA8}.Release|Any CPU.ActiveCfg = Release|Any CPU
		{414FAD91-80CE-4258-A0DE-876A75D66DA8}.Release|Any CPU.Build.0 = Release|Any CPU
		{414FAD91-80CE-4258-A0DE-876A75D66DA8}.Release|x64.ActiveCfg = Release|Any CPU
		{414FAD91-80CE-4258-A0DE-876A75D66DA8}.Release|x64.Build.0 = Release|Any CPU
		{414FAD91-80CE-4258-A0DE-876A75D66DA8}.Release|x86.ActiveCfg = Release|Any CPU
		{414FAD91-80CE-4258-A0DE-876A75D66DA8}.Release|x86.Build.0 = Release|Any CPU
		{02C56EE9-6FD4-4BDA-953E-947C2B1C5DE3}.Debug|Any CPU.ActiveCfg = Debug|Any CPU
		{02C56EE9-6FD4-4BDA-953E-947C2B1C5DE3}.Debug|Any CPU.Build.0 = Debug|Any CPU
		{02C56EE9-6FD4-4BDA-953E-947C2B1C5DE3}.Debug|x64.ActiveCfg = Debug|Any CPU
		{02C56EE9-6FD4-4BDA-953E-947C2B1C5DE3}.Debug|x64.Build.0 = Debug|Any CPU
		{02C56EE9-6FD4-4BDA-953E-947C2B1C5DE3}.Debug|x86.ActiveCfg = Debug|Any CPU
		{02C56EE9-6FD4-4BDA-953E-947C2B1C5DE3}.Debug|x86.Build.0 = Debug|Any CPU
		{02C56EE9-6FD4-4BDA-953E-947C2B1C5DE3}.PRODUCT|Any CPU.ActiveCfg = Release|Any CPU
		{02C56EE9-6FD4-4BDA-953E-947C2B1C5DE3}.PRODUCT|Any CPU.Build.0 = Release|Any CPU
		{02C56EE9-6FD4-4BDA-953E-947C2B1C5DE3}.PRODUCT|x64.ActiveCfg = Release|Any CPU
		{02C56EE9-6FD4-4BDA-953E-947C2B1C5DE3}.PRODUCT|x64.Build.0 = Release|Any CPU
		{02C56EE9-6FD4-4BDA-953E-947C2B1C5DE3}.PRODUCT|x86.ActiveCfg = Release|Any CPU
		{02C56EE9-6FD4-4BDA-953E-947C2B1C5DE3}.PRODUCT|x86.Build.0 = Release|Any CPU
		{02C56EE9-6FD4-4BDA-953E-947C2B1C5DE3}.Release|Any CPU.ActiveCfg = Release|Any CPU
		{02C56EE9-6FD4-4BDA-953E-947C2B1C5DE3}.Release|Any CPU.Build.0 = Release|Any CPU
		{02C56EE9-6FD4-4BDA-953E-947C2B1C5DE3}.Release|x64.ActiveCfg = Release|Any CPU
		{02C56EE9-6FD4-4BDA-953E-947C2B1C5DE3}.Release|x64.Build.0 = Release|Any CPU
		{02C56EE9-6FD4-4BDA-953E-947C2B1C5DE3}.Release|x86.ActiveCfg = Release|Any CPU
		{02C56EE9-6FD4-4BDA-953E-947C2B1C5DE3}.Release|x86.Build.0 = Release|Any CPU
		{5304F8DB-66DD-4CC5-B8B2-B0CB59747EC1}.Debug|Any CPU.ActiveCfg = Debug|Any CPU
		{5304F8DB-66DD-4CC5-B8B2-B0CB59747EC1}.Debug|Any CPU.Build.0 = Debug|Any CPU
		{5304F8DB-66DD-4CC5-B8B2-B0CB59747EC1}.Debug|x64.ActiveCfg = Debug|Any CPU
		{5304F8DB-66DD-4CC5-B8B2-B0CB59747EC1}.Debug|x64.Build.0 = Debug|Any CPU
		{5304F8DB-66DD-4CC5-B8B2-B0CB59747EC1}.Debug|x86.ActiveCfg = Debug|Any CPU
		{5304F8DB-66DD-4CC5-B8B2-B0CB59747EC1}.Debug|x86.Build.0 = Debug|Any CPU
		{5304F8DB-66DD-4CC5-B8B2-B0CB59747EC1}.PRODUCT|Any CPU.ActiveCfg = Release|Any CPU
		{5304F8DB-66DD-4CC5-B8B2-B0CB59747EC1}.PRODUCT|Any CPU.Build.0 = Release|Any CPU
		{5304F8DB-66DD-4CC5-B8B2-B0CB59747EC1}.PRODUCT|x64.ActiveCfg = Release|Any CPU
		{5304F8DB-66DD-4CC5-B8B2-B0CB59747EC1}.PRODUCT|x64.Build.0 = Release|Any CPU
		{5304F8DB-66DD-4CC5-B8B2-B0CB59747EC1}.PRODUCT|x86.ActiveCfg = Release|Any CPU
		{5304F8DB-66DD-4CC5-B8B2-B0CB59747EC1}.PRODUCT|x86.Build.0 = Release|Any CPU
		{5304F8DB-66DD-4CC5-B8B2-B0CB59747EC1}.Release|Any CPU.ActiveCfg = Release|Any CPU
		{5304F8DB-66DD-4CC5-B8B2-B0CB59747EC1}.Release|Any CPU.Build.0 = Release|Any CPU
		{5304F8DB-66DD-4CC5-B8B2-B0CB59747EC1}.Release|x64.ActiveCfg = Release|Any CPU
		{5304F8DB-66DD-4CC5-B8B2-B0CB59747EC1}.Release|x64.Build.0 = Release|Any CPU
		{5304F8DB-66DD-4CC5-B8B2-B0CB59747EC1}.Release|x86.ActiveCfg = Release|Any CPU
		{5304F8DB-66DD-4CC5-B8B2-B0CB59747EC1}.Release|x86.Build.0 = Release|Any CPU
		{9A21FB45-8C9C-4717-B2AF-8901DBA704A9}.Debug|Any CPU.ActiveCfg = Debug|Any CPU
		{9A21FB45-8C9C-4717-B2AF-8901DBA704A9}.Debug|Any CPU.Build.0 = Debug|Any CPU
		{9A21FB45-8C9C-4717-B2AF-8901DBA704A9}.Debug|x64.ActiveCfg = Debug|Any CPU
		{9A21FB45-8C9C-4717-B2AF-8901DBA704A9}.Debug|x64.Build.0 = Debug|Any CPU
		{9A21FB45-8C9C-4717-B2AF-8901DBA704A9}.Debug|x86.ActiveCfg = Debug|Any CPU
		{9A21FB45-8C9C-4717-B2AF-8901DBA704A9}.Debug|x86.Build.0 = Debug|Any CPU
		{9A21FB45-8C9C-4717-B2AF-8901DBA704A9}.PRODUCT|Any CPU.ActiveCfg = Release|Any CPU
		{9A21FB45-8C9C-4717-B2AF-8901DBA704A9}.PRODUCT|Any CPU.Build.0 = Release|Any CPU
		{9A21FB45-8C9C-4717-B2AF-8901DBA704A9}.PRODUCT|x64.ActiveCfg = Release|Any CPU
		{9A21FB45-8C9C-4717-B2AF-8901DBA704A9}.PRODUCT|x64.Build.0 = Release|Any CPU
		{9A21FB45-8C9C-4717-B2AF-8901DBA704A9}.PRODUCT|x86.ActiveCfg = Release|Any CPU
		{9A21FB45-8C9C-4717-B2AF-8901DBA704A9}.PRODUCT|x86.Build.0 = Release|Any CPU
		{9A21FB45-8C9C-4717-B2AF-8901DBA704A9}.Release|Any CPU.ActiveCfg = Release|Any CPU
		{9A21FB45-8C9C-4717-B2AF-8901DBA704A9}.Release|Any CPU.Build.0 = Release|Any CPU
		{9A21FB45-8C9C-4717-B2AF-8901DBA704A9}.Release|x64.ActiveCfg = Release|Any CPU
		{9A21FB45-8C9C-4717-B2AF-8901DBA704A9}.Release|x64.Build.0 = Release|Any CPU
		{9A21FB45-8C9C-4717-B2AF-8901DBA704A9}.Release|x86.ActiveCfg = Release|Any CPU
		{9A21FB45-8C9C-4717-B2AF-8901DBA704A9}.Release|x86.Build.0 = Release|Any CPU
		{0B975D84-7857-431D-8791-535758D0B051}.Debug|Any CPU.ActiveCfg = Debug|Any CPU
		{0B975D84-7857-431D-8791-535758D0B051}.Debug|Any CPU.Build.0 = Debug|Any CPU
		{0B975D84-7857-431D-8791-535758D0B051}.Debug|x64.ActiveCfg = Debug|Any CPU
		{0B975D84-7857-431D-8791-535758D0B051}.Debug|x64.Build.0 = Debug|Any CPU
		{0B975D84-7857-431D-8791-535758D0B051}.Debug|x86.ActiveCfg = Debug|Any CPU
		{0B975D84-7857-431D-8791-535758D0B051}.Debug|x86.Build.0 = Debug|Any CPU
		{0B975D84-7857-431D-8791-535758D0B051}.PRODUCT|Any CPU.ActiveCfg = Release|Any CPU
		{0B975D84-7857-431D-8791-535758D0B051}.PRODUCT|Any CPU.Build.0 = Release|Any CPU
		{0B975D84-7857-431D-8791-535758D0B051}.PRODUCT|x64.ActiveCfg = Release|Any CPU
		{0B975D84-7857-431D-8791-535758D0B051}.PRODUCT|x64.Build.0 = Release|Any CPU
		{0B975D84-7857-431D-8791-535758D0B051}.PRODUCT|x86.ActiveCfg = Release|Any CPU
		{0B975D84-7857-431D-8791-535758D0B051}.PRODUCT|x86.Build.0 = Release|Any CPU
		{0B975D84-7857-431D-8791-535758D0B051}.Release|Any CPU.ActiveCfg = Release|Any CPU
		{0B975D84-7857-431D-8791-535758D0B051}.Release|Any CPU.Build.0 = Release|Any CPU
		{0B975D84-7857-431D-8791-535758D0B051}.Release|x64.ActiveCfg = Release|Any CPU
		{0B975D84-7857-431D-8791-535758D0B051}.Release|x64.Build.0 = Release|Any CPU
		{0B975D84-7857-431D-8791-535758D0B051}.Release|x86.ActiveCfg = Release|Any CPU
		{0B975D84-7857-431D-8791-535758D0B051}.Release|x86.Build.0 = Release|Any CPU
		{8F4FF035-86C7-452F-BE2D-ED2B5FFFC35A}.Debug|Any CPU.ActiveCfg = Debug|Any CPU
		{8F4FF035-86C7-452F-BE2D-ED2B5FFFC35A}.Debug|Any CPU.Build.0 = Debug|Any CPU
		{8F4FF035-86C7-452F-BE2D-ED2B5FFFC35A}.Debug|x64.ActiveCfg = Debug|Any CPU
		{8F4FF035-86C7-452F-BE2D-ED2B5FFFC35A}.Debug|x64.Build.0 = Debug|Any CPU
		{8F4FF035-86C7-452F-BE2D-ED2B5FFFC35A}.Debug|x86.ActiveCfg = Debug|Any CPU
		{8F4FF035-86C7-452F-BE2D-ED2B5FFFC35A}.Debug|x86.Build.0 = Debug|Any CPU
		{8F4FF035-86C7-452F-BE2D-ED2B5FFFC35A}.PRODUCT|Any CPU.ActiveCfg = Release|Any CPU
		{8F4FF035-86C7-452F-BE2D-ED2B5FFFC35A}.PRODUCT|Any CPU.Build.0 = Release|Any CPU
		{8F4FF035-86C7-452F-BE2D-ED2B5FFFC35A}.PRODUCT|x64.ActiveCfg = Release|Any CPU
		{8F4FF035-86C7-452F-BE2D-ED2B5FFFC35A}.PRODUCT|x64.Build.0 = Release|Any CPU
		{8F4FF035-86C7-452F-BE2D-ED2B5FFFC35A}.PRODUCT|x86.ActiveCfg = Release|Any CPU
		{8F4FF035-86C7-452F-BE2D-ED2B5FFFC35A}.PRODUCT|x86.Build.0 = Release|Any CPU
		{8F4FF035-86C7-452F-BE2D-ED2B5FFFC35A}.Release|Any CPU.ActiveCfg = Release|Any CPU
		{8F4FF035-86C7-452F-BE2D-ED2B5FFFC35A}.Release|Any CPU.Build.0 = Release|Any CPU
		{8F4FF035-86C7-452F-BE2D-ED2B5FFFC35A}.Release|x64.ActiveCfg = Release|Any CPU
		{8F4FF035-86C7-452F-BE2D-ED2B5FFFC35A}.Release|x64.Build.0 = Release|Any CPU
		{8F4FF035-86C7-452F-BE2D-ED2B5FFFC35A}.Release|x86.ActiveCfg = Release|Any CPU
		{8F4FF035-86C7-452F-BE2D-ED2B5FFFC35A}.Release|x86.Build.0 = Release|Any CPU
		{1E94DED3-40EF-4C44-AA12-67FCAA1121FD}.Debug|Any CPU.ActiveCfg = Debug|Any CPU
		{1E94DED3-40EF-4C44-AA12-67FCAA1121FD}.Debug|Any CPU.Build.0 = Debug|Any CPU
		{1E94DED3-40EF-4C44-AA12-67FCAA1121FD}.Debug|x64.ActiveCfg = Debug|Any CPU
		{1E94DED3-40EF-4C44-AA12-67FCAA1121FD}.Debug|x64.Build.0 = Debug|Any CPU
		{1E94DED3-40EF-4C44-AA12-67FCAA1121FD}.Debug|x86.ActiveCfg = Debug|Any CPU
		{1E94DED3-40EF-4C44-AA12-67FCAA1121FD}.Debug|x86.Build.0 = Debug|Any CPU
		{1E94DED3-40EF-4C44-AA12-67FCAA1121FD}.PRODUCT|Any CPU.ActiveCfg = Release|Any CPU
		{1E94DED3-40EF-4C44-AA12-67FCAA1121FD}.PRODUCT|Any CPU.Build.0 = Release|Any CPU
		{1E94DED3-40EF-4C44-AA12-67FCAA1121FD}.PRODUCT|x64.ActiveCfg = Release|Any CPU
		{1E94DED3-40EF-4C44-AA12-67FCAA1121FD}.PRODUCT|x64.Build.0 = Release|Any CPU
		{1E94DED3-40EF-4C44-AA12-67FCAA1121FD}.PRODUCT|x86.ActiveCfg = Release|Any CPU
		{1E94DED3-40EF-4C44-AA12-67FCAA1121FD}.PRODUCT|x86.Build.0 = Release|Any CPU
		{1E94DED3-40EF-4C44-AA12-67FCAA1121FD}.Release|Any CPU.ActiveCfg = Release|Any CPU
		{1E94DED3-40EF-4C44-AA12-67FCAA1121FD}.Release|Any CPU.Build.0 = Release|Any CPU
		{1E94DED3-40EF-4C44-AA12-67FCAA1121FD}.Release|x64.ActiveCfg = Release|Any CPU
		{1E94DED3-40EF-4C44-AA12-67FCAA1121FD}.Release|x64.Build.0 = Release|Any CPU
		{1E94DED3-40EF-4C44-AA12-67FCAA1121FD}.Release|x86.ActiveCfg = Release|Any CPU
		{1E94DED3-40EF-4C44-AA12-67FCAA1121FD}.Release|x86.Build.0 = Release|Any CPU
		{5BB28232-269E-4AC5-BB65-573D30FE517C}.Debug|Any CPU.ActiveCfg = Debug|Any CPU
		{5BB28232-269E-4AC5-BB65-573D30FE517C}.Debug|Any CPU.Build.0 = Debug|Any CPU
		{5BB28232-269E-4AC5-BB65-573D30FE517C}.Debug|x64.ActiveCfg = Debug|Any CPU
		{5BB28232-269E-4AC5-BB65-573D30FE517C}.Debug|x64.Build.0 = Debug|Any CPU
		{5BB28232-269E-4AC5-BB65-573D30FE517C}.Debug|x86.ActiveCfg = Debug|Any CPU
		{5BB28232-269E-4AC5-BB65-573D30FE517C}.Debug|x86.Build.0 = Debug|Any CPU
		{5BB28232-269E-4AC5-BB65-573D30FE517C}.PRODUCT|Any CPU.ActiveCfg = Release|Any CPU
		{5BB28232-269E-4AC5-BB65-573D30FE517C}.PRODUCT|Any CPU.Build.0 = Release|Any CPU
		{5BB28232-269E-4AC5-BB65-573D30FE517C}.PRODUCT|x64.ActiveCfg = Release|Any CPU
		{5BB28232-269E-4AC5-BB65-573D30FE517C}.PRODUCT|x64.Build.0 = Release|Any CPU
		{5BB28232-269E-4AC5-BB65-573D30FE517C}.PRODUCT|x86.ActiveCfg = Release|Any CPU
		{5BB28232-269E-4AC5-BB65-573D30FE517C}.PRODUCT|x86.Build.0 = Release|Any CPU
		{5BB28232-269E-4AC5-BB65-573D30FE517C}.Release|Any CPU.ActiveCfg = Release|Any CPU
		{5BB28232-269E-4AC5-BB65-573D30FE517C}.Release|Any CPU.Build.0 = Release|Any CPU
		{5BB28232-269E-4AC5-BB65-573D30FE517C}.Release|x64.ActiveCfg = Release|Any CPU
		{5BB28232-269E-4AC5-BB65-573D30FE517C}.Release|x64.Build.0 = Release|Any CPU
		{5BB28232-269E-4AC5-BB65-573D30FE517C}.Release|x86.ActiveCfg = Release|Any CPU
		{5BB28232-269E-4AC5-BB65-573D30FE517C}.Release|x86.Build.0 = Release|Any CPU
		{DCC845F6-BE3B-4553-A4DE-E679FC69CD8E}.Debug|Any CPU.ActiveCfg = Debug|Any CPU
		{DCC845F6-BE3B-4553-A4DE-E679FC69CD8E}.Debug|Any CPU.Build.0 = Debug|Any CPU
		{DCC845F6-BE3B-4553-A4DE-E679FC69CD8E}.Debug|x64.ActiveCfg = Debug|Any CPU
		{DCC845F6-BE3B-4553-A4DE-E679FC69CD8E}.Debug|x64.Build.0 = Debug|Any CPU
		{DCC845F6-BE3B-4553-A4DE-E679FC69CD8E}.Debug|x86.ActiveCfg = Debug|Any CPU
		{DCC845F6-BE3B-4553-A4DE-E679FC69CD8E}.Debug|x86.Build.0 = Debug|Any CPU
		{DCC845F6-BE3B-4553-A4DE-E679FC69CD8E}.PRODUCT|Any CPU.ActiveCfg = Release|Any CPU
		{DCC845F6-BE3B-4553-A4DE-E679FC69CD8E}.PRODUCT|Any CPU.Build.0 = Release|Any CPU
		{DCC845F6-BE3B-4553-A4DE-E679FC69CD8E}.PRODUCT|x64.ActiveCfg = Release|Any CPU
		{DCC845F6-BE3B-4553-A4DE-E679FC69CD8E}.PRODUCT|x64.Build.0 = Release|Any CPU
		{DCC845F6-BE3B-4553-A4DE-E679FC69CD8E}.PRODUCT|x86.ActiveCfg = Release|Any CPU
		{DCC845F6-BE3B-4553-A4DE-E679FC69CD8E}.PRODUCT|x86.Build.0 = Release|Any CPU
		{DCC845F6-BE3B-4553-A4DE-E679FC69CD8E}.Release|Any CPU.ActiveCfg = Release|Any CPU
		{DCC845F6-BE3B-4553-A4DE-E679FC69CD8E}.Release|Any CPU.Build.0 = Release|Any CPU
		{DCC845F6-BE3B-4553-A4DE-E679FC69CD8E}.Release|x64.ActiveCfg = Release|Any CPU
		{DCC845F6-BE3B-4553-A4DE-E679FC69CD8E}.Release|x64.Build.0 = Release|Any CPU
		{DCC845F6-BE3B-4553-A4DE-E679FC69CD8E}.Release|x86.ActiveCfg = Release|Any CPU
		{DCC845F6-BE3B-4553-A4DE-E679FC69CD8E}.Release|x86.Build.0 = Release|Any CPU
		{825711E0-451F-4EDA-9560-A624350DE411}.Debug|Any CPU.ActiveCfg = Debug|Any CPU
		{825711E0-451F-4EDA-9560-A624350DE411}.Debug|Any CPU.Build.0 = Debug|Any CPU
		{825711E0-451F-4EDA-9560-A624350DE411}.Debug|x64.ActiveCfg = Debug|Any CPU
		{825711E0-451F-4EDA-9560-A624350DE411}.Debug|x64.Build.0 = Debug|Any CPU
		{825711E0-451F-4EDA-9560-A624350DE411}.Debug|x86.ActiveCfg = Debug|Any CPU
		{825711E0-451F-4EDA-9560-A624350DE411}.Debug|x86.Build.0 = Debug|Any CPU
		{825711E0-451F-4EDA-9560-A624350DE411}.PRODUCT|Any CPU.ActiveCfg = PRODUCT|Any CPU
		{825711E0-451F-4EDA-9560-A624350DE411}.PRODUCT|Any CPU.Build.0 = PRODUCT|Any CPU
		{825711E0-451F-4EDA-9560-A624350DE411}.PRODUCT|x64.ActiveCfg = PRODUCT|Any CPU
		{825711E0-451F-4EDA-9560-A624350DE411}.PRODUCT|x64.Build.0 = PRODUCT|Any CPU
		{825711E0-451F-4EDA-9560-A624350DE411}.PRODUCT|x86.ActiveCfg = PRODUCT|Any CPU
		{825711E0-451F-4EDA-9560-A624350DE411}.PRODUCT|x86.Build.0 = PRODUCT|Any CPU
		{825711E0-451F-4EDA-9560-A624350DE411}.Release|Any CPU.ActiveCfg = Release|Any CPU
		{825711E0-451F-4EDA-9560-A624350DE411}.Release|Any CPU.Build.0 = Release|Any CPU
		{825711E0-451F-4EDA-9560-A624350DE411}.Release|x64.ActiveCfg = Release|Any CPU
		{825711E0-451F-4EDA-9560-A624350DE411}.Release|x64.Build.0 = Release|Any CPU
		{825711E0-451F-4EDA-9560-A624350DE411}.Release|x86.ActiveCfg = Release|Any CPU
		{825711E0-451F-4EDA-9560-A624350DE411}.Release|x86.Build.0 = Release|Any CPU
		{0F4EE0D1-1642-4D97-89EC-3FD475298ECF}.Debug|Any CPU.ActiveCfg = Debug|Any CPU
		{0F4EE0D1-1642-4D97-89EC-3FD475298ECF}.Debug|Any CPU.Build.0 = Debug|Any CPU
		{0F4EE0D1-1642-4D97-89EC-3FD475298ECF}.Debug|x64.ActiveCfg = Debug|Any CPU
		{0F4EE0D1-1642-4D97-89EC-3FD475298ECF}.Debug|x64.Build.0 = Debug|Any CPU
		{0F4EE0D1-1642-4D97-89EC-3FD475298ECF}.Debug|x86.ActiveCfg = Debug|Any CPU
		{0F4EE0D1-1642-4D97-89EC-3FD475298ECF}.Debug|x86.Build.0 = Debug|Any CPU
		{0F4EE0D1-1642-4D97-89EC-3FD475298ECF}.PRODUCT|Any CPU.ActiveCfg = PRODUCT|Any CPU
		{0F4EE0D1-1642-4D97-89EC-3FD475298ECF}.PRODUCT|Any CPU.Build.0 = PRODUCT|Any CPU
		{0F4EE0D1-1642-4D97-89EC-3FD475298ECF}.PRODUCT|x64.ActiveCfg = PRODUCT|Any CPU
		{0F4EE0D1-1642-4D97-89EC-3FD475298ECF}.PRODUCT|x64.Build.0 = PRODUCT|Any CPU
		{0F4EE0D1-1642-4D97-89EC-3FD475298ECF}.PRODUCT|x86.ActiveCfg = PRODUCT|Any CPU
		{0F4EE0D1-1642-4D97-89EC-3FD475298ECF}.PRODUCT|x86.Build.0 = PRODUCT|Any CPU
		{0F4EE0D1-1642-4D97-89EC-3FD475298ECF}.Release|Any CPU.ActiveCfg = Release|Any CPU
		{0F4EE0D1-1642-4D97-89EC-3FD475298ECF}.Release|Any CPU.Build.0 = Release|Any CPU
		{0F4EE0D1-1642-4D97-89EC-3FD475298ECF}.Release|x64.ActiveCfg = Release|Any CPU
		{0F4EE0D1-1642-4D97-89EC-3FD475298ECF}.Release|x64.Build.0 = Release|Any CPU
		{0F4EE0D1-1642-4D97-89EC-3FD475298ECF}.Release|x86.ActiveCfg = Release|Any CPU
		{0F4EE0D1-1642-4D97-89EC-3FD475298ECF}.Release|x86.Build.0 = Release|Any CPU
		{8BFAC410-9B24-4658-869A-49346756F6D1}.Debug|Any CPU.ActiveCfg = Debug|Any CPU
		{8BFAC410-9B24-4658-869A-49346756F6D1}.Debug|Any CPU.Build.0 = Debug|Any CPU
		{8BFAC410-9B24-4658-869A-49346756F6D1}.Debug|x64.ActiveCfg = Debug|Any CPU
		{8BFAC410-9B24-4658-869A-49346756F6D1}.Debug|x64.Build.0 = Debug|Any CPU
		{8BFAC410-9B24-4658-869A-49346756F6D1}.Debug|x86.ActiveCfg = Debug|Any CPU
		{8BFAC410-9B24-4658-869A-49346756F6D1}.Debug|x86.Build.0 = Debug|Any CPU
		{8BFAC410-9B24-4658-869A-49346756F6D1}.PRODUCT|Any CPU.ActiveCfg = Release|Any CPU
		{8BFAC410-9B24-4658-869A-49346756F6D1}.PRODUCT|Any CPU.Build.0 = Release|Any CPU
		{8BFAC410-9B24-4658-869A-49346756F6D1}.PRODUCT|x64.ActiveCfg = Release|Any CPU
		{8BFAC410-9B24-4658-869A-49346756F6D1}.PRODUCT|x64.Build.0 = Release|Any CPU
		{8BFAC410-9B24-4658-869A-49346756F6D1}.PRODUCT|x86.ActiveCfg = Release|Any CPU
		{8BFAC410-9B24-4658-869A-49346756F6D1}.PRODUCT|x86.Build.0 = Release|Any CPU
		{8BFAC410-9B24-4658-869A-49346756F6D1}.Release|Any CPU.ActiveCfg = Release|Any CPU
		{8BFAC410-9B24-4658-869A-49346756F6D1}.Release|Any CPU.Build.0 = Release|Any CPU
		{8BFAC410-9B24-4658-869A-49346756F6D1}.Release|x64.ActiveCfg = Release|Any CPU
		{8BFAC410-9B24-4658-869A-49346756F6D1}.Release|x64.Build.0 = Release|Any CPU
		{8BFAC410-9B24-4658-869A-49346756F6D1}.Release|x86.ActiveCfg = Release|Any CPU
		{8BFAC410-9B24-4658-869A-49346756F6D1}.Release|x86.Build.0 = Release|Any CPU
		{5B5804CE-0652-4BD8-BCD0-E3C038AC9FEA}.Debug|Any CPU.ActiveCfg = Debug|Any CPU
		{5B5804CE-0652-4BD8-BCD0-E3C038AC9FEA}.Debug|Any CPU.Build.0 = Debug|Any CPU
		{5B5804CE-0652-4BD8-BCD0-E3C038AC9FEA}.Debug|x64.ActiveCfg = Debug|Any CPU
		{5B5804CE-0652-4BD8-BCD0-E3C038AC9FEA}.Debug|x64.Build.0 = Debug|Any CPU
		{5B5804CE-0652-4BD8-BCD0-E3C038AC9FEA}.Debug|x86.ActiveCfg = Debug|Any CPU
		{5B5804CE-0652-4BD8-BCD0-E3C038AC9FEA}.Debug|x86.Build.0 = Debug|Any CPU
		{5B5804CE-0652-4BD8-BCD0-E3C038AC9FEA}.PRODUCT|Any CPU.ActiveCfg = PRODUCT|Any CPU
		{5B5804CE-0652-4BD8-BCD0-E3C038AC9FEA}.PRODUCT|Any CPU.Build.0 = PRODUCT|Any CPU
		{5B5804CE-0652-4BD8-BCD0-E3C038AC9FEA}.PRODUCT|x64.ActiveCfg = PRODUCT|Any CPU
		{5B5804CE-0652-4BD8-BCD0-E3C038AC9FEA}.PRODUCT|x64.Build.0 = PRODUCT|Any CPU
		{5B5804CE-0652-4BD8-BCD0-E3C038AC9FEA}.PRODUCT|x86.ActiveCfg = PRODUCT|Any CPU
		{5B5804CE-0652-4BD8-BCD0-E3C038AC9FEA}.PRODUCT|x86.Build.0 = PRODUCT|Any CPU
		{5B5804CE-0652-4BD8-BCD0-E3C038AC9FEA}.Release|Any CPU.ActiveCfg = Release|Any CPU
		{5B5804CE-0652-4BD8-BCD0-E3C038AC9FEA}.Release|Any CPU.Build.0 = Release|Any CPU
		{5B5804CE-0652-4BD8-BCD0-E3C038AC9FEA}.Release|x64.ActiveCfg = Release|Any CPU
		{5B5804CE-0652-4BD8-BCD0-E3C038AC9FEA}.Release|x64.Build.0 = Release|Any CPU
		{5B5804CE-0652-4BD8-BCD0-E3C038AC9FEA}.Release|x86.ActiveCfg = Release|Any CPU
		{5B5804CE-0652-4BD8-BCD0-E3C038AC9FEA}.Release|x86.Build.0 = Release|Any CPU
		{03E4A28D-708D-4EA0-8A78-BD059A8BDFC6}.Debug|Any CPU.ActiveCfg = Debug|Any CPU
		{03E4A28D-708D-4EA0-8A78-BD059A8BDFC6}.Debug|Any CPU.Build.0 = Debug|Any CPU
		{03E4A28D-708D-4EA0-8A78-BD059A8BDFC6}.Debug|x64.ActiveCfg = Debug|Any CPU
		{03E4A28D-708D-4EA0-8A78-BD059A8BDFC6}.Debug|x64.Build.0 = Debug|Any CPU
		{03E4A28D-708D-4EA0-8A78-BD059A8BDFC6}.Debug|x86.ActiveCfg = Debug|Any CPU
		{03E4A28D-708D-4EA0-8A78-BD059A8BDFC6}.Debug|x86.Build.0 = Debug|Any CPU
		{03E4A28D-708D-4EA0-8A78-BD059A8BDFC6}.PRODUCT|Any CPU.ActiveCfg = Release|Any CPU
		{03E4A28D-708D-4EA0-8A78-BD059A8BDFC6}.PRODUCT|Any CPU.Build.0 = Release|Any CPU
		{03E4A28D-708D-4EA0-8A78-BD059A8BDFC6}.PRODUCT|x64.ActiveCfg = Release|Any CPU
		{03E4A28D-708D-4EA0-8A78-BD059A8BDFC6}.PRODUCT|x64.Build.0 = Release|Any CPU
		{03E4A28D-708D-4EA0-8A78-BD059A8BDFC6}.PRODUCT|x86.ActiveCfg = Release|Any CPU
		{03E4A28D-708D-4EA0-8A78-BD059A8BDFC6}.PRODUCT|x86.Build.0 = Release|Any CPU
		{03E4A28D-708D-4EA0-8A78-BD059A8BDFC6}.Release|Any CPU.ActiveCfg = Release|Any CPU
		{03E4A28D-708D-4EA0-8A78-BD059A8BDFC6}.Release|Any CPU.Build.0 = Release|Any CPU
		{03E4A28D-708D-4EA0-8A78-BD059A8BDFC6}.Release|x64.ActiveCfg = Release|Any CPU
		{03E4A28D-708D-4EA0-8A78-BD059A8BDFC6}.Release|x64.Build.0 = Release|Any CPU
		{03E4A28D-708D-4EA0-8A78-BD059A8BDFC6}.Release|x86.ActiveCfg = Release|Any CPU
		{03E4A28D-708D-4EA0-8A78-BD059A8BDFC6}.Release|x86.Build.0 = Release|Any CPU
		{4A9C406E-BEA1-4470-B9D1-09605EAA44F3}.Debug|Any CPU.ActiveCfg = Debug|Any CPU
		{4A9C406E-BEA1-4470-B9D1-09605EAA44F3}.Debug|Any CPU.Build.0 = Debug|Any CPU
		{4A9C406E-BEA1-4470-B9D1-09605EAA44F3}.Debug|x64.ActiveCfg = Debug|Any CPU
		{4A9C406E-BEA1-4470-B9D1-09605EAA44F3}.Debug|x64.Build.0 = Debug|Any CPU
		{4A9C406E-BEA1-4470-B9D1-09605EAA44F3}.Debug|x86.ActiveCfg = Debug|Any CPU
		{4A9C406E-BEA1-4470-B9D1-09605EAA44F3}.Debug|x86.Build.0 = Debug|Any CPU
		{4A9C406E-BEA1-4470-B9D1-09605EAA44F3}.PRODUCT|Any CPU.ActiveCfg = PRODUCT|Any CPU
		{4A9C406E-BEA1-4470-B9D1-09605EAA44F3}.PRODUCT|Any CPU.Build.0 = PRODUCT|Any CPU
		{4A9C406E-BEA1-4470-B9D1-09605EAA44F3}.PRODUCT|x64.ActiveCfg = PRODUCT|Any CPU
		{4A9C406E-BEA1-4470-B9D1-09605EAA44F3}.PRODUCT|x64.Build.0 = PRODUCT|Any CPU
		{4A9C406E-BEA1-4470-B9D1-09605EAA44F3}.PRODUCT|x86.ActiveCfg = PRODUCT|Any CPU
		{4A9C406E-BEA1-4470-B9D1-09605EAA44F3}.PRODUCT|x86.Build.0 = PRODUCT|Any CPU
		{4A9C406E-BEA1-4470-B9D1-09605EAA44F3}.Release|Any CPU.ActiveCfg = Release|Any CPU
		{4A9C406E-BEA1-4470-B9D1-09605EAA44F3}.Release|Any CPU.Build.0 = Release|Any CPU
		{4A9C406E-BEA1-4470-B9D1-09605EAA44F3}.Release|x64.ActiveCfg = Release|Any CPU
		{4A9C406E-BEA1-4470-B9D1-09605EAA44F3}.Release|x64.Build.0 = Release|Any CPU
		{4A9C406E-BEA1-4470-B9D1-09605EAA44F3}.Release|x86.ActiveCfg = Release|Any CPU
		{4A9C406E-BEA1-4470-B9D1-09605EAA44F3}.Release|x86.Build.0 = Release|Any CPU
		{5FDFAF20-DF91-4660-9F64-010FCA3D35EB}.Debug|Any CPU.ActiveCfg = Debug|Any CPU
		{5FDFAF20-DF91-4660-9F64-010FCA3D35EB}.Debug|Any CPU.Build.0 = Debug|Any CPU
		{5FDFAF20-DF91-4660-9F64-010FCA3D35EB}.Debug|x64.ActiveCfg = Debug|Any CPU
		{5FDFAF20-DF91-4660-9F64-010FCA3D35EB}.Debug|x64.Build.0 = Debug|Any CPU
		{5FDFAF20-DF91-4660-9F64-010FCA3D35EB}.Debug|x86.ActiveCfg = Debug|Any CPU
		{5FDFAF20-DF91-4660-9F64-010FCA3D35EB}.Debug|x86.Build.0 = Debug|Any CPU
		{5FDFAF20-DF91-4660-9F64-010FCA3D35EB}.PRODUCT|Any CPU.ActiveCfg = Release|Any CPU
		{5FDFAF20-DF91-4660-9F64-010FCA3D35EB}.PRODUCT|Any CPU.Build.0 = Release|Any CPU
		{5FDFAF20-DF91-4660-9F64-010FCA3D35EB}.PRODUCT|x64.ActiveCfg = Release|Any CPU
		{5FDFAF20-DF91-4660-9F64-010FCA3D35EB}.PRODUCT|x64.Build.0 = Release|Any CPU
		{5FDFAF20-DF91-4660-9F64-010FCA3D35EB}.PRODUCT|x86.ActiveCfg = Release|Any CPU
		{5FDFAF20-DF91-4660-9F64-010FCA3D35EB}.PRODUCT|x86.Build.0 = Release|Any CPU
		{5FDFAF20-DF91-4660-9F64-010FCA3D35EB}.Release|Any CPU.ActiveCfg = Release|Any CPU
		{5FDFAF20-DF91-4660-9F64-010FCA3D35EB}.Release|Any CPU.Build.0 = Release|Any CPU
		{5FDFAF20-DF91-4660-9F64-010FCA3D35EB}.Release|x64.ActiveCfg = Release|Any CPU
		{5FDFAF20-DF91-4660-9F64-010FCA3D35EB}.Release|x64.Build.0 = Release|Any CPU
		{5FDFAF20-DF91-4660-9F64-010FCA3D35EB}.Release|x86.ActiveCfg = Release|Any CPU
		{5FDFAF20-DF91-4660-9F64-010FCA3D35EB}.Release|x86.Build.0 = Release|Any CPU
		{73ADFEFB-0162-4C29-A679-9A8897F707B5}.Debug|Any CPU.ActiveCfg = Debug|Any CPU
		{73ADFEFB-0162-4C29-A679-9A8897F707B5}.Debug|Any CPU.Build.0 = Debug|Any CPU
		{73ADFEFB-0162-4C29-A679-9A8897F707B5}.Debug|x64.ActiveCfg = Debug|Any CPU
		{73ADFEFB-0162-4C29-A679-9A8897F707B5}.Debug|x64.Build.0 = Debug|Any CPU
		{73ADFEFB-0162-4C29-A679-9A8897F707B5}.Debug|x86.ActiveCfg = Debug|Any CPU
		{73ADFEFB-0162-4C29-A679-9A8897F707B5}.Debug|x86.Build.0 = Debug|Any CPU
		{73ADFEFB-0162-4C29-A679-9A8897F707B5}.PRODUCT|Any CPU.ActiveCfg = Release|Any CPU
		{73ADFEFB-0162-4C29-A679-9A8897F707B5}.PRODUCT|Any CPU.Build.0 = Release|Any CPU
		{73ADFEFB-0162-4C29-A679-9A8897F707B5}.PRODUCT|x64.ActiveCfg = Release|Any CPU
		{73ADFEFB-0162-4C29-A679-9A8897F707B5}.PRODUCT|x64.Build.0 = Release|Any CPU
		{73ADFEFB-0162-4C29-A679-9A8897F707B5}.PRODUCT|x86.ActiveCfg = Release|Any CPU
		{73ADFEFB-0162-4C29-A679-9A8897F707B5}.PRODUCT|x86.Build.0 = Release|Any CPU
		{73ADFEFB-0162-4C29-A679-9A8897F707B5}.Release|Any CPU.ActiveCfg = Release|Any CPU
		{73ADFEFB-0162-4C29-A679-9A8897F707B5}.Release|Any CPU.Build.0 = Release|Any CPU
		{73ADFEFB-0162-4C29-A679-9A8897F707B5}.Release|x64.ActiveCfg = Release|Any CPU
		{73ADFEFB-0162-4C29-A679-9A8897F707B5}.Release|x64.Build.0 = Release|Any CPU
		{73ADFEFB-0162-4C29-A679-9A8897F707B5}.Release|x86.ActiveCfg = Release|Any CPU
		{73ADFEFB-0162-4C29-A679-9A8897F707B5}.Release|x86.Build.0 = Release|Any CPU
		{8DE8C38D-7953-4DAD-84C0-03A33C56178D}.Debug|Any CPU.ActiveCfg = Debug|Any CPU
		{8DE8C38D-7953-4DAD-84C0-03A33C56178D}.Debug|Any CPU.Build.0 = Debug|Any CPU
		{8DE8C38D-7953-4DAD-84C0-03A33C56178D}.Debug|x64.ActiveCfg = Debug|Any CPU
		{8DE8C38D-7953-4DAD-84C0-03A33C56178D}.Debug|x64.Build.0 = Debug|Any CPU
		{8DE8C38D-7953-4DAD-84C0-03A33C56178D}.Debug|x86.ActiveCfg = Debug|Any CPU
		{8DE8C38D-7953-4DAD-84C0-03A33C56178D}.Debug|x86.Build.0 = Debug|Any CPU
		{8DE8C38D-7953-4DAD-84C0-03A33C56178D}.PRODUCT|Any CPU.ActiveCfg = Release|Any CPU
		{8DE8C38D-7953-4DAD-84C0-03A33C56178D}.PRODUCT|Any CPU.Build.0 = Release|Any CPU
		{8DE8C38D-7953-4DAD-84C0-03A33C56178D}.PRODUCT|x64.ActiveCfg = Release|Any CPU
		{8DE8C38D-7953-4DAD-84C0-03A33C56178D}.PRODUCT|x64.Build.0 = Release|Any CPU
		{8DE8C38D-7953-4DAD-84C0-03A33C56178D}.PRODUCT|x86.ActiveCfg = Release|Any CPU
		{8DE8C38D-7953-4DAD-84C0-03A33C56178D}.PRODUCT|x86.Build.0 = Release|Any CPU
		{8DE8C38D-7953-4DAD-84C0-03A33C56178D}.Release|Any CPU.ActiveCfg = Release|Any CPU
		{8DE8C38D-7953-4DAD-84C0-03A33C56178D}.Release|Any CPU.Build.0 = Release|Any CPU
		{8DE8C38D-7953-4DAD-84C0-03A33C56178D}.Release|x64.ActiveCfg = Release|Any CPU
		{8DE8C38D-7953-4DAD-84C0-03A33C56178D}.Release|x64.Build.0 = Release|Any CPU
		{8DE8C38D-7953-4DAD-84C0-03A33C56178D}.Release|x86.ActiveCfg = Release|Any CPU
		{8DE8C38D-7953-4DAD-84C0-03A33C56178D}.Release|x86.Build.0 = Release|Any CPU
		{DEDF4176-E7D3-45D4-832D-A09E0BAEDD1C}.Debug|Any CPU.ActiveCfg = Debug|Any CPU
		{DEDF4176-E7D3-45D4-832D-A09E0BAEDD1C}.Debug|Any CPU.Build.0 = Debug|Any CPU
		{DEDF4176-E7D3-45D4-832D-A09E0BAEDD1C}.Debug|x64.ActiveCfg = Debug|Any CPU
		{DEDF4176-E7D3-45D4-832D-A09E0BAEDD1C}.Debug|x64.Build.0 = Debug|Any CPU
		{DEDF4176-E7D3-45D4-832D-A09E0BAEDD1C}.Debug|x86.ActiveCfg = Debug|Any CPU
		{DEDF4176-E7D3-45D4-832D-A09E0BAEDD1C}.Debug|x86.Build.0 = Debug|Any CPU
		{DEDF4176-E7D3-45D4-832D-A09E0BAEDD1C}.PRODUCT|Any CPU.ActiveCfg = Release|Any CPU
		{DEDF4176-E7D3-45D4-832D-A09E0BAEDD1C}.PRODUCT|Any CPU.Build.0 = Release|Any CPU
		{DEDF4176-E7D3-45D4-832D-A09E0BAEDD1C}.PRODUCT|x64.ActiveCfg = Release|Any CPU
		{DEDF4176-E7D3-45D4-832D-A09E0BAEDD1C}.PRODUCT|x64.Build.0 = Release|Any CPU
		{DEDF4176-E7D3-45D4-832D-A09E0BAEDD1C}.PRODUCT|x86.ActiveCfg = Release|Any CPU
		{DEDF4176-E7D3-45D4-832D-A09E0BAEDD1C}.PRODUCT|x86.Build.0 = Release|Any CPU
		{DEDF4176-E7D3-45D4-832D-A09E0BAEDD1C}.Release|Any CPU.ActiveCfg = Release|Any CPU
		{DEDF4176-E7D3-45D4-832D-A09E0BAEDD1C}.Release|Any CPU.Build.0 = Release|Any CPU
		{DEDF4176-E7D3-45D4-832D-A09E0BAEDD1C}.Release|x64.ActiveCfg = Release|Any CPU
		{DEDF4176-E7D3-45D4-832D-A09E0BAEDD1C}.Release|x64.Build.0 = Release|Any CPU
		{DEDF4176-E7D3-45D4-832D-A09E0BAEDD1C}.Release|x86.ActiveCfg = Release|Any CPU
		{DEDF4176-E7D3-45D4-832D-A09E0BAEDD1C}.Release|x86.Build.0 = Release|Any CPU
		{F511FD68-6B01-4DA9-9920-C28B130A85FA}.Debug|Any CPU.ActiveCfg = Debug|Any CPU
		{F511FD68-6B01-4DA9-9920-C28B130A85FA}.Debug|Any CPU.Build.0 = Debug|Any CPU
		{F511FD68-6B01-4DA9-9920-C28B130A85FA}.Debug|x64.ActiveCfg = Debug|Any CPU
		{F511FD68-6B01-4DA9-9920-C28B130A85FA}.Debug|x64.Build.0 = Debug|Any CPU
		{F511FD68-6B01-4DA9-9920-C28B130A85FA}.Debug|x86.ActiveCfg = Debug|Any CPU
		{F511FD68-6B01-4DA9-9920-C28B130A85FA}.Debug|x86.Build.0 = Debug|Any CPU
		{F511FD68-6B01-4DA9-9920-C28B130A85FA}.PRODUCT|Any CPU.ActiveCfg = Release|Any CPU
		{F511FD68-6B01-4DA9-9920-C28B130A85FA}.PRODUCT|Any CPU.Build.0 = Release|Any CPU
		{F511FD68-6B01-4DA9-9920-C28B130A85FA}.PRODUCT|x64.ActiveCfg = Release|Any CPU
		{F511FD68-6B01-4DA9-9920-C28B130A85FA}.PRODUCT|x64.Build.0 = Release|Any CPU
		{F511FD68-6B01-4DA9-9920-C28B130A85FA}.PRODUCT|x86.ActiveCfg = Release|Any CPU
		{F511FD68-6B01-4DA9-9920-C28B130A85FA}.PRODUCT|x86.Build.0 = Release|Any CPU
		{F511FD68-6B01-4DA9-9920-C28B130A85FA}.Release|Any CPU.ActiveCfg = Release|Any CPU
		{F511FD68-6B01-4DA9-9920-C28B130A85FA}.Release|Any CPU.Build.0 = Release|Any CPU
		{F511FD68-6B01-4DA9-9920-C28B130A85FA}.Release|x64.ActiveCfg = Release|Any CPU
		{F511FD68-6B01-4DA9-9920-C28B130A85FA}.Release|x64.Build.0 = Release|Any CPU
		{F511FD68-6B01-4DA9-9920-C28B130A85FA}.Release|x86.ActiveCfg = Release|Any CPU
		{F511FD68-6B01-4DA9-9920-C28B130A85FA}.Release|x86.Build.0 = Release|Any CPU
		{F080AFD7-0A2F-4724-A652-7938DA84E87A}.Debug|Any CPU.ActiveCfg = Debug|Any CPU
		{F080AFD7-0A2F-4724-A652-7938DA84E87A}.Debug|Any CPU.Build.0 = Debug|Any CPU
		{F080AFD7-0A2F-4724-A652-7938DA84E87A}.Debug|x64.ActiveCfg = Debug|Any CPU
		{F080AFD7-0A2F-4724-A652-7938DA84E87A}.Debug|x64.Build.0 = Debug|Any CPU
		{F080AFD7-0A2F-4724-A652-7938DA84E87A}.Debug|x86.ActiveCfg = Debug|Any CPU
		{F080AFD7-0A2F-4724-A652-7938DA84E87A}.Debug|x86.Build.0 = Debug|Any CPU
		{F080AFD7-0A2F-4724-A652-7938DA84E87A}.PRODUCT|Any CPU.ActiveCfg = Release|Any CPU
		{F080AFD7-0A2F-4724-A652-7938DA84E87A}.PRODUCT|Any CPU.Build.0 = Release|Any CPU
		{F080AFD7-0A2F-4724-A652-7938DA84E87A}.PRODUCT|x64.ActiveCfg = Release|Any CPU
		{F080AFD7-0A2F-4724-A652-7938DA84E87A}.PRODUCT|x64.Build.0 = Release|Any CPU
		{F080AFD7-0A2F-4724-A652-7938DA84E87A}.PRODUCT|x86.ActiveCfg = Release|Any CPU
		{F080AFD7-0A2F-4724-A652-7938DA84E87A}.PRODUCT|x86.Build.0 = Release|Any CPU
		{F080AFD7-0A2F-4724-A652-7938DA84E87A}.Release|Any CPU.ActiveCfg = Release|Any CPU
		{F080AFD7-0A2F-4724-A652-7938DA84E87A}.Release|Any CPU.Build.0 = Release|Any CPU
		{F080AFD7-0A2F-4724-A652-7938DA84E87A}.Release|x64.ActiveCfg = Release|Any CPU
		{F080AFD7-0A2F-4724-A652-7938DA84E87A}.Release|x64.Build.0 = Release|Any CPU
		{F080AFD7-0A2F-4724-A652-7938DA84E87A}.Release|x86.ActiveCfg = Release|Any CPU
		{F080AFD7-0A2F-4724-A652-7938DA84E87A}.Release|x86.Build.0 = Release|Any CPU
		{7BC7F4BB-0245-4BB2-A38F-E22D0C718CA5}.Debug|Any CPU.ActiveCfg = Debug|Any CPU
		{7BC7F4BB-0245-4BB2-A38F-E22D0C718CA5}.Debug|Any CPU.Build.0 = Debug|Any CPU
		{7BC7F4BB-0245-4BB2-A38F-E22D0C718CA5}.Debug|x64.ActiveCfg = Debug|Any CPU
		{7BC7F4BB-0245-4BB2-A38F-E22D0C718CA5}.Debug|x64.Build.0 = Debug|Any CPU
		{7BC7F4BB-0245-4BB2-A38F-E22D0C718CA5}.Debug|x86.ActiveCfg = Debug|Any CPU
		{7BC7F4BB-0245-4BB2-A38F-E22D0C718CA5}.Debug|x86.Build.0 = Debug|Any CPU
		{7BC7F4BB-0245-4BB2-A38F-E22D0C718CA5}.PRODUCT|Any CPU.ActiveCfg = Release|Any CPU
		{7BC7F4BB-0245-4BB2-A38F-E22D0C718CA5}.PRODUCT|Any CPU.Build.0 = Release|Any CPU
		{7BC7F4BB-0245-4BB2-A38F-E22D0C718CA5}.PRODUCT|x64.ActiveCfg = Release|Any CPU
		{7BC7F4BB-0245-4BB2-A38F-E22D0C718CA5}.PRODUCT|x64.Build.0 = Release|Any CPU
		{7BC7F4BB-0245-4BB2-A38F-E22D0C718CA5}.PRODUCT|x86.ActiveCfg = Release|Any CPU
		{7BC7F4BB-0245-4BB2-A38F-E22D0C718CA5}.PRODUCT|x86.Build.0 = Release|Any CPU
		{7BC7F4BB-0245-4BB2-A38F-E22D0C718CA5}.Release|Any CPU.ActiveCfg = Release|Any CPU
		{7BC7F4BB-0245-4BB2-A38F-E22D0C718CA5}.Release|Any CPU.Build.0 = Release|Any CPU
		{7BC7F4BB-0245-4BB2-A38F-E22D0C718CA5}.Release|x64.ActiveCfg = Release|Any CPU
		{7BC7F4BB-0245-4BB2-A38F-E22D0C718CA5}.Release|x64.Build.0 = Release|Any CPU
		{7BC7F4BB-0245-4BB2-A38F-E22D0C718CA5}.Release|x86.ActiveCfg = Release|Any CPU
		{7BC7F4BB-0245-4BB2-A38F-E22D0C718CA5}.Release|x86.Build.0 = Release|Any CPU
	EndGlobalSection
	GlobalSection(SolutionProperties) = preSolution
		HideSolutionNode = FALSE
	EndGlobalSection
	GlobalSection(NestedProjects) = preSolution
		{3FFDC1E3-09BE-4456-BD70-5F38A81ED484} = {38731EF8-6E48-4823-A3B2-CAC835FCFF28}
		{9C490CB7-DBA1-4F9C-8E7A-80B0451FE484} = {38731EF8-6E48-4823-A3B2-CAC835FCFF28}
		{93A45A82-13FF-4539-87AE-D18CCE7F217F} = {3FFDC1E3-09BE-4456-BD70-5F38A81ED484}
		{5D81BA02-90C3-4CEA-83E9-E9867A945426} = {93A45A82-13FF-4539-87AE-D18CCE7F217F}
		{739A5790-B479-4E8E-B857-690EC053865D} = {32164094-8AAC-4094-87E7-9E82B5AB7FD0}
		{40868B28-982A-456D-ABAD-1EDD81C9CBCC} = {32164094-8AAC-4094-87E7-9E82B5AB7FD0}
		{9828EDE8-200D-468B-95BE-574F32ED22C2} = {40868B28-982A-456D-ABAD-1EDD81C9CBCC}
		{054DDDBF-2FD8-47B6-A083-537C394BF077} = {40868B28-982A-456D-ABAD-1EDD81C9CBCC}
		{6E86B1CA-DB35-4094-BF24-25DCFDC71A53} = {40868B28-982A-456D-ABAD-1EDD81C9CBCC}
		{4E5D41D3-C394-4C16-8690-7A6E1A62BCA8} = {6E86B1CA-DB35-4094-BF24-25DCFDC71A53}
		{F3FE565B-B00A-49A8-BD21-DF514774FF44} = {40868B28-982A-456D-ABAD-1EDD81C9CBCC}
		{2A432E55-5C11-4DA9-B8FB-CA0EE0898129} = {40868B28-982A-456D-ABAD-1EDD81C9CBCC}
		{853D287B-5D4B-4167-83A5-EEDBB1EEA448} = {6E86B1CA-DB35-4094-BF24-25DCFDC71A53}
		{DE6CFC43-5905-42A6-8CD2-0E0A8BCD0141} = {2A432E55-5C11-4DA9-B8FB-CA0EE0898129}
		{442E1F9A-068F-49CD-B54B-6B310B58A89E} = {93A45A82-13FF-4539-87AE-D18CCE7F217F}
		{414FAD91-80CE-4258-A0DE-876A75D66DA8} = {40868B28-982A-456D-ABAD-1EDD81C9CBCC}
		{02C56EE9-6FD4-4BDA-953E-947C2B1C5DE3} = {9C490CB7-DBA1-4F9C-8E7A-80B0451FE484}
		{5304F8DB-66DD-4CC5-B8B2-B0CB59747EC1} = {93A45A82-13FF-4539-87AE-D18CCE7F217F}
		{9A21FB45-8C9C-4717-B2AF-8901DBA704A9} = {2A432E55-5C11-4DA9-B8FB-CA0EE0898129}
		{0B975D84-7857-431D-8791-535758D0B051} = {40868B28-982A-456D-ABAD-1EDD81C9CBCC}
		{8F4FF035-86C7-452F-BE2D-ED2B5FFFC35A} = {40868B28-982A-456D-ABAD-1EDD81C9CBCC}
		{1E94DED3-40EF-4C44-AA12-67FCAA1121FD} = {2A432E55-5C11-4DA9-B8FB-CA0EE0898129}
		{DCC845F6-BE3B-4553-A4DE-E679FC69CD8E} = {40868B28-982A-456D-ABAD-1EDD81C9CBCC}
		{825711E0-451F-4EDA-9560-A624350DE411} = {6E86B1CA-DB35-4094-BF24-25DCFDC71A53}
		{0F4EE0D1-1642-4D97-89EC-3FD475298ECF} = {6E86B1CA-DB35-4094-BF24-25DCFDC71A53}
		{8BFAC410-9B24-4658-869A-49346756F6D1} = {2A432E55-5C11-4DA9-B8FB-CA0EE0898129}
		{5B5804CE-0652-4BD8-BCD0-E3C038AC9FEA} = {6E86B1CA-DB35-4094-BF24-25DCFDC71A53}
		{03E4A28D-708D-4EA0-8A78-BD059A8BDFC6} = {6E86B1CA-DB35-4094-BF24-25DCFDC71A53}
		{4A9C406E-BEA1-4470-B9D1-09605EAA44F3} = {6E86B1CA-DB35-4094-BF24-25DCFDC71A53}
		{73ADFEFB-0162-4C29-A679-9A8897F707B5} = {40868B28-982A-456D-ABAD-1EDD81C9CBCC}
		{DEDF4176-E7D3-45D4-832D-A09E0BAEDD1C} = {40868B28-982A-456D-ABAD-1EDD81C9CBCC}
		{F511FD68-6B01-4DA9-9920-C28B130A85FA} = {32164094-8AAC-4094-87E7-9E82B5AB7FD0}
		{F080AFD7-0A2F-4724-A652-7938DA84E87A} = {38731EF8-6E48-4823-A3B2-CAC835FCFF28}
		{7BC7F4BB-0245-4BB2-A38F-E22D0C718CA5} = {6E86B1CA-DB35-4094-BF24-25DCFDC71A53}
	EndGlobalSection
EndGlobal
