
Microsoft Visual Studio Solution File, Format Version 12.00
# Visual Studio 14
VisualStudioVersion = 14.0.25420.1
MinimumVisualStudioVersion = 10.0.40219.1
Project("{F2A71F9B-5D33-465A-A702-920D77279786}") = "Dsu.Common.Utilities.FS", "..\..\..\common\Dsu.Common.Utilities.FS\Dsu.Common.Utilities.FS.fsproj", "{4E5D41D3-C394-4C16-8690-7A6E1A62BCA8}"
EndProject
Project("{FAE04EC0-301F-11D3-BF4B-00C04F79EFBC}") = "Dsu.Common.Utilities.Core", "..\..\..\common\Dsu.Common.Utilities.Core\Dsu.Common.Utilities.Core.csproj", "{853D287B-5D4B-4167-83A5-EEDBB1EEA448}"
EndProject
Project("{F2A71F9B-5D33-465A-A702-920D77279786}") = "Dsu.Common.Utilities.ComputationExpressions.FS", "..\..\..\common\Dsu.Common.Utilities.ComputationExpressions.FS\Dsu.Common.Utilities.ComputationExpressions.FS.fsproj", "{7BC7F4BB-0245-4BB2-A38F-E22D0C718CA5}"
EndProject
Project("{F2A71F9B-5D33-465A-A702-920D77279786}") = "Dsu.Driver.NiDAQ.FS", "Dsu.Driver.NiDAQ.FS\Dsu.Driver.NiDAQ.FS.fsproj", "{414FAD91-80CE-4258-A0DE-876A75D66DA8}"
EndProject
Project("{F2A71F9B-5D33-465A-A702-920D77279786}") = "Dsu.Driver.Etc.FS", "Dsu.Driver.Etc.FS\Dsu.Driver.Etc.FS.fsproj", "{9828EDE8-200D-468B-95BE-574F32ED22C2}"
EndProject
Project("{F2A71F9B-5D33-465A-A702-920D77279786}") = "DriverTestConsoleApp.FS", "DriverTestConsoleApp.FS\DriverTestConsoleApp.FS.fsproj", "{56453D58-9F83-4A8A-9EC7-15F54AC5A07A}"
EndProject
Project("{FAE04EC0-301F-11D3-BF4B-00C04F79EFBC}") = "TestConsoleApplicationCS", "TestConsoleApplicationCS\TestConsoleApplicationCS.csproj", "{B980408B-8CEF-466F-997A-554CA39C27B2}"
EndProject
Project("{FAE04EC0-301F-11D3-BF4B-00C04F79EFBC}") = "Dsu.Driver.PaixWrapper", "Dsu.Driver.PaixWrapper\Dsu.Driver.PaixWrapper.csproj", "{F3FE565B-B00A-49A8-BD21-DF514774FF44}"
EndProject
Project("{FAE04EC0-301F-11D3-BF4B-00C04F79EFBC}") = "ContAcqVoltageSamples_IntClk.2010", "NIDAQSample\ContAcqVoltageSamples_IntClk.2010.csproj", "{CBAF6154-BF3C-4B0C-BFDC-6B40EC7FBD28}"
EndProject
Project("{2150E333-8FDC-42A3-9474-1A3956D46DE8}") = "Test DAQ", "Test DAQ", "{D54ECB39-33C5-4470-904E-475026D214C5}"
EndProject
Project("{F2A71F9B-5D33-465A-A702-920D77279786}") = "Dsu.Driver.Base.FS", "Dsu.Driver.Base.FS\Dsu.Driver.Base.FS.fsproj", "{054DDDBF-2FD8-47B6-A083-537C394BF077}"
EndProject
Project("{FAE04EC0-301F-11D3-BF4B-00C04F79EFBC}") = "Dsa.NiDaq.Explorer", "Dsa.NiDaq.Explorer\Dsa.NiDaq.Explorer.csproj", "{9A21FB45-8C9C-4717-B2AF-8901DBA704A9}"
EndProject
Project("{FAE04EC0-301F-11D3-BF4B-00C04F79EFBC}") = "Dsu.Driver.UI", "Dsu.Driver.UI\Dsu.Driver.UI.csproj", "{8F4FF035-86C7-452F-BE2D-ED2B5FFFC35A}"
EndProject
Project("{F2A71F9B-5D33-465A-A702-920D77279786}") = "Dsu.Driver.Math.FS", "Dsu.Driver.Math.FS\Dsu.Driver.Math.FS.fsproj", "{0B975D84-7857-431D-8791-535758D0B051}"
EndProject
Project("{FAE04EC0-301F-11D3-BF4B-00C04F79EFBC}") = "DriverTestWinform", "DriverTestWinform\DriverTestWinform.csproj", "{1E94DED3-40EF-4C44-AA12-67FCAA1121FD}"
EndProject
Project("{FAE04EC0-301F-11D3-BF4B-00C04F79EFBC}") = "Dsu.Common.Utilities", "..\..\..\common\Dsu.Common.Utilities\Dsu.Common.Utilities.csproj", "{825711E0-451F-4EDA-9560-A624350DE411}"
EndProject
Project("{FAE04EC0-301F-11D3-BF4B-00C04F79EFBC}") = "Dsu.Common.Resources", "..\..\..\common\Dsu.Common.Resources\Dsu.Common.Resources.csproj", "{5B5804CE-0652-4BD8-BCD0-E3C038AC9FEA}"
EndProject
Project("{FAE04EC0-301F-11D3-BF4B-00C04F79EFBC}") = "Dsu.Common.Utilities.DX", "..\..\..\common\Dsu.Common.Utilities.DX\Dsu.Common.Utilities.DX.csproj", "{0F4EE0D1-1642-4D97-89EC-3FD475298ECF}"
EndProject
Project("{FAE04EC0-301F-11D3-BF4B-00C04F79EFBC}") = "Dsa.PaixStopper", "Dsa.PaixStopper\Dsa.PaixStopper.csproj", "{8BFAC410-9B24-4658-869A-49346756F6D1}"
EndProject
Global
	GlobalSection(SolutionConfigurationPlatforms) = preSolution
		Debug|Any CPU = Debug|Any CPU
		Debug|x86 = Debug|x86
		PRODUCT|Any CPU = PRODUCT|Any CPU
		PRODUCT|x86 = PRODUCT|x86
		Release|Any CPU = Release|Any CPU
		Release|x86 = Release|x86
	EndGlobalSection
	GlobalSection(ProjectConfigurationPlatforms) = postSolution
		{4E5D41D3-C394-4C16-8690-7A6E1A62BCA8}.Debug|Any CPU.ActiveCfg = Debug|Any CPU
		{4E5D41D3-C394-4C16-8690-7A6E1A62BCA8}.Debug|Any CPU.Build.0 = Debug|Any CPU
		{4E5D41D3-C394-4C16-8690-7A6E1A62BCA8}.Debug|x86.ActiveCfg = Debug|Any CPU
		{4E5D41D3-C394-4C16-8690-7A6E1A62BCA8}.Debug|x86.Build.0 = Debug|Any CPU
		{4E5D41D3-C394-4C16-8690-7A6E1A62BCA8}.PRODUCT|Any CPU.ActiveCfg = Release|Any CPU
		{4E5D41D3-C394-4C16-8690-7A6E1A62BCA8}.PRODUCT|Any CPU.Build.0 = Release|Any CPU
		{4E5D41D3-C394-4C16-8690-7A6E1A62BCA8}.PRODUCT|x86.ActiveCfg = Release|Any CPU
		{4E5D41D3-C394-4C16-8690-7A6E1A62BCA8}.PRODUCT|x86.Build.0 = Release|Any CPU
		{4E5D41D3-C394-4C16-8690-7A6E1A62BCA8}.Release|Any CPU.ActiveCfg = Release|Any CPU
		{4E5D41D3-C394-4C16-8690-7A6E1A62BCA8}.Release|Any CPU.Build.0 = Release|Any CPU
		{4E5D41D3-C394-4C16-8690-7A6E1A62BCA8}.Release|x86.ActiveCfg = Release|Any CPU
		{4E5D41D3-C394-4C16-8690-7A6E1A62BCA8}.Release|x86.Build.0 = Release|Any CPU
		{853D287B-5D4B-4167-83A5-EEDBB1EEA448}.Debug|Any CPU.ActiveCfg = Debug|Any CPU
		{853D287B-5D4B-4167-83A5-EEDBB1EEA448}.Debug|Any CPU.Build.0 = Debug|Any CPU
		{853D287B-5D4B-4167-83A5-EEDBB1EEA448}.Debug|x86.ActiveCfg = Debug|Any CPU
		{853D287B-5D4B-4167-83A5-EEDBB1EEA448}.Debug|x86.Build.0 = Debug|Any CPU
		{853D287B-5D4B-4167-83A5-EEDBB1EEA448}.PRODUCT|Any CPU.ActiveCfg = Release|Any CPU
		{853D287B-5D4B-4167-83A5-EEDBB1EEA448}.PRODUCT|Any CPU.Build.0 = Release|Any CPU
		{853D287B-5D4B-4167-83A5-EEDBB1EEA448}.PRODUCT|x86.ActiveCfg = Release|Any CPU
		{853D287B-5D4B-4167-83A5-EEDBB1EEA448}.PRODUCT|x86.Build.0 = Release|Any CPU
		{853D287B-5D4B-4167-83A5-EEDBB1EEA448}.Release|Any CPU.ActiveCfg = Release|Any CPU
		{853D287B-5D4B-4167-83A5-EEDBB1EEA448}.Release|Any CPU.Build.0 = Release|Any CPU
		{853D287B-5D4B-4167-83A5-EEDBB1EEA448}.Release|x86.ActiveCfg = Release|Any CPU
		{853D287B-5D4B-4167-83A5-EEDBB1EEA448}.Release|x86.Build.0 = Release|Any CPU
		{7BC7F4BB-0245-4BB2-A38F-E22D0C718CA5}.Debug|Any CPU.ActiveCfg = Debug|Any CPU
		{7BC7F4BB-0245-4BB2-A38F-E22D0C718CA5}.Debug|Any CPU.Build.0 = Debug|Any CPU
		{7BC7F4BB-0245-4BB2-A38F-E22D0C718CA5}.Debug|x86.ActiveCfg = Debug|Any CPU
		{7BC7F4BB-0245-4BB2-A38F-E22D0C718CA5}.Debug|x86.Build.0 = Debug|Any CPU
		{7BC7F4BB-0245-4BB2-A38F-E22D0C718CA5}.PRODUCT|Any CPU.ActiveCfg = Release|Any CPU
		{7BC7F4BB-0245-4BB2-A38F-E22D0C718CA5}.PRODUCT|Any CPU.Build.0 = Release|Any CPU
		{7BC7F4BB-0245-4BB2-A38F-E22D0C718CA5}.PRODUCT|x86.ActiveCfg = Release|Any CPU
		{7BC7F4BB-0245-4BB2-A38F-E22D0C718CA5}.PRODUCT|x86.Build.0 = Release|Any CPU
		{7BC7F4BB-0245-4BB2-A38F-E22D0C718CA5}.Release|Any CPU.ActiveCfg = Release|Any CPU
		{7BC7F4BB-0245-4BB2-A38F-E22D0C718CA5}.Release|Any CPU.Build.0 = Release|Any CPU
		{7BC7F4BB-0245-4BB2-A38F-E22D0C718CA5}.Release|x86.ActiveCfg = Release|Any CPU
		{7BC7F4BB-0245-4BB2-A38F-E22D0C718CA5}.Release|x86.Build.0 = Release|Any CPU
		{414FAD91-80CE-4258-A0DE-876A75D66DA8}.Debug|Any CPU.ActiveCfg = Debug|Any CPU
		{414FAD91-80CE-4258-A0DE-876A75D66DA8}.Debug|Any CPU.Build.0 = Debug|Any CPU
		{414FAD91-80CE-4258-A0DE-876A75D66DA8}.Debug|x86.ActiveCfg = Debug|Any CPU
		{414FAD91-80CE-4258-A0DE-876A75D66DA8}.Debug|x86.Build.0 = Debug|Any CPU
		{414FAD91-80CE-4258-A0DE-876A75D66DA8}.PRODUCT|Any CPU.ActiveCfg = Release|Any CPU
		{414FAD91-80CE-4258-A0DE-876A75D66DA8}.PRODUCT|Any CPU.Build.0 = Release|Any CPU
		{414FAD91-80CE-4258-A0DE-876A75D66DA8}.PRODUCT|x86.ActiveCfg = Release|Any CPU
		{414FAD91-80CE-4258-A0DE-876A75D66DA8}.PRODUCT|x86.Build.0 = Release|Any CPU
		{414FAD91-80CE-4258-A0DE-876A75D66DA8}.Release|Any CPU.ActiveCfg = Release|Any CPU
		{414FAD91-80CE-4258-A0DE-876A75D66DA8}.Release|Any CPU.Build.0 = Release|Any CPU
		{414FAD91-80CE-4258-A0DE-876A75D66DA8}.Release|x86.ActiveCfg = Release|Any CPU
		{414FAD91-80CE-4258-A0DE-876A75D66DA8}.Release|x86.Build.0 = Release|Any CPU
		{9828EDE8-200D-468B-95BE-574F32ED22C2}.Debug|Any CPU.ActiveCfg = Debug|Any CPU
		{9828EDE8-200D-468B-95BE-574F32ED22C2}.Debug|Any CPU.Build.0 = Debug|Any CPU
		{9828EDE8-200D-468B-95BE-574F32ED22C2}.Debug|x86.ActiveCfg = Debug|Any CPU
		{9828EDE8-200D-468B-95BE-574F32ED22C2}.Debug|x86.Build.0 = Debug|Any CPU
		{9828EDE8-200D-468B-95BE-574F32ED22C2}.PRODUCT|Any CPU.ActiveCfg = Release|Any CPU
		{9828EDE8-200D-468B-95BE-574F32ED22C2}.PRODUCT|Any CPU.Build.0 = Release|Any CPU
		{9828EDE8-200D-468B-95BE-574F32ED22C2}.PRODUCT|x86.ActiveCfg = Release|Any CPU
		{9828EDE8-200D-468B-95BE-574F32ED22C2}.PRODUCT|x86.Build.0 = Release|Any CPU
		{9828EDE8-200D-468B-95BE-574F32ED22C2}.Release|Any CPU.ActiveCfg = Release|Any CPU
		{9828EDE8-200D-468B-95BE-574F32ED22C2}.Release|Any CPU.Build.0 = Release|Any CPU
		{9828EDE8-200D-468B-95BE-574F32ED22C2}.Release|x86.ActiveCfg = Release|Any CPU
		{9828EDE8-200D-468B-95BE-574F32ED22C2}.Release|x86.Build.0 = Release|Any CPU
		{56453D58-9F83-4A8A-9EC7-15F54AC5A07A}.Debug|Any CPU.ActiveCfg = Debug|Any CPU
		{56453D58-9F83-4A8A-9EC7-15F54AC5A07A}.Debug|Any CPU.Build.0 = Debug|Any CPU
		{56453D58-9F83-4A8A-9EC7-15F54AC5A07A}.Debug|x86.ActiveCfg = Debug|Any CPU
		{56453D58-9F83-4A8A-9EC7-15F54AC5A07A}.Debug|x86.Build.0 = Debug|Any CPU
		{56453D58-9F83-4A8A-9EC7-15F54AC5A07A}.PRODUCT|Any CPU.ActiveCfg = Release|Any CPU
		{56453D58-9F83-4A8A-9EC7-15F54AC5A07A}.PRODUCT|Any CPU.Build.0 = Release|Any CPU
		{56453D58-9F83-4A8A-9EC7-15F54AC5A07A}.PRODUCT|x86.ActiveCfg = Release|Any CPU
		{56453D58-9F83-4A8A-9EC7-15F54AC5A07A}.PRODUCT|x86.Build.0 = Release|Any CPU
		{56453D58-9F83-4A8A-9EC7-15F54AC5A07A}.Release|Any CPU.ActiveCfg = Release|Any CPU
		{56453D58-9F83-4A8A-9EC7-15F54AC5A07A}.Release|Any CPU.Build.0 = Release|Any CPU
		{56453D58-9F83-4A8A-9EC7-15F54AC5A07A}.Release|x86.ActiveCfg = Release|Any CPU
		{56453D58-9F83-4A8A-9EC7-15F54AC5A07A}.Release|x86.Build.0 = Release|Any CPU
		{B980408B-8CEF-466F-997A-554CA39C27B2}.Debug|Any CPU.ActiveCfg = Debug|Any CPU
		{B980408B-8CEF-466F-997A-554CA39C27B2}.Debug|Any CPU.Build.0 = Debug|Any CPU
		{B980408B-8CEF-466F-997A-554CA39C27B2}.Debug|x86.ActiveCfg = Debug|Any CPU
		{B980408B-8CEF-466F-997A-554CA39C27B2}.Debug|x86.Build.0 = Debug|Any CPU
		{B980408B-8CEF-466F-997A-554CA39C27B2}.PRODUCT|Any CPU.ActiveCfg = Release|Any CPU
		{B980408B-8CEF-466F-997A-554CA39C27B2}.PRODUCT|Any CPU.Build.0 = Release|Any CPU
		{B980408B-8CEF-466F-997A-554CA39C27B2}.PRODUCT|x86.ActiveCfg = Release|Any CPU
		{B980408B-8CEF-466F-997A-554CA39C27B2}.PRODUCT|x86.Build.0 = Release|Any CPU
		{B980408B-8CEF-466F-997A-554CA39C27B2}.Release|Any CPU.ActiveCfg = Release|Any CPU
		{B980408B-8CEF-466F-997A-554CA39C27B2}.Release|Any CPU.Build.0 = Release|Any CPU
		{B980408B-8CEF-466F-997A-554CA39C27B2}.Release|x86.ActiveCfg = Release|Any CPU
		{B980408B-8CEF-466F-997A-554CA39C27B2}.Release|x86.Build.0 = Release|Any CPU
		{F3FE565B-B00A-49A8-BD21-DF514774FF44}.Debug|Any CPU.ActiveCfg = Debug|Any CPU
		{F3FE565B-B00A-49A8-BD21-DF514774FF44}.Debug|Any CPU.Build.0 = Debug|Any CPU
		{F3FE565B-B00A-49A8-BD21-DF514774FF44}.Debug|x86.ActiveCfg = Debug|Any CPU
		{F3FE565B-B00A-49A8-BD21-DF514774FF44}.Debug|x86.Build.0 = Debug|Any CPU
		{F3FE565B-B00A-49A8-BD21-DF514774FF44}.PRODUCT|Any CPU.ActiveCfg = Release|Any CPU
		{F3FE565B-B00A-49A8-BD21-DF514774FF44}.PRODUCT|Any CPU.Build.0 = Release|Any CPU
		{F3FE565B-B00A-49A8-BD21-DF514774FF44}.PRODUCT|x86.ActiveCfg = Release|Any CPU
		{F3FE565B-B00A-49A8-BD21-DF514774FF44}.PRODUCT|x86.Build.0 = Release|Any CPU
		{F3FE565B-B00A-49A8-BD21-DF514774FF44}.Release|Any CPU.ActiveCfg = Release|Any CPU
		{F3FE565B-B00A-49A8-BD21-DF514774FF44}.Release|Any CPU.Build.0 = Release|Any CPU
		{F3FE565B-B00A-49A8-BD21-DF514774FF44}.Release|x86.ActiveCfg = Release|Any CPU
		{F3FE565B-B00A-49A8-BD21-DF514774FF44}.Release|x86.Build.0 = Release|Any CPU
		{CBAF6154-BF3C-4B0C-BFDC-6B40EC7FBD28}.Debug|Any CPU.ActiveCfg = Debug|Any CPU
		{CBAF6154-BF3C-4B0C-BFDC-6B40EC7FBD28}.Debug|x86.ActiveCfg = Debug|Any CPU
		{CBAF6154-BF3C-4B0C-BFDC-6B40EC7FBD28}.Debug|x86.Build.0 = Debug|Any CPU
		{CBAF6154-BF3C-4B0C-BFDC-6B40EC7FBD28}.PRODUCT|Any CPU.ActiveCfg = Release|Any CPU
		{CBAF6154-BF3C-4B0C-BFDC-6B40EC7FBD28}.PRODUCT|x86.ActiveCfg = Release|Any CPU
		{CBAF6154-BF3C-4B0C-BFDC-6B40EC7FBD28}.Release|Any CPU.ActiveCfg = Release|Any CPU
		{CBAF6154-BF3C-4B0C-BFDC-6B40EC7FBD28}.Release|Any CPU.Build.0 = Release|Any CPU
		{CBAF6154-BF3C-4B0C-BFDC-6B40EC7FBD28}.Release|x86.ActiveCfg = Release|Any CPU
		{CBAF6154-BF3C-4B0C-BFDC-6B40EC7FBD28}.Release|x86.Build.0 = Release|Any CPU
		{054DDDBF-2FD8-47B6-A083-537C394BF077}.Debug|Any CPU.ActiveCfg = Debug|Any CPU
		{054DDDBF-2FD8-47B6-A083-537C394BF077}.Debug|Any CPU.Build.0 = Debug|Any CPU
		{054DDDBF-2FD8-47B6-A083-537C394BF077}.Debug|x86.ActiveCfg = Debug|Any CPU
		{054DDDBF-2FD8-47B6-A083-537C394BF077}.Debug|x86.Build.0 = Debug|Any CPU
		{054DDDBF-2FD8-47B6-A083-537C394BF077}.PRODUCT|Any CPU.ActiveCfg = Release|Any CPU
		{054DDDBF-2FD8-47B6-A083-537C394BF077}.PRODUCT|Any CPU.Build.0 = Release|Any CPU
		{054DDDBF-2FD8-47B6-A083-537C394BF077}.PRODUCT|x86.ActiveCfg = Release|Any CPU
		{054DDDBF-2FD8-47B6-A083-537C394BF077}.PRODUCT|x86.Build.0 = Release|Any CPU
		{054DDDBF-2FD8-47B6-A083-537C394BF077}.Release|Any CPU.ActiveCfg = Release|Any CPU
		{054DDDBF-2FD8-47B6-A083-537C394BF077}.Release|Any CPU.Build.0 = Release|Any CPU
		{054DDDBF-2FD8-47B6-A083-537C394BF077}.Release|x86.ActiveCfg = Release|Any CPU
		{054DDDBF-2FD8-47B6-A083-537C394BF077}.Release|x86.Build.0 = Release|Any CPU
		{9A21FB45-8C9C-4717-B2AF-8901DBA704A9}.Debug|Any CPU.ActiveCfg = Debug|Any CPU
		{9A21FB45-8C9C-4717-B2AF-8901DBA704A9}.Debug|Any CPU.Build.0 = Debug|Any CPU
		{9A21FB45-8C9C-4717-B2AF-8901DBA704A9}.Debug|x86.ActiveCfg = Debug|Any CPU
		{9A21FB45-8C9C-4717-B2AF-8901DBA704A9}.Debug|x86.Build.0 = Debug|Any CPU
		{9A21FB45-8C9C-4717-B2AF-8901DBA704A9}.PRODUCT|Any CPU.ActiveCfg = Release|Any CPU
		{9A21FB45-8C9C-4717-B2AF-8901DBA704A9}.PRODUCT|Any CPU.Build.0 = Release|Any CPU
		{9A21FB45-8C9C-4717-B2AF-8901DBA704A9}.PRODUCT|x86.ActiveCfg = Release|Any CPU
		{9A21FB45-8C9C-4717-B2AF-8901DBA704A9}.PRODUCT|x86.Build.0 = Release|Any CPU
		{9A21FB45-8C9C-4717-B2AF-8901DBA704A9}.Release|Any CPU.ActiveCfg = Release|Any CPU
		{9A21FB45-8C9C-4717-B2AF-8901DBA704A9}.Release|Any CPU.Build.0 = Release|Any CPU
		{9A21FB45-8C9C-4717-B2AF-8901DBA704A9}.Release|x86.ActiveCfg = Release|Any CPU
		{9A21FB45-8C9C-4717-B2AF-8901DBA704A9}.Release|x86.Build.0 = Release|Any CPU
		{8F4FF035-86C7-452F-BE2D-ED2B5FFFC35A}.Debug|Any CPU.ActiveCfg = Debug|Any CPU
		{8F4FF035-86C7-452F-BE2D-ED2B5FFFC35A}.Debug|Any CPU.Build.0 = Debug|Any CPU
		{8F4FF035-86C7-452F-BE2D-ED2B5FFFC35A}.Debug|x86.ActiveCfg = Debug|Any CPU
		{8F4FF035-86C7-452F-BE2D-ED2B5FFFC35A}.Debug|x86.Build.0 = Debug|Any CPU
		{8F4FF035-86C7-452F-BE2D-ED2B5FFFC35A}.PRODUCT|Any CPU.ActiveCfg = Release|Any CPU
		{8F4FF035-86C7-452F-BE2D-ED2B5FFFC35A}.PRODUCT|Any CPU.Build.0 = Release|Any CPU
		{8F4FF035-86C7-452F-BE2D-ED2B5FFFC35A}.PRODUCT|x86.ActiveCfg = Release|Any CPU
		{8F4FF035-86C7-452F-BE2D-ED2B5FFFC35A}.PRODUCT|x86.Build.0 = Release|Any CPU
		{8F4FF035-86C7-452F-BE2D-ED2B5FFFC35A}.Release|Any CPU.ActiveCfg = Release|Any CPU
		{8F4FF035-86C7-452F-BE2D-ED2B5FFFC35A}.Release|Any CPU.Build.0 = Release|Any CPU
		{8F4FF035-86C7-452F-BE2D-ED2B5FFFC35A}.Release|x86.ActiveCfg = Release|Any CPU
		{8F4FF035-86C7-452F-BE2D-ED2B5FFFC35A}.Release|x86.Build.0 = Release|Any CPU
		{0B975D84-7857-431D-8791-535758D0B051}.Debug|Any CPU.ActiveCfg = Debug|Any CPU
		{0B975D84-7857-431D-8791-535758D0B051}.Debug|Any CPU.Build.0 = Debug|Any CPU
		{0B975D84-7857-431D-8791-535758D0B051}.Debug|x86.ActiveCfg = Debug|Any CPU
		{0B975D84-7857-431D-8791-535758D0B051}.Debug|x86.Build.0 = Debug|Any CPU
		{0B975D84-7857-431D-8791-535758D0B051}.PRODUCT|Any CPU.ActiveCfg = Release|Any CPU
		{0B975D84-7857-431D-8791-535758D0B051}.PRODUCT|Any CPU.Build.0 = Release|Any CPU
		{0B975D84-7857-431D-8791-535758D0B051}.PRODUCT|x86.ActiveCfg = Release|Any CPU
		{0B975D84-7857-431D-8791-535758D0B051}.PRODUCT|x86.Build.0 = Release|Any CPU
		{0B975D84-7857-431D-8791-535758D0B051}.Release|Any CPU.ActiveCfg = Release|Any CPU
		{0B975D84-7857-431D-8791-535758D0B051}.Release|Any CPU.Build.0 = Release|Any CPU
		{0B975D84-7857-431D-8791-535758D0B051}.Release|x86.ActiveCfg = Release|Any CPU
		{0B975D84-7857-431D-8791-535758D0B051}.Release|x86.Build.0 = Release|Any CPU
		{1E94DED3-40EF-4C44-AA12-67FCAA1121FD}.Debug|Any CPU.ActiveCfg = Debug|Any CPU
		{1E94DED3-40EF-4C44-AA12-67FCAA1121FD}.Debug|Any CPU.Build.0 = Debug|Any CPU
		{1E94DED3-40EF-4C44-AA12-67FCAA1121FD}.Debug|x86.ActiveCfg = Debug|Any CPU
		{1E94DED3-40EF-4C44-AA12-67FCAA1121FD}.Debug|x86.Build.0 = Debug|Any CPU
		{1E94DED3-40EF-4C44-AA12-67FCAA1121FD}.PRODUCT|Any CPU.ActiveCfg = Release|Any CPU
		{1E94DED3-40EF-4C44-AA12-67FCAA1121FD}.PRODUCT|Any CPU.Build.0 = Release|Any CPU
		{1E94DED3-40EF-4C44-AA12-67FCAA1121FD}.PRODUCT|x86.ActiveCfg = Release|Any CPU
		{1E94DED3-40EF-4C44-AA12-67FCAA1121FD}.PRODUCT|x86.Build.0 = Release|Any CPU
		{1E94DED3-40EF-4C44-AA12-67FCAA1121FD}.Release|Any CPU.ActiveCfg = Release|Any CPU
		{1E94DED3-40EF-4C44-AA12-67FCAA1121FD}.Release|Any CPU.Build.0 = Release|Any CPU
		{1E94DED3-40EF-4C44-AA12-67FCAA1121FD}.Release|x86.ActiveCfg = Release|Any CPU
		{1E94DED3-40EF-4C44-AA12-67FCAA1121FD}.Release|x86.Build.0 = Release|Any CPU
		{825711E0-451F-4EDA-9560-A624350DE411}.Debug|Any CPU.ActiveCfg = Debug|Any CPU
		{825711E0-451F-4EDA-9560-A624350DE411}.Debug|Any CPU.Build.0 = Debug|Any CPU
		{825711E0-451F-4EDA-9560-A624350DE411}.Debug|x86.ActiveCfg = Debug|Any CPU
		{825711E0-451F-4EDA-9560-A624350DE411}.Debug|x86.Build.0 = Debug|Any CPU
		{825711E0-451F-4EDA-9560-A624350DE411}.PRODUCT|Any CPU.ActiveCfg = PRODUCT|Any CPU
		{825711E0-451F-4EDA-9560-A624350DE411}.PRODUCT|Any CPU.Build.0 = PRODUCT|Any CPU
		{825711E0-451F-4EDA-9560-A624350DE411}.PRODUCT|x86.ActiveCfg = PRODUCT|Any CPU
		{825711E0-451F-4EDA-9560-A624350DE411}.PRODUCT|x86.Build.0 = PRODUCT|Any CPU
		{825711E0-451F-4EDA-9560-A624350DE411}.Release|Any CPU.ActiveCfg = Release|Any CPU
		{825711E0-451F-4EDA-9560-A624350DE411}.Release|Any CPU.Build.0 = Release|Any CPU
		{825711E0-451F-4EDA-9560-A624350DE411}.Release|x86.ActiveCfg = Release|Any CPU
		{825711E0-451F-4EDA-9560-A624350DE411}.Release|x86.Build.0 = Release|Any CPU
		{5B5804CE-0652-4BD8-BCD0-E3C038AC9FEA}.Debug|Any CPU.ActiveCfg = Debug|Any CPU
		{5B5804CE-0652-4BD8-BCD0-E3C038AC9FEA}.Debug|Any CPU.Build.0 = Debug|Any CPU
		{5B5804CE-0652-4BD8-BCD0-E3C038AC9FEA}.Debug|x86.ActiveCfg = Debug|Any CPU
		{5B5804CE-0652-4BD8-BCD0-E3C038AC9FEA}.Debug|x86.Build.0 = Debug|Any CPU
		{5B5804CE-0652-4BD8-BCD0-E3C038AC9FEA}.PRODUCT|Any CPU.ActiveCfg = PRODUCT|Any CPU
		{5B5804CE-0652-4BD8-BCD0-E3C038AC9FEA}.PRODUCT|Any CPU.Build.0 = PRODUCT|Any CPU
		{5B5804CE-0652-4BD8-BCD0-E3C038AC9FEA}.PRODUCT|x86.ActiveCfg = PRODUCT|Any CPU
		{5B5804CE-0652-4BD8-BCD0-E3C038AC9FEA}.PRODUCT|x86.Build.0 = PRODUCT|Any CPU
		{5B5804CE-0652-4BD8-BCD0-E3C038AC9FEA}.Release|Any CPU.ActiveCfg = Release|Any CPU
		{5B5804CE-0652-4BD8-BCD0-E3C038AC9FEA}.Release|Any CPU.Build.0 = Release|Any CPU
		{5B5804CE-0652-4BD8-BCD0-E3C038AC9FEA}.Release|x86.ActiveCfg = Release|Any CPU
		{5B5804CE-0652-4BD8-BCD0-E3C038AC9FEA}.Release|x86.Build.0 = Release|Any CPU
		{0F4EE0D1-1642-4D97-89EC-3FD475298ECF}.Debug|Any CPU.ActiveCfg = Debug|Any CPU
		{0F4EE0D1-1642-4D97-89EC-3FD475298ECF}.Debug|Any CPU.Build.0 = Debug|Any CPU
		{0F4EE0D1-1642-4D97-89EC-3FD475298ECF}.Debug|x86.ActiveCfg = Debug|Any CPU
		{0F4EE0D1-1642-4D97-89EC-3FD475298ECF}.Debug|x86.Build.0 = Debug|Any CPU
		{0F4EE0D1-1642-4D97-89EC-3FD475298ECF}.PRODUCT|Any CPU.ActiveCfg = PRODUCT|Any CPU
		{0F4EE0D1-1642-4D97-89EC-3FD475298ECF}.PRODUCT|Any CPU.Build.0 = PRODUCT|Any CPU
		{0F4EE0D1-1642-4D97-89EC-3FD475298ECF}.PRODUCT|x86.ActiveCfg = PRODUCT|Any CPU
		{0F4EE0D1-1642-4D97-89EC-3FD475298ECF}.PRODUCT|x86.Build.0 = PRODUCT|Any CPU
		{0F4EE0D1-1642-4D97-89EC-3FD475298ECF}.Release|Any CPU.ActiveCfg = Release|Any CPU
		{0F4EE0D1-1642-4D97-89EC-3FD475298ECF}.Release|Any CPU.Build.0 = Release|Any CPU
		{0F4EE0D1-1642-4D97-89EC-3FD475298ECF}.Release|x86.ActiveCfg = Release|Any CPU
		{0F4EE0D1-1642-4D97-89EC-3FD475298ECF}.Release|x86.Build.0 = Release|Any CPU
		{8BFAC410-9B24-4658-869A-49346756F6D1}.Debug|Any CPU.ActiveCfg = Debug|Any CPU
		{8BFAC410-9B24-4658-869A-49346756F6D1}.Debug|Any CPU.Build.0 = Debug|Any CPU
		{8BFAC410-9B24-4658-869A-49346756F6D1}.Debug|x86.ActiveCfg = Debug|Any CPU
		{8BFAC410-9B24-4658-869A-49346756F6D1}.Debug|x86.Build.0 = Debug|Any CPU
		{8BFAC410-9B24-4658-869A-49346756F6D1}.PRODUCT|Any CPU.ActiveCfg = Release|Any CPU
		{8BFAC410-9B24-4658-869A-49346756F6D1}.PRODUCT|Any CPU.Build.0 = Release|Any CPU
		{8BFAC410-9B24-4658-869A-49346756F6D1}.PRODUCT|x86.ActiveCfg = Release|Any CPU
		{8BFAC410-9B24-4658-869A-49346756F6D1}.PRODUCT|x86.Build.0 = Release|Any CPU
		{8BFAC410-9B24-4658-869A-49346756F6D1}.Release|Any CPU.ActiveCfg = Release|Any CPU
		{8BFAC410-9B24-4658-869A-49346756F6D1}.Release|Any CPU.Build.0 = Release|Any CPU
		{8BFAC410-9B24-4658-869A-49346756F6D1}.Release|x86.ActiveCfg = Release|Any CPU
		{8BFAC410-9B24-4658-869A-49346756F6D1}.Release|x86.Build.0 = Release|Any CPU
	EndGlobalSection
	GlobalSection(SolutionProperties) = preSolution
		HideSolutionNode = FALSE
	EndGlobalSection
	GlobalSection(NestedProjects) = preSolution
		{CBAF6154-BF3C-4B0C-BFDC-6B40EC7FBD28} = {D54ECB39-33C5-4470-904E-475026D214C5}
	EndGlobalSection
EndGlobal
