
Microsoft Visual Studio Solution File, Format Version 12.00
# Visual Studio 14
VisualStudioVersion = 14.0.25420.1
MinimumVisualStudioVersion = 10.0.40219.1
Project("{FAE04EC0-301F-11D3-BF4B-00C04F79EFBC}") = "Dsu.Common.CSScript", "Dsu.Common.CSScript.csproj", "{9A8B9AA3-10AD-48E3-98BC-0F074FDC331C}"
EndProject
Project("{FAE04EC0-301F-11D3-BF4B-00C04F79EFBC}") = "Dsu.Common.Interfaces", "..\Dsu.Common.Interfaces\Dsu.Common.Interfaces.csproj", "{4A9C406E-BEA1-4470-B9D1-09605EAA44F3}"
EndProject
Project("{FAE04EC0-301F-11D3-BF4B-00C04F79EFBC}") = "Dsu.Common.Utilities", "..\Dsu.Common.Utilities\Dsu.Common.Utilities.csproj", "{825711E0-451F-4EDA-9560-A624350DE411}"
EndProject
Project("{FAE04EC0-301F-11D3-BF4B-00C04F79EFBC}") = "Dsu.Common.Utilities.Core", "..\Dsu.Common.Utilities.Core\Dsu.Common.Utilities.Core.csproj", "{853D287B-5D4B-4167-83A5-EEDBB1EEA448}"
EndProject
Project("{FAE04EC0-301F-11D3-BF4B-00C04F79EFBC}") = "Dsu.Common.Resources", "..\Dsu.Common.Resources\Dsu.Common.Resources.csproj", "{5B5804CE-0652-4BD8-BCD0-E3C038AC9FEA}"
EndProject
Global
	GlobalSection(SolutionConfigurationPlatforms) = preSolution
		Debug|Any CPU = Debug|Any CPU
		PRODUCT|Any CPU = PRODUCT|Any CPU
		Release|Any CPU = Release|Any CPU
	EndGlobalSection
	GlobalSection(ProjectConfigurationPlatforms) = postSolution
		{9A8B9AA3-10AD-48E3-98BC-0F074FDC331C}.Debug|Any CPU.ActiveCfg = Debug|Any CPU
		{9A8B9AA3-10AD-48E3-98BC-0F074FDC331C}.Debug|Any CPU.Build.0 = Debug|Any CPU
		{9A8B9AA3-10AD-48E3-98BC-0F074FDC331C}.PRODUCT|Any CPU.ActiveCfg = Release|Any CPU
		{9A8B9AA3-10AD-48E3-98BC-0F074FDC331C}.PRODUCT|Any CPU.Build.0 = Release|Any CPU
		{9A8B9AA3-10AD-48E3-98BC-0F074FDC331C}.Release|Any CPU.ActiveCfg = Release|Any CPU
		{9A8B9AA3-10AD-48E3-98BC-0F074FDC331C}.Release|Any CPU.Build.0 = Release|Any CPU
		{4A9C406E-BEA1-4470-B9D1-09605EAA44F3}.Debug|Any CPU.ActiveCfg = Debug|Any CPU
		{4A9C406E-BEA1-4470-B9D1-09605EAA44F3}.Debug|Any CPU.Build.0 = Debug|Any CPU
		{4A9C406E-BEA1-4470-B9D1-09605EAA44F3}.PRODUCT|Any CPU.ActiveCfg = PRODUCT|Any CPU
		{4A9C406E-BEA1-4470-B9D1-09605EAA44F3}.PRODUCT|Any CPU.Build.0 = PRODUCT|Any CPU
		{4A9C406E-BEA1-4470-B9D1-09605EAA44F3}.Release|Any CPU.ActiveCfg = Release|Any CPU
		{4A9C406E-BEA1-4470-B9D1-09605EAA44F3}.Release|Any CPU.Build.0 = Release|Any CPU
		{825711E0-451F-4EDA-9560-A624350DE411}.Debug|Any CPU.ActiveCfg = Debug|Any CPU
		{825711E0-451F-4EDA-9560-A624350DE411}.Debug|Any CPU.Build.0 = Debug|Any CPU
		{825711E0-451F-4EDA-9560-A624350DE411}.PRODUCT|Any CPU.ActiveCfg = PRODUCT|Any CPU
		{825711E0-451F-4EDA-9560-A624350DE411}.PRODUCT|Any CPU.Build.0 = PRODUCT|Any CPU
		{825711E0-451F-4EDA-9560-A624350DE411}.Release|Any CPU.ActiveCfg = Release|Any CPU
		{825711E0-451F-4EDA-9560-A624350DE411}.Release|Any CPU.Build.0 = Release|Any CPU
		{853D287B-5D4B-4167-83A5-EEDBB1EEA448}.Debug|Any CPU.ActiveCfg = Debug|Any CPU
		{853D287B-5D4B-4167-83A5-EEDBB1EEA448}.Debug|Any CPU.Build.0 = Debug|Any CPU
		{853D287B-5D4B-4167-83A5-EEDBB1EEA448}.PRODUCT|Any CPU.ActiveCfg = Release|Any CPU
		{853D287B-5D4B-4167-83A5-EEDBB1EEA448}.PRODUCT|Any CPU.Build.0 = Release|Any CPU
		{853D287B-5D4B-4167-83A5-EEDBB1EEA448}.Release|Any CPU.ActiveCfg = Release|Any CPU
		{853D287B-5D4B-4167-83A5-EEDBB1EEA448}.Release|Any CPU.Build.0 = Release|Any CPU
		{5B5804CE-0652-4BD8-BCD0-E3C038AC9FEA}.Debug|Any CPU.ActiveCfg = Debug|Any CPU
		{5B5804CE-0652-4BD8-BCD0-E3C038AC9FEA}.Debug|Any CPU.Build.0 = Debug|Any CPU
		{5B5804CE-0652-4BD8-BCD0-E3C038AC9FEA}.PRODUCT|Any CPU.ActiveCfg = PRODUCT|Any CPU
		{5B5804CE-0652-4BD8-BCD0-E3C038AC9FEA}.PRODUCT|Any CPU.Build.0 = PRODUCT|Any CPU
		{5B5804CE-0652-4BD8-BCD0-E3C038AC9FEA}.Release|Any CPU.ActiveCfg = Release|Any CPU
		{5B5804CE-0652-4BD8-BCD0-E3C038AC9FEA}.Release|Any CPU.Build.0 = Release|Any CPU
	EndGlobalSection
	GlobalSection(SolutionProperties) = preSolution
		HideSolutionNode = FALSE
	EndGlobalSection
EndGlobal
