
Microsoft Visual Studio Solution File, Format Version 12.00
# Visual Studio 14
VisualStudioVersion = 14.0.25420.1
MinimumVisualStudioVersion = 10.0.40219.1
Project("{FAE04EC0-301F-11D3-BF4B-00C04F79EFBC}") = "ControlLogixNET", "ControlLogixNET\ControlLogixNET.csproj", "{9A6CFFE2-0C70-45A7-92FC-88DA9000E591}"
EndProject
Project("{FAE04EC0-301F-11D3-BF4B-00C04F79EFBC}") = "ICommon", "ICommon\ICommon.csproj", "{1E726BE8-F9B8-4A9B-B052-E0D9154F3896}"
EndProject
Project("{2150E333-8FDC-42A3-9474-1A3956D46DE8}") = "Examples", "Examples", "{3BBB1E40-64FC-46BD-92AA-2D7704C5095E}"
EndProject
Project("{FAE04EC0-301F-11D3-BF4B-00C04F79EFBC}") = "Processor", "Examples\Processor\Processor.csproj", "{54A5D090-5322-4087-8E92-4A5C5E8E194E}"
EndProject
Project("{FAE04EC0-301F-11D3-BF4B-00C04F79EFBC}") = "SimpleOperations", "Examples\SimpleOperations\SimpleOperations.csproj", "{E653D839-E72D-4B45-B6B3-754A8EF98AEE}"
EndProject
Project("{FAE04EC0-301F-11D3-BF4B-00C04F79EFBC}") = "TagGroups", "Examples\TagGroups\TagGroups.csproj", "{B8B61369-057F-4893-8C52-366BC8C09EBC}"
EndProject
Project("{FAE04EC0-301F-11D3-BF4B-00C04F79EFBC}") = "ArrayTags", "Examples\ArrayTags\ArrayTags.csproj", "{FA46ECC1-6E51-47FA-B025-A38BF75515B8}"
EndProject
Project("{FAE04EC0-301F-11D3-BF4B-00C04F79EFBC}") = "UserDefinedType", "Examples\UserDefinedType\UserDefinedType.csproj", "{C11608A6-1EC1-4859-9D42-B4A21FD9D5DD}"
EndProject
Project("{FAE04EC0-301F-11D3-BF4B-00C04F79EFBC}") = "StructureTags", "Examples\StructureTags\StructureTags.csproj", "{F9FF55D3-526E-46E7-B703-45E980FABA33}"
EndProject
Project("{FAE04EC0-301F-11D3-BF4B-00C04F79EFBC}") = "EIPNET", "EIPNET.csproj", "{EBFD810F-E29A-4FFB-9242-104334398717}"
EndProject
Global
	GlobalSection(SolutionConfigurationPlatforms) = preSolution
		Debug|Any CPU = Debug|Any CPU
		Debug|x64 = Debug|x64
		Release|Any CPU = Release|Any CPU
		Release|x64 = Release|x64
	EndGlobalSection
	GlobalSection(ProjectConfigurationPlatforms) = postSolution
		{9A6CFFE2-0C70-45A7-92FC-88DA9000E591}.Debug|Any CPU.ActiveCfg = Debug|Any CPU
		{9A6CFFE2-0C70-45A7-92FC-88DA9000E591}.Debug|Any CPU.Build.0 = Debug|Any CPU
		{9A6CFFE2-0C70-45A7-92FC-88DA9000E591}.Debug|x64.ActiveCfg = Debug|Any CPU
		{9A6CFFE2-0C70-45A7-92FC-88DA9000E591}.Debug|x64.Build.0 = Debug|Any CPU
		{9A6CFFE2-0C70-45A7-92FC-88DA9000E591}.Release|Any CPU.ActiveCfg = Release|Any CPU
		{9A6CFFE2-0C70-45A7-92FC-88DA9000E591}.Release|Any CPU.Build.0 = Release|Any CPU
		{9A6CFFE2-0C70-45A7-92FC-88DA9000E591}.Release|x64.ActiveCfg = Release|Any CPU
		{9A6CFFE2-0C70-45A7-92FC-88DA9000E591}.Release|x64.Build.0 = Release|Any CPU
		{1E726BE8-F9B8-4A9B-B052-E0D9154F3896}.Debug|Any CPU.ActiveCfg = Debug|Any CPU
		{1E726BE8-F9B8-4A9B-B052-E0D9154F3896}.Debug|Any CPU.Build.0 = Debug|Any CPU
		{1E726BE8-F9B8-4A9B-B052-E0D9154F3896}.Debug|x64.ActiveCfg = Debug|Any CPU
		{1E726BE8-F9B8-4A9B-B052-E0D9154F3896}.Debug|x64.Build.0 = Debug|Any CPU
		{1E726BE8-F9B8-4A9B-B052-E0D9154F3896}.Release|Any CPU.ActiveCfg = Release|Any CPU
		{1E726BE8-F9B8-4A9B-B052-E0D9154F3896}.Release|Any CPU.Build.0 = Release|Any CPU
		{1E726BE8-F9B8-4A9B-B052-E0D9154F3896}.Release|x64.ActiveCfg = Release|Any CPU
		{1E726BE8-F9B8-4A9B-B052-E0D9154F3896}.Release|x64.Build.0 = Release|Any CPU
		{54A5D090-5322-4087-8E92-4A5C5E8E194E}.Debug|Any CPU.ActiveCfg = Debug|x86
		{54A5D090-5322-4087-8E92-4A5C5E8E194E}.Debug|Any CPU.Build.0 = Debug|x86
		{54A5D090-5322-4087-8E92-4A5C5E8E194E}.Debug|x64.ActiveCfg = Debug|x86
		{54A5D090-5322-4087-8E92-4A5C5E8E194E}.Release|Any CPU.ActiveCfg = Release|x86
		{54A5D090-5322-4087-8E92-4A5C5E8E194E}.Release|Any CPU.Build.0 = Release|x86
		{54A5D090-5322-4087-8E92-4A5C5E8E194E}.Release|x64.ActiveCfg = Release|x86
		{E653D839-E72D-4B45-B6B3-754A8EF98AEE}.Debug|Any CPU.ActiveCfg = Debug|x86
		{E653D839-E72D-4B45-B6B3-754A8EF98AEE}.Debug|Any CPU.Build.0 = Debug|x86
		{E653D839-E72D-4B45-B6B3-754A8EF98AEE}.Debug|x64.ActiveCfg = Debug|x86
		{E653D839-E72D-4B45-B6B3-754A8EF98AEE}.Release|Any CPU.ActiveCfg = Release|x86
		{E653D839-E72D-4B45-B6B3-754A8EF98AEE}.Release|Any CPU.Build.0 = Release|x86
		{E653D839-E72D-4B45-B6B3-754A8EF98AEE}.Release|x64.ActiveCfg = Release|x86
		{B8B61369-057F-4893-8C52-366BC8C09EBC}.Debug|Any CPU.ActiveCfg = Debug|x86
		{B8B61369-057F-4893-8C52-366BC8C09EBC}.Debug|Any CPU.Build.0 = Debug|x86
		{B8B61369-057F-4893-8C52-366BC8C09EBC}.Debug|x64.ActiveCfg = Debug|x86
		{B8B61369-057F-4893-8C52-366BC8C09EBC}.Release|Any CPU.ActiveCfg = Release|x86
		{B8B61369-057F-4893-8C52-366BC8C09EBC}.Release|Any CPU.Build.0 = Release|x86
		{B8B61369-057F-4893-8C52-366BC8C09EBC}.Release|x64.ActiveCfg = Release|x86
		{FA46ECC1-6E51-47FA-B025-A38BF75515B8}.Debug|Any CPU.ActiveCfg = Debug|x86
		{FA46ECC1-6E51-47FA-B025-A38BF75515B8}.Debug|Any CPU.Build.0 = Debug|x86
		{FA46ECC1-6E51-47FA-B025-A38BF75515B8}.Debug|x64.ActiveCfg = Debug|x86
		{FA46ECC1-6E51-47FA-B025-A38BF75515B8}.Release|Any CPU.ActiveCfg = Release|x86
		{FA46ECC1-6E51-47FA-B025-A38BF75515B8}.Release|Any CPU.Build.0 = Release|x86
		{FA46ECC1-6E51-47FA-B025-A38BF75515B8}.Release|x64.ActiveCfg = Release|x86
		{C11608A6-1EC1-4859-9D42-B4A21FD9D5DD}.Debug|Any CPU.ActiveCfg = Debug|x86
		{C11608A6-1EC1-4859-9D42-B4A21FD9D5DD}.Debug|Any CPU.Build.0 = Debug|x86
		{C11608A6-1EC1-4859-9D42-B4A21FD9D5DD}.Debug|x64.ActiveCfg = Debug|x86
		{C11608A6-1EC1-4859-9D42-B4A21FD9D5DD}.Release|Any CPU.ActiveCfg = Release|x86
		{C11608A6-1EC1-4859-9D42-B4A21FD9D5DD}.Release|Any CPU.Build.0 = Release|x86
		{C11608A6-1EC1-4859-9D42-B4A21FD9D5DD}.Release|x64.ActiveCfg = Release|x86
		{F9FF55D3-526E-46E7-B703-45E980FABA33}.Debug|Any CPU.ActiveCfg = Debug|x86
		{F9FF55D3-526E-46E7-B703-45E980FABA33}.Debug|Any CPU.Build.0 = Debug|x86
		{F9FF55D3-526E-46E7-B703-45E980FABA33}.Debug|x64.ActiveCfg = Debug|x86
		{F9FF55D3-526E-46E7-B703-45E980FABA33}.Release|Any CPU.ActiveCfg = Release|x86
		{F9FF55D3-526E-46E7-B703-45E980FABA33}.Release|Any CPU.Build.0 = Release|x86
		{F9FF55D3-526E-46E7-B703-45E980FABA33}.Release|x64.ActiveCfg = Release|x86
		{EBFD810F-E29A-4FFB-9242-104334398717}.Debug|Any CPU.ActiveCfg = Debug|Any CPU
		{EBFD810F-E29A-4FFB-9242-104334398717}.Debug|Any CPU.Build.0 = Debug|Any CPU
		{EBFD810F-E29A-4FFB-9242-104334398717}.Debug|x64.ActiveCfg = Debug|Any CPU
		{EBFD810F-E29A-4FFB-9242-104334398717}.Debug|x64.Build.0 = Debug|Any CPU
		{EBFD810F-E29A-4FFB-9242-104334398717}.Release|Any CPU.ActiveCfg = Release|Any CPU
		{EBFD810F-E29A-4FFB-9242-104334398717}.Release|Any CPU.Build.0 = Release|Any CPU
		{EBFD810F-E29A-4FFB-9242-104334398717}.Release|x64.ActiveCfg = Release|Any CPU
		{EBFD810F-E29A-4FFB-9242-104334398717}.Release|x64.Build.0 = Release|Any CPU
	EndGlobalSection
	GlobalSection(SolutionProperties) = preSolution
		HideSolutionNode = FALSE
	EndGlobalSection
	GlobalSection(NestedProjects) = preSolution
		{54A5D090-5322-4087-8E92-4A5C5E8E194E} = {3BBB1E40-64FC-46BD-92AA-2D7704C5095E}
		{E653D839-E72D-4B45-B6B3-754A8EF98AEE} = {3BBB1E40-64FC-46BD-92AA-2D7704C5095E}
		{B8B61369-057F-4893-8C52-366BC8C09EBC} = {3BBB1E40-64FC-46BD-92AA-2D7704C5095E}
		{FA46ECC1-6E51-47FA-B025-A38BF75515B8} = {3BBB1E40-64FC-46BD-92AA-2D7704C5095E}
		{C11608A6-1EC1-4859-9D42-B4A21FD9D5DD} = {3BBB1E40-64FC-46BD-92AA-2D7704C5095E}
		{F9FF55D3-526E-46E7-B703-45E980FABA33} = {3BBB1E40-64FC-46BD-92AA-2D7704C5095E}
	EndGlobalSection
	GlobalSection(MonoDevelopProperties) = preSolution
		StartupItem = EIPNET\EIPNET.csproj
	EndGlobalSection
EndGlobal
